{
  "version": 4,
  "terraform_version": "1.14.6",
  "serial": 207,
  "lineage": "2c1ddd6f-2d7d-2384-ac7b-a9fcc471c0e0",
  "outputs": {
    "account_id": {
      "value": "280250685594",
      "type": "string"
    },
    "api_gateway_id": {
      "value": "l91194lhci",
      "type": "string"
    },
    "api_gateway_url": {
      "value": "https://l91194lhci.execute-api.eu-west-1.amazonaws.com/dev",
      "type": "string"
    },
    "cognito_domain": {
      "value": "accounting-copilot-280250685594",
      "type": "string"
    },
    "cognito_user_pool_client_id": {
      "value": "61u3hub5dftsntsh9o4tasis75",
      "type": "string"
    },
    "cognito_user_pool_id": {
      "value": "eu-west-1_dRl4wmfEE",
      "type": "string"
    },
    "documents_bucket_name": {
      "value": "accounting-copilot-documents-280250685594",
      "type": "string"
    },
    "dynamodb_table_name": {
      "value": "AccountingCopilot",
      "type": "string"
    },
    "lambda_execution_role_arn": {
      "value": "arn:aws:iam::280250685594:role/accounting-copilot-lambda-execution",
      "type": "string"
    },
    "region": {
      "value": "eu-west-1",
      "type": "string"
    },
    "sns_topic_arns": {
      "value": {
        "approval_reminders": "arn:aws:sns:eu-west-1:280250685594:accounting-copilot-approval-reminders",
        "ocr_failures": "arn:aws:sns:eu-west-1:280250685594:accounting-copilot-ocr-failures",
        "pending_approvals": "arn:aws:sns:eu-west-1:280250685594:accounting-copilot-pending-approvals",
        "unmatched_transactions": "arn:aws:sns:eu-west-1:280250685594:accounting-copilot-unmatched-transactions"
      },
      "type": [
        "object",
        {
          "approval_reminders": "string",
          "ocr_failures": "string",
          "pending_approvals": "string",
          "unmatched_transactions": "string"
        }
      ]
    },
    "step_functions_arn": {
      "value": "arn:aws:states:eu-west-1:280250685594:stateMachine:accounting-copilot-document-processing",
      "type": "string"
    },
    "website_bucket_name": {
      "value": "accounting-copilot-web-280250685594",
      "type": "string"
    },
    "website_url": {
      "value": "http://accounting-copilot-web-280250685594.s3-website-eu-west-1.amazonaws.com",
      "type": "string"
    }
  },
  "resources": [
    {
      "mode": "data",
      "type": "aws_caller_identity",
      "name": "current",
      "provider": "provider[\"registry.terraform.io/hashicorp/aws\"]",
      "instances": [
        {
          "schema_version": 0,
          "attributes": {
            "account_id": "280250685594",
            "arn": "arn:aws:iam::280250685594:user/Copilot-admin",
            "id": "280250685594",
            "user_id": "AIDAUCQB6DCNA3COL3VDY"
          },
          "sensitive_attributes": [],
          "identity_schema_version": 0
        }
      ]
    },
    {
      "mode": "data",
      "type": "aws_region",
      "name": "current",
      "provider": "provider[\"registry.terraform.io/hashicorp/aws\"]",
      "instances": [
        {
          "schema_version": 0,
          "attributes": {
            "description": "Europe (Ireland)",
            "endpoint": "ec2.eu-west-1.amazonaws.com",
            "id": "eu-west-1",
            "name": "eu-west-1"
          },
          "sensitive_attributes": [],
          "identity_schema_version": 0
        }
      ]
    },
    {
      "mode": "managed",
      "type": "aws_api_gateway_account",
      "name": "main",
      "provider": "provider[\"registry.terraform.io/hashicorp/aws\"]",
      "instances": [
        {
          "schema_version": 0,
          "attributes": {
            "api_key_version": "4",
            "cloudwatch_role_arn": "arn:aws:iam::280250685594:role/accounting-copilot-api-gateway-cloudwatch",
            "features": [
              "UsagePlans"
            ],
            "id": "api-gateway-account",
            "reset_on_delete": null,
            "throttle_settings": [
              {
                "burst_limit": 5000,
                "rate_limit": 10000
              }
            ]
          },
          "sensitive_attributes": [],
          "identity_schema_version": 0,
          "dependencies": [
            "aws_iam_role.api_gateway_cloudwatch"
          ]
        }
      ]
    },
    {
      "mode": "managed",
      "type": "aws_api_gateway_api_key",
      "name": "main",
      "provider": "provider[\"registry.terraform.io/hashicorp/aws\"]",
      "instances": [
        {
          "schema_version": 0,
          "attributes": {
            "arn": "arn:aws:apigateway:eu-west-1::/apikeys/lnjplx1nf5",
            "created_date": "2026-03-08T15:13:33Z",
            "customer_id": "",
            "description": "Managed by Terraform",
            "enabled": true,
            "id": "lnjplx1nf5",
            "last_updated_date": "2026-03-08T15:13:33Z",
            "name": "accounting-copilot-api-key",
            "tags": {
              "Environment": "dev",
              "Project": "AccountingCopilot"
            },
            "tags_all": {
              "Environment": "dev",
              "ManagedBy": "Terraform",
              "Project": "AccountingCopilot"
            },
            "value": "9aeYhBE7ML49XcFAlZSeJ2POCFxjwhJ8p1NG9m37"
          },
          "sensitive_attributes": [
            [
              {
                "type": "get_attr",
                "value": "value"
              }
            ]
          ],
          "identity_schema_version": 0,
          "private": "bnVsbA=="
        }
      ]
    },
    {
      "mode": "managed",
      "type": "aws_api_gateway_authorizer",
      "name": "cognito",
      "provider": "provider[\"registry.terraform.io/hashicorp/aws\"]",
      "instances": [
        {
          "schema_version": 0,
          "attributes": {
            "arn": "arn:aws:apigateway:eu-west-1::/restapis/l91194lhci/authorizers/iqmv5w",
            "authorizer_credentials": "",
            "authorizer_result_ttl_in_seconds": 300,
            "authorizer_uri": "",
            "id": "iqmv5w",
            "identity_source": "method.request.header.Authorization",
            "identity_validation_expression": "",
            "name": "accounting-copilot-cognito-authorizer",
            "provider_arns": [
              "arn:aws:cognito-idp:eu-west-1:280250685594:userpool/eu-west-1_dRl4wmfEE"
            ],
            "rest_api_id": "l91194lhci",
            "type": "COGNITO_USER_POOLS"
          },
          "sensitive_attributes": [],
          "identity_schema_version": 0,
          "private": "bnVsbA==",
          "dependencies": [
            "aws_api_gateway_rest_api.main",
            "aws_cognito_user_pool.main"
          ],
          "create_before_destroy": true
        }
      ]
    },
    {
      "mode": "managed",
      "type": "aws_api_gateway_deployment",
      "name": "main",
      "provider": "provider[\"registry.terraform.io/hashicorp/aws\"]",
      "instances": [
        {
          "schema_version": 0,
          "attributes": {
            "canary_settings": [],
            "created_date": "2026-03-08T16:45:54Z",
            "description": "",
            "execution_arn": "arn:aws:execute-api:eu-west-1:280250685594:l91194lhci/",
            "id": "aficbe",
            "invoke_url": "https://l91194lhci.execute-api.eu-west-1.amazonaws.com/",
            "rest_api_id": "l91194lhci",
            "stage_description": null,
            "stage_name": null,
            "triggers": {
              "redeployment": "433c63a3764e9b844a1b3855565eda802c367704"
            },
            "variables": null
          },
          "sensitive_attributes": [],
          "identity_schema_version": 0,
          "private": "bnVsbA==",
          "dependencies": [
            "aws_api_gateway_authorizer.cognito",
            "aws_api_gateway_integration.approvals_get",
            "aws_api_gateway_integration.approvals_post",
            "aws_api_gateway_integration.assistant_post",
            "aws_api_gateway_integration.audit_get",
            "aws_api_gateway_integration.cors_options",
            "aws_api_gateway_integration.dashboard_summary",
            "aws_api_gateway_integration.documents_get",
            "aws_api_gateway_integration.documents_post",
            "aws_api_gateway_integration.transactions_get",
            "aws_api_gateway_integration.transactions_post",
            "aws_api_gateway_integration_response.cors_options",
            "aws_api_gateway_method.approvals_get",
            "aws_api_gateway_method.approvals_post",
            "aws_api_gateway_method.assistant_post",
            "aws_api_gateway_method.audit_get",
            "aws_api_gateway_method.cors_options",
            "aws_api_gateway_method.dashboard_summary_get",
            "aws_api_gateway_method.documents_get",
            "aws_api_gateway_method.documents_post",
            "aws_api_gateway_method.transactions_get",
            "aws_api_gateway_method.transactions_post",
            "aws_api_gateway_method_response.cors_options",
            "aws_api_gateway_resource.approvals",
            "aws_api_gateway_resource.assistant",
            "aws_api_gateway_resource.audit",
            "aws_api_gateway_resource.dashboard",
            "aws_api_gateway_resource.dashboard_summary",
            "aws_api_gateway_resource.documents",
            "aws_api_gateway_resource.documents_upload",
            "aws_api_gateway_resource.transactions",
            "aws_api_gateway_rest_api.main",
            "aws_cognito_user_pool.main",
            "aws_dynamodb_table.main",
            "aws_iam_role.lambda_execution",
            "aws_lambda_function.approval_manager",
            "aws_lambda_function.audit_trail_api",
            "aws_lambda_function.dashboard_api",
            "aws_lambda_function.document_api",
            "aws_lambda_function.financial_assistant",
            "aws_lambda_function.transaction_api",
            "aws_s3_bucket.documents",
            "aws_sns_topic.pending_approvals",
            "data.aws_caller_identity.current"
          ],
          "create_before_destroy": true
        }
      ]
    },
    {
      "mode": "managed",
      "type": "aws_api_gateway_gateway_response",
      "name": "cors_4xx",
      "provider": "provider[\"registry.terraform.io/hashicorp/aws\"]",
      "instances": [
        {
          "schema_version": 0,
          "attributes": {
            "id": "aggr-l91194lhci-DEFAULT_4XX",
            "response_parameters": {
              "gatewayresponse.header.Access-Control-Allow-Headers": "'Content-Type,X-Amz-Date,Authorization,X-Api-Key,X-Amz-Security-Token'",
              "gatewayresponse.header.Access-Control-Allow-Methods": "'GET,OPTIONS,POST,PUT,DELETE'",
              "gatewayresponse.header.Access-Control-Allow-Origin": "'*'"
            },
            "response_templates": {
              "application/json": "{\"message\":$context.error.messageString}"
            },
            "response_type": "DEFAULT_4XX",
            "rest_api_id": "l91194lhci",
            "status_code": ""
          },
          "sensitive_attributes": [],
          "identity_schema_version": 0,
          "private": "bnVsbA==",
          "dependencies": [
            "aws_api_gateway_rest_api.main"
          ]
        }
      ]
    },
    {
      "mode": "managed",
      "type": "aws_api_gateway_gateway_response",
      "name": "cors_5xx",
      "provider": "provider[\"registry.terraform.io/hashicorp/aws\"]",
      "instances": [
        {
          "schema_version": 0,
          "attributes": {
            "id": "aggr-l91194lhci-DEFAULT_5XX",
            "response_parameters": {
              "gatewayresponse.header.Access-Control-Allow-Headers": "'Content-Type,X-Amz-Date,Authorization,X-Api-Key,X-Amz-Security-Token'",
              "gatewayresponse.header.Access-Control-Allow-Methods": "'GET,OPTIONS,POST,PUT,DELETE'",
              "gatewayresponse.header.Access-Control-Allow-Origin": "'*'"
            },
            "response_templates": {
              "application/json": "{\"message\":$context.error.messageString}"
            },
            "response_type": "DEFAULT_5XX",
            "rest_api_id": "l91194lhci",
            "status_code": ""
          },
          "sensitive_attributes": [],
          "identity_schema_version": 0,
          "private": "bnVsbA==",
          "dependencies": [
            "aws_api_gateway_rest_api.main"
          ]
        }
      ]
    },
    {
      "mode": "managed",
      "type": "aws_api_gateway_integration",
      "name": "approvals_get",
      "provider": "provider[\"registry.terraform.io/hashicorp/aws\"]",
      "instances": [
        {
          "schema_version": 0,
          "attributes": {
            "cache_key_parameters": [],
            "cache_namespace": "5faboj",
            "connection_id": "",
            "connection_type": "INTERNET",
            "content_handling": "",
            "credentials": "",
            "http_method": "GET",
            "id": "agi-l91194lhci-5faboj-GET",
            "integration_http_method": "POST",
            "passthrough_behavior": "WHEN_NO_MATCH",
            "request_parameters": {},
            "request_templates": {},
            "resource_id": "5faboj",
            "rest_api_id": "l91194lhci",
            "timeout_milliseconds": 29000,
            "tls_config": [],
            "type": "AWS_PROXY",
            "uri": "arn:aws:apigateway:eu-west-1:lambda:path/2015-03-31/functions/arn:aws:lambda:eu-west-1:280250685594:function:accounting-copilot-approval-manager/invocations"
          },
          "sensitive_attributes": [],
          "identity_schema_version": 0,
          "private": "bnVsbA==",
          "dependencies": [
            "aws_api_gateway_authorizer.cognito",
            "aws_api_gateway_method.approvals_get",
            "aws_api_gateway_resource.approvals",
            "aws_api_gateway_rest_api.main",
            "aws_cognito_user_pool.main",
            "aws_dynamodb_table.main",
            "aws_iam_role.lambda_execution",
            "aws_lambda_function.approval_manager",
            "aws_sns_topic.pending_approvals"
          ],
          "create_before_destroy": true
        }
      ]
    },
    {
      "mode": "managed",
      "type": "aws_api_gateway_integration",
      "name": "approvals_post",
      "provider": "provider[\"registry.terraform.io/hashicorp/aws\"]",
      "instances": [
        {
          "schema_version": 0,
          "attributes": {
            "cache_key_parameters": [],
            "cache_namespace": "5faboj",
            "connection_id": "",
            "connection_type": "INTERNET",
            "content_handling": "",
            "credentials": "",
            "http_method": "POST",
            "id": "agi-l91194lhci-5faboj-POST",
            "integration_http_method": "POST",
            "passthrough_behavior": "WHEN_NO_MATCH",
            "request_parameters": {},
            "request_templates": {},
            "resource_id": "5faboj",
            "rest_api_id": "l91194lhci",
            "timeout_milliseconds": 29000,
            "tls_config": [],
            "type": "AWS_PROXY",
            "uri": "arn:aws:apigateway:eu-west-1:lambda:path/2015-03-31/functions/arn:aws:lambda:eu-west-1:280250685594:function:accounting-copilot-approval-manager/invocations"
          },
          "sensitive_attributes": [],
          "identity_schema_version": 0,
          "private": "bnVsbA==",
          "dependencies": [
            "aws_api_gateway_authorizer.cognito",
            "aws_api_gateway_method.approvals_post",
            "aws_api_gateway_resource.approvals",
            "aws_api_gateway_rest_api.main",
            "aws_cognito_user_pool.main",
            "aws_dynamodb_table.main",
            "aws_iam_role.lambda_execution",
            "aws_lambda_function.approval_manager",
            "aws_sns_topic.pending_approvals"
          ],
          "create_before_destroy": true
        }
      ]
    },
    {
      "mode": "managed",
      "type": "aws_api_gateway_integration",
      "name": "assistant_post",
      "provider": "provider[\"registry.terraform.io/hashicorp/aws\"]",
      "instances": [
        {
          "schema_version": 0,
          "attributes": {
            "cache_key_parameters": [],
            "cache_namespace": "2xpypp",
            "connection_id": "",
            "connection_type": "INTERNET",
            "content_handling": "",
            "credentials": "",
            "http_method": "POST",
            "id": "agi-l91194lhci-2xpypp-POST",
            "integration_http_method": "POST",
            "passthrough_behavior": "WHEN_NO_MATCH",
            "request_parameters": {},
            "request_templates": {},
            "resource_id": "2xpypp",
            "rest_api_id": "l91194lhci",
            "timeout_milliseconds": 29000,
            "tls_config": [],
            "type": "AWS_PROXY",
            "uri": "arn:aws:apigateway:eu-west-1:lambda:path/2015-03-31/functions/arn:aws:lambda:eu-west-1:280250685594:function:accounting-copilot-financial-assistant/invocations"
          },
          "sensitive_attributes": [],
          "identity_schema_version": 0,
          "private": "bnVsbA==",
          "dependencies": [
            "aws_api_gateway_authorizer.cognito",
            "aws_api_gateway_method.assistant_post",
            "aws_api_gateway_resource.assistant",
            "aws_api_gateway_rest_api.main",
            "aws_cognito_user_pool.main",
            "aws_dynamodb_table.main",
            "aws_iam_role.lambda_execution",
            "aws_lambda_function.financial_assistant"
          ],
          "create_before_destroy": true
        }
      ]
    },
    {
      "mode": "managed",
      "type": "aws_api_gateway_integration",
      "name": "audit_get",
      "provider": "provider[\"registry.terraform.io/hashicorp/aws\"]",
      "instances": [
        {
          "schema_version": 0,
          "attributes": {
            "cache_key_parameters": [],
            "cache_namespace": "t9195f",
            "connection_id": "",
            "connection_type": "INTERNET",
            "content_handling": "",
            "credentials": "",
            "http_method": "GET",
            "id": "agi-l91194lhci-t9195f-GET",
            "integration_http_method": "POST",
            "passthrough_behavior": "WHEN_NO_MATCH",
            "request_parameters": {},
            "request_templates": {},
            "resource_id": "t9195f",
            "rest_api_id": "l91194lhci",
            "timeout_milliseconds": 29000,
            "tls_config": [],
            "type": "AWS_PROXY",
            "uri": "arn:aws:apigateway:eu-west-1:lambda:path/2015-03-31/functions/arn:aws:lambda:eu-west-1:280250685594:function:accounting-copilot-audit-trail-api/invocations"
          },
          "sensitive_attributes": [],
          "identity_schema_version": 0,
          "private": "bnVsbA==",
          "dependencies": [
            "aws_api_gateway_authorizer.cognito",
            "aws_api_gateway_method.audit_get",
            "aws_api_gateway_resource.audit",
            "aws_api_gateway_rest_api.main",
            "aws_cognito_user_pool.main",
            "aws_dynamodb_table.main",
            "aws_iam_role.lambda_execution",
            "aws_lambda_function.audit_trail_api"
          ],
          "create_before_destroy": true
        }
      ]
    },
    {
      "mode": "managed",
      "type": "aws_api_gateway_integration",
      "name": "cors_options",
      "provider": "provider[\"registry.terraform.io/hashicorp/aws\"]",
      "instances": [
        {
          "index_key": 0,
          "schema_version": 0,
          "attributes": {
            "cache_key_parameters": [],
            "cache_namespace": "0ihd4z",
            "connection_id": "",
            "connection_type": "INTERNET",
            "content_handling": "",
            "credentials": "",
            "http_method": "OPTIONS",
            "id": "agi-l91194lhci-0ihd4z-OPTIONS",
            "integration_http_method": "",
            "passthrough_behavior": "WHEN_NO_MATCH",
            "request_parameters": {},
            "request_templates": {
              "application/json": "{\"statusCode\": 200}"
            },
            "resource_id": "0ihd4z",
            "rest_api_id": "l91194lhci",
            "timeout_milliseconds": 29000,
            "tls_config": [],
            "type": "MOCK",
            "uri": ""
          },
          "sensitive_attributes": [],
          "identity_schema_version": 0,
          "private": "bnVsbA==",
          "dependencies": [
            "aws_api_gateway_method.cors_options",
            "aws_api_gateway_resource.approvals",
            "aws_api_gateway_resource.assistant",
            "aws_api_gateway_resource.audit",
            "aws_api_gateway_resource.dashboard",
            "aws_api_gateway_resource.dashboard_summary",
            "aws_api_gateway_resource.documents",
            "aws_api_gateway_resource.documents_upload",
            "aws_api_gateway_resource.transactions",
            "aws_api_gateway_rest_api.main"
          ],
          "create_before_destroy": true
        },
        {
          "index_key": 1,
          "schema_version": 0,
          "attributes": {
            "cache_key_parameters": [],
            "cache_namespace": "cz0qr8",
            "connection_id": "",
            "connection_type": "INTERNET",
            "content_handling": "",
            "credentials": "",
            "http_method": "OPTIONS",
            "id": "agi-l91194lhci-cz0qr8-OPTIONS",
            "integration_http_method": "",
            "passthrough_behavior": "WHEN_NO_MATCH",
            "request_parameters": {},
            "request_templates": {
              "application/json": "{\"statusCode\": 200}"
            },
            "resource_id": "cz0qr8",
            "rest_api_id": "l91194lhci",
            "timeout_milliseconds": 29000,
            "tls_config": [],
            "type": "MOCK",
            "uri": ""
          },
          "sensitive_attributes": [],
          "identity_schema_version": 0,
          "private": "bnVsbA==",
          "dependencies": [
            "aws_api_gateway_method.cors_options",
            "aws_api_gateway_resource.approvals",
            "aws_api_gateway_resource.assistant",
            "aws_api_gateway_resource.audit",
            "aws_api_gateway_resource.dashboard",
            "aws_api_gateway_resource.dashboard_summary",
            "aws_api_gateway_resource.documents",
            "aws_api_gateway_resource.documents_upload",
            "aws_api_gateway_resource.transactions",
            "aws_api_gateway_rest_api.main"
          ],
          "create_before_destroy": true
        },
        {
          "index_key": 2,
          "schema_version": 0,
          "attributes": {
            "cache_key_parameters": [],
            "cache_namespace": "8dcnf6",
            "connection_id": "",
            "connection_type": "INTERNET",
            "content_handling": "",
            "credentials": "",
            "http_method": "OPTIONS",
            "id": "agi-l91194lhci-8dcnf6-OPTIONS",
            "integration_http_method": "",
            "passthrough_behavior": "WHEN_NO_MATCH",
            "request_parameters": {},
            "request_templates": {
              "application/json": "{\"statusCode\": 200}"
            },
            "resource_id": "8dcnf6",
            "rest_api_id": "l91194lhci",
            "timeout_milliseconds": 29000,
            "tls_config": [],
            "type": "MOCK",
            "uri": ""
          },
          "sensitive_attributes": [],
          "identity_schema_version": 0,
          "private": "bnVsbA==",
          "dependencies": [
            "aws_api_gateway_method.cors_options",
            "aws_api_gateway_resource.approvals",
            "aws_api_gateway_resource.assistant",
            "aws_api_gateway_resource.audit",
            "aws_api_gateway_resource.dashboard",
            "aws_api_gateway_resource.dashboard_summary",
            "aws_api_gateway_resource.documents",
            "aws_api_gateway_resource.documents_upload",
            "aws_api_gateway_resource.transactions",
            "aws_api_gateway_rest_api.main"
          ],
          "create_before_destroy": true
        },
        {
          "index_key": 3,
          "schema_version": 0,
          "attributes": {
            "cache_key_parameters": [],
            "cache_namespace": "t9195f",
            "connection_id": "",
            "connection_type": "INTERNET",
            "content_handling": "",
            "credentials": "",
            "http_method": "OPTIONS",
            "id": "agi-l91194lhci-t9195f-OPTIONS",
            "integration_http_method": "",
            "passthrough_behavior": "WHEN_NO_MATCH",
            "request_parameters": {},
            "request_templates": {
              "application/json": "{\"statusCode\": 200}"
            },
            "resource_id": "t9195f",
            "rest_api_id": "l91194lhci",
            "timeout_milliseconds": 29000,
            "tls_config": [],
            "type": "MOCK",
            "uri": ""
          },
          "sensitive_attributes": [],
          "identity_schema_version": 0,
          "private": "bnVsbA==",
          "dependencies": [
            "aws_api_gateway_method.cors_options",
            "aws_api_gateway_resource.approvals",
            "aws_api_gateway_resource.assistant",
            "aws_api_gateway_resource.audit",
            "aws_api_gateway_resource.dashboard",
            "aws_api_gateway_resource.dashboard_summary",
            "aws_api_gateway_resource.documents",
            "aws_api_gateway_resource.documents_upload",
            "aws_api_gateway_resource.transactions",
            "aws_api_gateway_rest_api.main"
          ],
          "create_before_destroy": true
        }
      ]
    },
    {
      "mode": "managed",
      "type": "aws_api_gateway_integration",
      "name": "dashboard_summary",
      "provider": "provider[\"registry.terraform.io/hashicorp/aws\"]",
      "instances": [
        {
          "schema_version": 0,
          "attributes": {
            "cache_key_parameters": [],
            "cache_namespace": "0ihd4z",
            "connection_id": "",
            "connection_type": "INTERNET",
            "content_handling": "",
            "credentials": "",
            "http_method": "GET",
            "id": "agi-l91194lhci-0ihd4z-GET",
            "integration_http_method": "POST",
            "passthrough_behavior": "WHEN_NO_MATCH",
            "request_parameters": {},
            "request_templates": {},
            "resource_id": "0ihd4z",
            "rest_api_id": "l91194lhci",
            "timeout_milliseconds": 29000,
            "tls_config": [],
            "type": "AWS_PROXY",
            "uri": "arn:aws:apigateway:eu-west-1:lambda:path/2015-03-31/functions/arn:aws:lambda:eu-west-1:280250685594:function:accounting-copilot-dashboard-api/invocations"
          },
          "sensitive_attributes": [],
          "identity_schema_version": 0,
          "private": "bnVsbA==",
          "dependencies": [
            "aws_api_gateway_authorizer.cognito",
            "aws_api_gateway_method.dashboard_summary_get",
            "aws_api_gateway_resource.dashboard",
            "aws_api_gateway_resource.dashboard_summary",
            "aws_api_gateway_rest_api.main",
            "aws_cognito_user_pool.main",
            "aws_dynamodb_table.main",
            "aws_iam_role.lambda_execution",
            "aws_lambda_function.dashboard_api"
          ],
          "create_before_destroy": true
        }
      ]
    },
    {
      "mode": "managed",
      "type": "aws_api_gateway_integration",
      "name": "documents_get",
      "provider": "provider[\"registry.terraform.io/hashicorp/aws\"]",
      "instances": [
        {
          "schema_version": 0,
          "attributes": {
            "cache_key_parameters": [],
            "cache_namespace": "8dcnf6",
            "connection_id": "",
            "connection_type": "INTERNET",
            "content_handling": "",
            "credentials": "",
            "http_method": "GET",
            "id": "agi-l91194lhci-8dcnf6-GET",
            "integration_http_method": "POST",
            "passthrough_behavior": "WHEN_NO_MATCH",
            "request_parameters": {},
            "request_templates": {},
            "resource_id": "8dcnf6",
            "rest_api_id": "l91194lhci",
            "timeout_milliseconds": 29000,
            "tls_config": [],
            "type": "AWS_PROXY",
            "uri": "arn:aws:apigateway:eu-west-1:lambda:path/2015-03-31/functions/arn:aws:lambda:eu-west-1:280250685594:function:accounting-copilot-document-api/invocations"
          },
          "sensitive_attributes": [],
          "identity_schema_version": 0,
          "private": "bnVsbA==",
          "dependencies": [
            "aws_api_gateway_authorizer.cognito",
            "aws_api_gateway_method.documents_get",
            "aws_api_gateway_resource.documents",
            "aws_api_gateway_rest_api.main",
            "aws_cognito_user_pool.main",
            "aws_dynamodb_table.main",
            "aws_iam_role.lambda_execution",
            "aws_lambda_function.document_api",
            "aws_s3_bucket.documents",
            "data.aws_caller_identity.current"
          ],
          "create_before_destroy": true
        }
      ]
    },
    {
      "mode": "managed",
      "type": "aws_api_gateway_integration",
      "name": "documents_post",
      "provider": "provider[\"registry.terraform.io/hashicorp/aws\"]",
      "instances": [
        {
          "schema_version": 0,
          "attributes": {
            "cache_key_parameters": [],
            "cache_namespace": "8dcnf6",
            "connection_id": "",
            "connection_type": "INTERNET",
            "content_handling": "",
            "credentials": "",
            "http_method": "POST",
            "id": "agi-l91194lhci-8dcnf6-POST",
            "integration_http_method": "POST",
            "passthrough_behavior": "WHEN_NO_MATCH",
            "request_parameters": {},
            "request_templates": {},
            "resource_id": "8dcnf6",
            "rest_api_id": "l91194lhci",
            "timeout_milliseconds": 29000,
            "tls_config": [],
            "type": "AWS_PROXY",
            "uri": "arn:aws:apigateway:eu-west-1:lambda:path/2015-03-31/functions/arn:aws:lambda:eu-west-1:280250685594:function:accounting-copilot-document-api/invocations"
          },
          "sensitive_attributes": [],
          "identity_schema_version": 0,
          "private": "bnVsbA==",
          "dependencies": [
            "aws_api_gateway_authorizer.cognito",
            "aws_api_gateway_method.documents_post",
            "aws_api_gateway_resource.documents",
            "aws_api_gateway_rest_api.main",
            "aws_cognito_user_pool.main",
            "aws_dynamodb_table.main",
            "aws_iam_role.lambda_execution",
            "aws_lambda_function.document_api",
            "aws_s3_bucket.documents",
            "data.aws_caller_identity.current"
          ],
          "create_before_destroy": true
        }
      ]
    },
    {
      "mode": "managed",
      "type": "aws_api_gateway_integration",
      "name": "documents_upload",
      "provider": "provider[\"registry.terraform.io/hashicorp/aws\"]",
      "instances": [
        {
          "schema_version": 0,
          "attributes": {
            "cache_key_parameters": [],
            "cache_namespace": "62nzav",
            "connection_id": "",
            "connection_type": "INTERNET",
            "content_handling": "",
            "credentials": "",
            "http_method": "POST",
            "id": "agi-l91194lhci-62nzav-POST",
            "integration_http_method": "POST",
            "passthrough_behavior": "WHEN_NO_MATCH",
            "request_parameters": {},
            "request_templates": {},
            "resource_id": "62nzav",
            "rest_api_id": "l91194lhci",
            "timeout_milliseconds": 29000,
            "tls_config": [],
            "type": "AWS_PROXY",
            "uri": "arn:aws:apigateway:eu-west-1:lambda:path/2015-03-31/functions/arn:aws:lambda:eu-west-1:280250685594:function:accounting-copilot-document-upload-handler/invocations"
          },
          "sensitive_attributes": [],
          "identity_schema_version": 0,
          "private": "bnVsbA==",
          "dependencies": [
            "aws_api_gateway_authorizer.cognito",
            "aws_api_gateway_method.documents_upload_post",
            "aws_api_gateway_resource.documents",
            "aws_api_gateway_resource.documents_upload",
            "aws_api_gateway_rest_api.main",
            "aws_cloudwatch_log_group.step_functions",
            "aws_cognito_user_pool.main",
            "aws_dynamodb_table.main",
            "aws_iam_role.lambda_execution",
            "aws_iam_role.step_functions",
            "aws_lambda_function.document_upload_handler",
            "aws_s3_bucket.documents",
            "aws_sfn_state_machine.document_processing",
            "aws_sns_topic.ocr_failures",
            "aws_sns_topic.pending_approvals",
            "data.aws_caller_identity.current"
          ]
        }
      ]
    },
    {
      "mode": "managed",
      "type": "aws_api_gateway_integration",
      "name": "transactions_get",
      "provider": "provider[\"registry.terraform.io/hashicorp/aws\"]",
      "instances": [
        {
          "schema_version": 0,
          "attributes": {
            "cache_key_parameters": [],
            "cache_namespace": "cz0qr8",
            "connection_id": "",
            "connection_type": "INTERNET",
            "content_handling": "",
            "credentials": "",
            "http_method": "GET",
            "id": "agi-l91194lhci-cz0qr8-GET",
            "integration_http_method": "POST",
            "passthrough_behavior": "WHEN_NO_MATCH",
            "request_parameters": {},
            "request_templates": {},
            "resource_id": "cz0qr8",
            "rest_api_id": "l91194lhci",
            "timeout_milliseconds": 29000,
            "tls_config": [],
            "type": "AWS_PROXY",
            "uri": "arn:aws:apigateway:eu-west-1:lambda:path/2015-03-31/functions/arn:aws:lambda:eu-west-1:280250685594:function:accounting-copilot-transaction-api/invocations"
          },
          "sensitive_attributes": [],
          "identity_schema_version": 0,
          "private": "bnVsbA==",
          "dependencies": [
            "aws_api_gateway_authorizer.cognito",
            "aws_api_gateway_method.transactions_get",
            "aws_api_gateway_resource.transactions",
            "aws_api_gateway_rest_api.main",
            "aws_cognito_user_pool.main",
            "aws_dynamodb_table.main",
            "aws_iam_role.lambda_execution",
            "aws_lambda_function.transaction_api"
          ],
          "create_before_destroy": true
        }
      ]
    },
    {
      "mode": "managed",
      "type": "aws_api_gateway_integration",
      "name": "transactions_post",
      "provider": "provider[\"registry.terraform.io/hashicorp/aws\"]",
      "instances": [
        {
          "schema_version": 0,
          "attributes": {
            "cache_key_parameters": [],
            "cache_namespace": "cz0qr8",
            "connection_id": "",
            "connection_type": "INTERNET",
            "content_handling": "",
            "credentials": "",
            "http_method": "POST",
            "id": "agi-l91194lhci-cz0qr8-POST",
            "integration_http_method": "POST",
            "passthrough_behavior": "WHEN_NO_MATCH",
            "request_parameters": {},
            "request_templates": {},
            "resource_id": "cz0qr8",
            "rest_api_id": "l91194lhci",
            "timeout_milliseconds": 29000,
            "tls_config": [],
            "type": "AWS_PROXY",
            "uri": "arn:aws:apigateway:eu-west-1:lambda:path/2015-03-31/functions/arn:aws:lambda:eu-west-1:280250685594:function:accounting-copilot-transaction-api/invocations"
          },
          "sensitive_attributes": [],
          "identity_schema_version": 0,
          "private": "bnVsbA==",
          "dependencies": [
            "aws_api_gateway_authorizer.cognito",
            "aws_api_gateway_method.transactions_post",
            "aws_api_gateway_resource.transactions",
            "aws_api_gateway_rest_api.main",
            "aws_cognito_user_pool.main",
            "aws_dynamodb_table.main",
            "aws_iam_role.lambda_execution",
            "aws_lambda_function.transaction_api"
          ],
          "create_before_destroy": true
        }
      ]
    },
    {
      "mode": "managed",
      "type": "aws_api_gateway_integration_response",
      "name": "cors_options",
      "provider": "provider[\"registry.terraform.io/hashicorp/aws\"]",
      "instances": [
        {
          "index_key": 0,
          "schema_version": 0,
          "attributes": {
            "content_handling": "",
            "http_method": "OPTIONS",
            "id": "agir-l91194lhci-0ihd4z-OPTIONS-200",
            "resource_id": "0ihd4z",
            "response_parameters": {
              "method.response.header.Access-Control-Allow-Headers": "'Content-Type,X-Amz-Date,Authorization,X-Api-Key,X-Amz-Security-Token'",
              "method.response.header.Access-Control-Allow-Methods": "'GET,OPTIONS,POST,PUT,DELETE'",
              "method.response.header.Access-Control-Allow-Origin": "'*'"
            },
            "response_templates": {},
            "rest_api_id": "l91194lhci",
            "selection_pattern": "",
            "status_code": "200"
          },
          "sensitive_attributes": [],
          "identity_schema_version": 0,
          "private": "bnVsbA==",
          "dependencies": [
            "aws_api_gateway_integration.cors_options",
            "aws_api_gateway_method.cors_options",
            "aws_api_gateway_method_response.cors_options",
            "aws_api_gateway_resource.approvals",
            "aws_api_gateway_resource.assistant",
            "aws_api_gateway_resource.audit",
            "aws_api_gateway_resource.dashboard",
            "aws_api_gateway_resource.dashboard_summary",
            "aws_api_gateway_resource.documents",
            "aws_api_gateway_resource.documents_upload",
            "aws_api_gateway_resource.transactions",
            "aws_api_gateway_rest_api.main"
          ],
          "create_before_destroy": true
        },
        {
          "index_key": 1,
          "schema_version": 0,
          "attributes": {
            "content_handling": "",
            "http_method": "OPTIONS",
            "id": "agir-l91194lhci-cz0qr8-OPTIONS-200",
            "resource_id": "cz0qr8",
            "response_parameters": {
              "method.response.header.Access-Control-Allow-Headers": "'Content-Type,X-Amz-Date,Authorization,X-Api-Key,X-Amz-Security-Token'",
              "method.response.header.Access-Control-Allow-Methods": "'GET,OPTIONS,POST,PUT,DELETE'",
              "method.response.header.Access-Control-Allow-Origin": "'*'"
            },
            "response_templates": {},
            "rest_api_id": "l91194lhci",
            "selection_pattern": "",
            "status_code": "200"
          },
          "sensitive_attributes": [],
          "identity_schema_version": 0,
          "private": "bnVsbA==",
          "dependencies": [
            "aws_api_gateway_integration.cors_options",
            "aws_api_gateway_method.cors_options",
            "aws_api_gateway_method_response.cors_options",
            "aws_api_gateway_resource.approvals",
            "aws_api_gateway_resource.assistant",
            "aws_api_gateway_resource.audit",
            "aws_api_gateway_resource.dashboard",
            "aws_api_gateway_resource.dashboard_summary",
            "aws_api_gateway_resource.documents",
            "aws_api_gateway_resource.documents_upload",
            "aws_api_gateway_resource.transactions",
            "aws_api_gateway_rest_api.main"
          ],
          "create_before_destroy": true
        },
        {
          "index_key": 2,
          "schema_version": 0,
          "attributes": {
            "content_handling": "",
            "http_method": "OPTIONS",
            "id": "agir-l91194lhci-8dcnf6-OPTIONS-200",
            "resource_id": "8dcnf6",
            "response_parameters": {
              "method.response.header.Access-Control-Allow-Headers": "'Content-Type,X-Amz-Date,Authorization,X-Api-Key,X-Amz-Security-Token'",
              "method.response.header.Access-Control-Allow-Methods": "'GET,OPTIONS,POST,PUT,DELETE'",
              "method.response.header.Access-Control-Allow-Origin": "'*'"
            },
            "response_templates": {},
            "rest_api_id": "l91194lhci",
            "selection_pattern": "",
            "status_code": "200"
          },
          "sensitive_attributes": [],
          "identity_schema_version": 0,
          "private": "bnVsbA==",
          "dependencies": [
            "aws_api_gateway_integration.cors_options",
            "aws_api_gateway_method.cors_options",
            "aws_api_gateway_method_response.cors_options",
            "aws_api_gateway_resource.approvals",
            "aws_api_gateway_resource.assistant",
            "aws_api_gateway_resource.audit",
            "aws_api_gateway_resource.dashboard",
            "aws_api_gateway_resource.dashboard_summary",
            "aws_api_gateway_resource.documents",
            "aws_api_gateway_resource.documents_upload",
            "aws_api_gateway_resource.transactions",
            "aws_api_gateway_rest_api.main"
          ],
          "create_before_destroy": true
        },
        {
          "index_key": 3,
          "schema_version": 0,
          "attributes": {
            "content_handling": "",
            "http_method": "OPTIONS",
            "id": "agir-l91194lhci-t9195f-OPTIONS-200",
            "resource_id": "t9195f",
            "response_parameters": {
              "method.response.header.Access-Control-Allow-Headers": "'Content-Type,X-Amz-Date,Authorization,X-Api-Key,X-Amz-Security-Token'",
              "method.response.header.Access-Control-Allow-Methods": "'GET,OPTIONS,POST,PUT,DELETE'",
              "method.response.header.Access-Control-Allow-Origin": "'*'"
            },
            "response_templates": {},
            "rest_api_id": "l91194lhci",
            "selection_pattern": "",
            "status_code": "200"
          },
          "sensitive_attributes": [],
          "identity_schema_version": 0,
          "private": "bnVsbA==",
          "dependencies": [
            "aws_api_gateway_integration.cors_options",
            "aws_api_gateway_method.cors_options",
            "aws_api_gateway_method_response.cors_options",
            "aws_api_gateway_resource.approvals",
            "aws_api_gateway_resource.assistant",
            "aws_api_gateway_resource.audit",
            "aws_api_gateway_resource.dashboard",
            "aws_api_gateway_resource.dashboard_summary",
            "aws_api_gateway_resource.documents",
            "aws_api_gateway_resource.documents_upload",
            "aws_api_gateway_resource.transactions",
            "aws_api_gateway_rest_api.main"
          ],
          "create_before_destroy": true
        }
      ]
    },
    {
      "mode": "managed",
      "type": "aws_api_gateway_method",
      "name": "approvals_get",
      "provider": "provider[\"registry.terraform.io/hashicorp/aws\"]",
      "instances": [
        {
          "schema_version": 0,
          "attributes": {
            "api_key_required": false,
            "authorization": "COGNITO_USER_POOLS",
            "authorization_scopes": [],
            "authorizer_id": "iqmv5w",
            "http_method": "GET",
            "id": "agm-l91194lhci-5faboj-GET",
            "operation_name": "",
            "request_models": {},
            "request_parameters": {},
            "request_validator_id": "",
            "resource_id": "5faboj",
            "rest_api_id": "l91194lhci"
          },
          "sensitive_attributes": [],
          "identity_schema_version": 0,
          "private": "bnVsbA==",
          "dependencies": [
            "aws_api_gateway_authorizer.cognito",
            "aws_api_gateway_resource.approvals",
            "aws_api_gateway_rest_api.main",
            "aws_cognito_user_pool.main"
          ],
          "create_before_destroy": true
        }
      ]
    },
    {
      "mode": "managed",
      "type": "aws_api_gateway_method",
      "name": "approvals_post",
      "provider": "provider[\"registry.terraform.io/hashicorp/aws\"]",
      "instances": [
        {
          "schema_version": 0,
          "attributes": {
            "api_key_required": false,
            "authorization": "COGNITO_USER_POOLS",
            "authorization_scopes": [],
            "authorizer_id": "iqmv5w",
            "http_method": "POST",
            "id": "agm-l91194lhci-5faboj-POST",
            "operation_name": "",
            "request_models": {},
            "request_parameters": {},
            "request_validator_id": "",
            "resource_id": "5faboj",
            "rest_api_id": "l91194lhci"
          },
          "sensitive_attributes": [],
          "identity_schema_version": 0,
          "private": "bnVsbA==",
          "dependencies": [
            "aws_api_gateway_authorizer.cognito",
            "aws_api_gateway_resource.approvals",
            "aws_api_gateway_rest_api.main",
            "aws_cognito_user_pool.main"
          ],
          "create_before_destroy": true
        }
      ]
    },
    {
      "mode": "managed",
      "type": "aws_api_gateway_method",
      "name": "assistant_post",
      "provider": "provider[\"registry.terraform.io/hashicorp/aws\"]",
      "instances": [
        {
          "schema_version": 0,
          "attributes": {
            "api_key_required": false,
            "authorization": "COGNITO_USER_POOLS",
            "authorization_scopes": [],
            "authorizer_id": "iqmv5w",
            "http_method": "POST",
            "id": "agm-l91194lhci-2xpypp-POST",
            "operation_name": "",
            "request_models": {},
            "request_parameters": {},
            "request_validator_id": "",
            "resource_id": "2xpypp",
            "rest_api_id": "l91194lhci"
          },
          "sensitive_attributes": [],
          "identity_schema_version": 0,
          "private": "bnVsbA==",
          "dependencies": [
            "aws_api_gateway_authorizer.cognito",
            "aws_api_gateway_resource.assistant",
            "aws_api_gateway_rest_api.main",
            "aws_cognito_user_pool.main"
          ],
          "create_before_destroy": true
        }
      ]
    },
    {
      "mode": "managed",
      "type": "aws_api_gateway_method",
      "name": "audit_get",
      "provider": "provider[\"registry.terraform.io/hashicorp/aws\"]",
      "instances": [
        {
          "schema_version": 0,
          "attributes": {
            "api_key_required": false,
            "authorization": "COGNITO_USER_POOLS",
            "authorization_scopes": [],
            "authorizer_id": "iqmv5w",
            "http_method": "GET",
            "id": "agm-l91194lhci-t9195f-GET",
            "operation_name": "",
            "request_models": {},
            "request_parameters": {},
            "request_validator_id": "",
            "resource_id": "t9195f",
            "rest_api_id": "l91194lhci"
          },
          "sensitive_attributes": [],
          "identity_schema_version": 0,
          "private": "bnVsbA==",
          "dependencies": [
            "aws_api_gateway_authorizer.cognito",
            "aws_api_gateway_resource.audit",
            "aws_api_gateway_rest_api.main",
            "aws_cognito_user_pool.main"
          ],
          "create_before_destroy": true
        }
      ]
    },
    {
      "mode": "managed",
      "type": "aws_api_gateway_method",
      "name": "cors_options",
      "provider": "provider[\"registry.terraform.io/hashicorp/aws\"]",
      "instances": [
        {
          "index_key": 0,
          "schema_version": 0,
          "attributes": {
            "api_key_required": false,
            "authorization": "NONE",
            "authorization_scopes": [],
            "authorizer_id": "",
            "http_method": "OPTIONS",
            "id": "agm-l91194lhci-0ihd4z-OPTIONS",
            "operation_name": "",
            "request_models": {},
            "request_parameters": {},
            "request_validator_id": "",
            "resource_id": "0ihd4z",
            "rest_api_id": "l91194lhci"
          },
          "sensitive_attributes": [],
          "identity_schema_version": 0,
          "private": "bnVsbA==",
          "dependencies": [
            "aws_api_gateway_resource.approvals",
            "aws_api_gateway_resource.assistant",
            "aws_api_gateway_resource.audit",
            "aws_api_gateway_resource.dashboard",
            "aws_api_gateway_resource.dashboard_summary",
            "aws_api_gateway_resource.documents",
            "aws_api_gateway_resource.documents_upload",
            "aws_api_gateway_resource.transactions",
            "aws_api_gateway_rest_api.main"
          ],
          "create_before_destroy": true
        },
        {
          "index_key": 1,
          "schema_version": 0,
          "attributes": {
            "api_key_required": false,
            "authorization": "NONE",
            "authorization_scopes": [],
            "authorizer_id": "",
            "http_method": "OPTIONS",
            "id": "agm-l91194lhci-cz0qr8-OPTIONS",
            "operation_name": "",
            "request_models": {},
            "request_parameters": {},
            "request_validator_id": "",
            "resource_id": "cz0qr8",
            "rest_api_id": "l91194lhci"
          },
          "sensitive_attributes": [],
          "identity_schema_version": 0,
          "private": "bnVsbA==",
          "dependencies": [
            "aws_api_gateway_resource.approvals",
            "aws_api_gateway_resource.assistant",
            "aws_api_gateway_resource.audit",
            "aws_api_gateway_resource.dashboard",
            "aws_api_gateway_resource.dashboard_summary",
            "aws_api_gateway_resource.documents",
            "aws_api_gateway_resource.documents_upload",
            "aws_api_gateway_resource.transactions",
            "aws_api_gateway_rest_api.main"
          ],
          "create_before_destroy": true
        },
        {
          "index_key": 2,
          "schema_version": 0,
          "attributes": {
            "api_key_required": false,
            "authorization": "NONE",
            "authorization_scopes": [],
            "authorizer_id": "",
            "http_method": "OPTIONS",
            "id": "agm-l91194lhci-8dcnf6-OPTIONS",
            "operation_name": "",
            "request_models": {},
            "request_parameters": {},
            "request_validator_id": "",
            "resource_id": "8dcnf6",
            "rest_api_id": "l91194lhci"
          },
          "sensitive_attributes": [],
          "identity_schema_version": 0,
          "private": "bnVsbA==",
          "dependencies": [
            "aws_api_gateway_resource.approvals",
            "aws_api_gateway_resource.assistant",
            "aws_api_gateway_resource.audit",
            "aws_api_gateway_resource.dashboard",
            "aws_api_gateway_resource.dashboard_summary",
            "aws_api_gateway_resource.documents",
            "aws_api_gateway_resource.documents_upload",
            "aws_api_gateway_resource.transactions",
            "aws_api_gateway_rest_api.main"
          ],
          "create_before_destroy": true
        },
        {
          "index_key": 3,
          "schema_version": 0,
          "attributes": {
            "api_key_required": false,
            "authorization": "NONE",
            "authorization_scopes": [],
            "authorizer_id": "",
            "http_method": "OPTIONS",
            "id": "agm-l91194lhci-62nzav-OPTIONS",
            "operation_name": "",
            "request_models": {},
            "request_parameters": {},
            "request_validator_id": "",
            "resource_id": "62nzav",
            "rest_api_id": "l91194lhci"
          },
          "sensitive_attributes": [],
          "identity_schema_version": 0,
          "private": "bnVsbA==",
          "dependencies": [
            "aws_api_gateway_resource.approvals",
            "aws_api_gateway_resource.assistant",
            "aws_api_gateway_resource.audit",
            "aws_api_gateway_resource.dashboard",
            "aws_api_gateway_resource.dashboard_summary",
            "aws_api_gateway_resource.documents",
            "aws_api_gateway_resource.documents_upload",
            "aws_api_gateway_resource.transactions",
            "aws_api_gateway_rest_api.main"
          ],
          "create_before_destroy": true
        },
        {
          "index_key": 3,
          "deposed": "394a03d4",
          "schema_version": 0,
          "attributes": {
            "api_key_required": false,
            "authorization": "NONE",
            "authorization_scopes": [],
            "authorizer_id": "",
            "http_method": "OPTIONS",
            "id": "agm-l91194lhci-t9195f-OPTIONS",
            "operation_name": "",
            "request_models": {},
            "request_parameters": {},
            "request_validator_id": "",
            "resource_id": "t9195f",
            "rest_api_id": "l91194lhci"
          },
          "sensitive_attributes": [],
          "identity_schema_version": 0,
          "private": "bnVsbA==",
          "dependencies": [
            "aws_api_gateway_resource.approvals",
            "aws_api_gateway_resource.assistant",
            "aws_api_gateway_resource.audit",
            "aws_api_gateway_resource.dashboard",
            "aws_api_gateway_resource.dashboard_summary",
            "aws_api_gateway_resource.documents",
            "aws_api_gateway_resource.documents_upload",
            "aws_api_gateway_resource.transactions",
            "aws_api_gateway_rest_api.main"
          ],
          "create_before_destroy": true
        },
        {
          "index_key": 4,
          "schema_version": 0,
          "attributes": {
            "api_key_required": false,
            "authorization": "NONE",
            "authorization_scopes": [],
            "authorizer_id": "",
            "http_method": "OPTIONS",
            "id": "agm-l91194lhci-t9195f-OPTIONS",
            "operation_name": "",
            "request_models": {},
            "request_parameters": {},
            "request_validator_id": "",
            "resource_id": "t9195f",
            "rest_api_id": "l91194lhci"
          },
          "sensitive_attributes": [],
          "identity_schema_version": 0,
          "private": "eyJzY2hlbWFfdmVyc2lvbiI6IjAifQ=="
        }
      ]
    },
    {
      "mode": "managed",
      "type": "aws_api_gateway_method",
      "name": "dashboard_summary_get",
      "provider": "provider[\"registry.terraform.io/hashicorp/aws\"]",
      "instances": [
        {
          "schema_version": 0,
          "attributes": {
            "api_key_required": false,
            "authorization": "COGNITO_USER_POOLS",
            "authorization_scopes": [],
            "authorizer_id": "iqmv5w",
            "http_method": "GET",
            "id": "agm-l91194lhci-0ihd4z-GET",
            "operation_name": "",
            "request_models": {},
            "request_parameters": {},
            "request_validator_id": "",
            "resource_id": "0ihd4z",
            "rest_api_id": "l91194lhci"
          },
          "sensitive_attributes": [],
          "identity_schema_version": 0,
          "private": "bnVsbA==",
          "dependencies": [
            "aws_api_gateway_authorizer.cognito",
            "aws_api_gateway_resource.dashboard",
            "aws_api_gateway_resource.dashboard_summary",
            "aws_api_gateway_rest_api.main",
            "aws_cognito_user_pool.main"
          ],
          "create_before_destroy": true
        }
      ]
    },
    {
      "mode": "managed",
      "type": "aws_api_gateway_method",
      "name": "documents_get",
      "provider": "provider[\"registry.terraform.io/hashicorp/aws\"]",
      "instances": [
        {
          "schema_version": 0,
          "attributes": {
            "api_key_required": false,
            "authorization": "COGNITO_USER_POOLS",
            "authorization_scopes": [],
            "authorizer_id": "iqmv5w",
            "http_method": "GET",
            "id": "agm-l91194lhci-8dcnf6-GET",
            "operation_name": "",
            "request_models": {},
            "request_parameters": {},
            "request_validator_id": "",
            "resource_id": "8dcnf6",
            "rest_api_id": "l91194lhci"
          },
          "sensitive_attributes": [],
          "identity_schema_version": 0,
          "private": "bnVsbA==",
          "dependencies": [
            "aws_api_gateway_authorizer.cognito",
            "aws_api_gateway_resource.documents",
            "aws_api_gateway_rest_api.main",
            "aws_cognito_user_pool.main"
          ],
          "create_before_destroy": true
        }
      ]
    },
    {
      "mode": "managed",
      "type": "aws_api_gateway_method",
      "name": "documents_post",
      "provider": "provider[\"registry.terraform.io/hashicorp/aws\"]",
      "instances": [
        {
          "schema_version": 0,
          "attributes": {
            "api_key_required": false,
            "authorization": "COGNITO_USER_POOLS",
            "authorization_scopes": [],
            "authorizer_id": "iqmv5w",
            "http_method": "POST",
            "id": "agm-l91194lhci-8dcnf6-POST",
            "operation_name": "",
            "request_models": {},
            "request_parameters": {},
            "request_validator_id": "",
            "resource_id": "8dcnf6",
            "rest_api_id": "l91194lhci"
          },
          "sensitive_attributes": [],
          "identity_schema_version": 0,
          "private": "bnVsbA==",
          "dependencies": [
            "aws_api_gateway_authorizer.cognito",
            "aws_api_gateway_resource.documents",
            "aws_api_gateway_rest_api.main",
            "aws_cognito_user_pool.main"
          ],
          "create_before_destroy": true
        }
      ]
    },
    {
      "mode": "managed",
      "type": "aws_api_gateway_method",
      "name": "documents_upload_post",
      "provider": "provider[\"registry.terraform.io/hashicorp/aws\"]",
      "instances": [
        {
          "schema_version": 0,
          "attributes": {
            "api_key_required": false,
            "authorization": "COGNITO_USER_POOLS",
            "authorization_scopes": [],
            "authorizer_id": "iqmv5w",
            "http_method": "POST",
            "id": "agm-l91194lhci-62nzav-POST",
            "operation_name": "",
            "request_models": {},
            "request_parameters": {},
            "request_validator_id": "",
            "resource_id": "62nzav",
            "rest_api_id": "l91194lhci"
          },
          "sensitive_attributes": [],
          "identity_schema_version": 0,
          "private": "bnVsbA==",
          "dependencies": [
            "aws_api_gateway_authorizer.cognito",
            "aws_api_gateway_resource.documents",
            "aws_api_gateway_resource.documents_upload",
            "aws_api_gateway_rest_api.main",
            "aws_cognito_user_pool.main"
          ]
        }
      ]
    },
    {
      "mode": "managed",
      "type": "aws_api_gateway_method",
      "name": "transactions_get",
      "provider": "provider[\"registry.terraform.io/hashicorp/aws\"]",
      "instances": [
        {
          "schema_version": 0,
          "attributes": {
            "api_key_required": false,
            "authorization": "COGNITO_USER_POOLS",
            "authorization_scopes": [],
            "authorizer_id": "iqmv5w",
            "http_method": "GET",
            "id": "agm-l91194lhci-cz0qr8-GET",
            "operation_name": "",
            "request_models": {},
            "request_parameters": {},
            "request_validator_id": "",
            "resource_id": "cz0qr8",
            "rest_api_id": "l91194lhci"
          },
          "sensitive_attributes": [],
          "identity_schema_version": 0,
          "private": "bnVsbA==",
          "dependencies": [
            "aws_api_gateway_authorizer.cognito",
            "aws_api_gateway_resource.transactions",
            "aws_api_gateway_rest_api.main",
            "aws_cognito_user_pool.main"
          ],
          "create_before_destroy": true
        }
      ]
    },
    {
      "mode": "managed",
      "type": "aws_api_gateway_method",
      "name": "transactions_post",
      "provider": "provider[\"registry.terraform.io/hashicorp/aws\"]",
      "instances": [
        {
          "schema_version": 0,
          "attributes": {
            "api_key_required": false,
            "authorization": "COGNITO_USER_POOLS",
            "authorization_scopes": [],
            "authorizer_id": "iqmv5w",
            "http_method": "POST",
            "id": "agm-l91194lhci-cz0qr8-POST",
            "operation_name": "",
            "request_models": {},
            "request_parameters": {},
            "request_validator_id": "",
            "resource_id": "cz0qr8",
            "rest_api_id": "l91194lhci"
          },
          "sensitive_attributes": [],
          "identity_schema_version": 0,
          "private": "bnVsbA==",
          "dependencies": [
            "aws_api_gateway_authorizer.cognito",
            "aws_api_gateway_resource.transactions",
            "aws_api_gateway_rest_api.main",
            "aws_cognito_user_pool.main"
          ],
          "create_before_destroy": true
        }
      ]
    },
    {
      "mode": "managed",
      "type": "aws_api_gateway_method_response",
      "name": "cors_options",
      "provider": "provider[\"registry.terraform.io/hashicorp/aws\"]",
      "instances": [
        {
          "index_key": 0,
          "schema_version": 0,
          "attributes": {
            "http_method": "OPTIONS",
            "id": "agmr-l91194lhci-0ihd4z-OPTIONS-200",
            "resource_id": "0ihd4z",
            "response_models": {
              "application/json": "Empty"
            },
            "response_parameters": {
              "method.response.header.Access-Control-Allow-Headers": true,
              "method.response.header.Access-Control-Allow-Methods": true,
              "method.response.header.Access-Control-Allow-Origin": true
            },
            "rest_api_id": "l91194lhci",
            "status_code": "200"
          },
          "sensitive_attributes": [],
          "identity_schema_version": 0,
          "private": "bnVsbA==",
          "dependencies": [
            "aws_api_gateway_method.cors_options",
            "aws_api_gateway_resource.approvals",
            "aws_api_gateway_resource.assistant",
            "aws_api_gateway_resource.audit",
            "aws_api_gateway_resource.dashboard",
            "aws_api_gateway_resource.dashboard_summary",
            "aws_api_gateway_resource.documents",
            "aws_api_gateway_resource.documents_upload",
            "aws_api_gateway_resource.transactions",
            "aws_api_gateway_rest_api.main"
          ],
          "create_before_destroy": true
        },
        {
          "index_key": 1,
          "schema_version": 0,
          "attributes": {
            "http_method": "OPTIONS",
            "id": "agmr-l91194lhci-cz0qr8-OPTIONS-200",
            "resource_id": "cz0qr8",
            "response_models": {
              "application/json": "Empty"
            },
            "response_parameters": {
              "method.response.header.Access-Control-Allow-Headers": true,
              "method.response.header.Access-Control-Allow-Methods": true,
              "method.response.header.Access-Control-Allow-Origin": true
            },
            "rest_api_id": "l91194lhci",
            "status_code": "200"
          },
          "sensitive_attributes": [],
          "identity_schema_version": 0,
          "private": "bnVsbA==",
          "dependencies": [
            "aws_api_gateway_method.cors_options",
            "aws_api_gateway_resource.approvals",
            "aws_api_gateway_resource.assistant",
            "aws_api_gateway_resource.audit",
            "aws_api_gateway_resource.dashboard",
            "aws_api_gateway_resource.dashboard_summary",
            "aws_api_gateway_resource.documents",
            "aws_api_gateway_resource.documents_upload",
            "aws_api_gateway_resource.transactions",
            "aws_api_gateway_rest_api.main"
          ],
          "create_before_destroy": true
        },
        {
          "index_key": 2,
          "schema_version": 0,
          "attributes": {
            "http_method": "OPTIONS",
            "id": "agmr-l91194lhci-8dcnf6-OPTIONS-200",
            "resource_id": "8dcnf6",
            "response_models": {
              "application/json": "Empty"
            },
            "response_parameters": {
              "method.response.header.Access-Control-Allow-Headers": true,
              "method.response.header.Access-Control-Allow-Methods": true,
              "method.response.header.Access-Control-Allow-Origin": true
            },
            "rest_api_id": "l91194lhci",
            "status_code": "200"
          },
          "sensitive_attributes": [],
          "identity_schema_version": 0,
          "private": "bnVsbA==",
          "dependencies": [
            "aws_api_gateway_method.cors_options",
            "aws_api_gateway_resource.approvals",
            "aws_api_gateway_resource.assistant",
            "aws_api_gateway_resource.audit",
            "aws_api_gateway_resource.dashboard",
            "aws_api_gateway_resource.dashboard_summary",
            "aws_api_gateway_resource.documents",
            "aws_api_gateway_resource.documents_upload",
            "aws_api_gateway_resource.transactions",
            "aws_api_gateway_rest_api.main"
          ],
          "create_before_destroy": true
        },
        {
          "index_key": 3,
          "schema_version": 0,
          "attributes": {
            "http_method": "OPTIONS",
            "id": "agmr-l91194lhci-t9195f-OPTIONS-200",
            "resource_id": "t9195f",
            "response_models": {
              "application/json": "Empty"
            },
            "response_parameters": {
              "method.response.header.Access-Control-Allow-Headers": true,
              "method.response.header.Access-Control-Allow-Methods": true,
              "method.response.header.Access-Control-Allow-Origin": true
            },
            "rest_api_id": "l91194lhci",
            "status_code": "200"
          },
          "sensitive_attributes": [],
          "identity_schema_version": 0,
          "private": "bnVsbA==",
          "dependencies": [
            "aws_api_gateway_method.cors_options",
            "aws_api_gateway_resource.approvals",
            "aws_api_gateway_resource.assistant",
            "aws_api_gateway_resource.audit",
            "aws_api_gateway_resource.dashboard",
            "aws_api_gateway_resource.dashboard_summary",
            "aws_api_gateway_resource.documents",
            "aws_api_gateway_resource.documents_upload",
            "aws_api_gateway_resource.transactions",
            "aws_api_gateway_rest_api.main"
          ],
          "create_before_destroy": true
        }
      ]
    },
    {
      "mode": "managed",
      "type": "aws_api_gateway_resource",
      "name": "approvals",
      "provider": "provider[\"registry.terraform.io/hashicorp/aws\"]",
      "instances": [
        {
          "schema_version": 0,
          "attributes": {
            "id": "5faboj",
            "parent_id": "90b7vqmvei",
            "path": "/approvals",
            "path_part": "approvals",
            "rest_api_id": "l91194lhci"
          },
          "sensitive_attributes": [],
          "identity_schema_version": 0,
          "private": "bnVsbA==",
          "dependencies": [
            "aws_api_gateway_rest_api.main"
          ],
          "create_before_destroy": true
        }
      ]
    },
    {
      "mode": "managed",
      "type": "aws_api_gateway_resource",
      "name": "assistant",
      "provider": "provider[\"registry.terraform.io/hashicorp/aws\"]",
      "instances": [
        {
          "schema_version": 0,
          "attributes": {
            "id": "2xpypp",
            "parent_id": "90b7vqmvei",
            "path": "/assistant",
            "path_part": "assistant",
            "rest_api_id": "l91194lhci"
          },
          "sensitive_attributes": [],
          "identity_schema_version": 0,
          "private": "bnVsbA==",
          "dependencies": [
            "aws_api_gateway_rest_api.main"
          ],
          "create_before_destroy": true
        }
      ]
    },
    {
      "mode": "managed",
      "type": "aws_api_gateway_resource",
      "name": "audit",
      "provider": "provider[\"registry.terraform.io/hashicorp/aws\"]",
      "instances": [
        {
          "schema_version": 0,
          "attributes": {
            "id": "t9195f",
            "parent_id": "90b7vqmvei",
            "path": "/audit",
            "path_part": "audit",
            "rest_api_id": "l91194lhci"
          },
          "sensitive_attributes": [],
          "identity_schema_version": 0,
          "private": "bnVsbA==",
          "dependencies": [
            "aws_api_gateway_rest_api.main"
          ],
          "create_before_destroy": true
        }
      ]
    },
    {
      "mode": "managed",
      "type": "aws_api_gateway_resource",
      "name": "dashboard",
      "provider": "provider[\"registry.terraform.io/hashicorp/aws\"]",
      "instances": [
        {
          "schema_version": 0,
          "attributes": {
            "id": "ee6g76",
            "parent_id": "90b7vqmvei",
            "path": "/dashboard",
            "path_part": "dashboard",
            "rest_api_id": "l91194lhci"
          },
          "sensitive_attributes": [],
          "identity_schema_version": 0,
          "private": "bnVsbA==",
          "dependencies": [
            "aws_api_gateway_rest_api.main"
          ],
          "create_before_destroy": true
        }
      ]
    },
    {
      "mode": "managed",
      "type": "aws_api_gateway_resource",
      "name": "dashboard_summary",
      "provider": "provider[\"registry.terraform.io/hashicorp/aws\"]",
      "instances": [
        {
          "schema_version": 0,
          "attributes": {
            "id": "0ihd4z",
            "parent_id": "ee6g76",
            "path": "/dashboard/summary",
            "path_part": "summary",
            "rest_api_id": "l91194lhci"
          },
          "sensitive_attributes": [],
          "identity_schema_version": 0,
          "private": "bnVsbA==",
          "dependencies": [
            "aws_api_gateway_resource.dashboard",
            "aws_api_gateway_rest_api.main"
          ],
          "create_before_destroy": true
        }
      ]
    },
    {
      "mode": "managed",
      "type": "aws_api_gateway_resource",
      "name": "documents",
      "provider": "provider[\"registry.terraform.io/hashicorp/aws\"]",
      "instances": [
        {
          "schema_version": 0,
          "attributes": {
            "id": "8dcnf6",
            "parent_id": "90b7vqmvei",
            "path": "/documents",
            "path_part": "documents",
            "rest_api_id": "l91194lhci"
          },
          "sensitive_attributes": [],
          "identity_schema_version": 0,
          "private": "bnVsbA==",
          "dependencies": [
            "aws_api_gateway_rest_api.main"
          ],
          "create_before_destroy": true
        }
      ]
    },
    {
      "mode": "managed",
      "type": "aws_api_gateway_resource",
      "name": "documents_upload",
      "provider": "provider[\"registry.terraform.io/hashicorp/aws\"]",
      "instances": [
        {
          "schema_version": 0,
          "attributes": {
            "id": "62nzav",
            "parent_id": "8dcnf6",
            "path": "/documents/upload",
            "path_part": "upload",
            "rest_api_id": "l91194lhci"
          },
          "sensitive_attributes": [],
          "identity_schema_version": 0,
          "private": "bnVsbA==",
          "dependencies": [
            "aws_api_gateway_resource.documents",
            "aws_api_gateway_rest_api.main"
          ],
          "create_before_destroy": true
        }
      ]
    },
    {
      "mode": "managed",
      "type": "aws_api_gateway_resource",
      "name": "transactions",
      "provider": "provider[\"registry.terraform.io/hashicorp/aws\"]",
      "instances": [
        {
          "schema_version": 0,
          "attributes": {
            "id": "cz0qr8",
            "parent_id": "90b7vqmvei",
            "path": "/transactions",
            "path_part": "transactions",
            "rest_api_id": "l91194lhci"
          },
          "sensitive_attributes": [],
          "identity_schema_version": 0,
          "private": "bnVsbA==",
          "dependencies": [
            "aws_api_gateway_rest_api.main"
          ],
          "create_before_destroy": true
        }
      ]
    },
    {
      "mode": "managed",
      "type": "aws_api_gateway_rest_api",
      "name": "main",
      "provider": "provider[\"registry.terraform.io/hashicorp/aws\"]",
      "instances": [
        {
          "schema_version": 0,
          "attributes": {
            "api_key_source": "HEADER",
            "arn": "arn:aws:apigateway:eu-west-1::/restapis/l91194lhci",
            "binary_media_types": [],
            "body": null,
            "created_date": "2026-03-08T15:13:32Z",
            "description": "AI Accounting Copilot REST API",
            "disable_execute_api_endpoint": false,
            "endpoint_configuration": [
              {
                "ip_address_type": "ipv4",
                "types": [
                  "REGIONAL"
                ],
                "vpc_endpoint_ids": []
              }
            ],
            "execution_arn": "arn:aws:execute-api:eu-west-1:280250685594:l91194lhci",
            "fail_on_warnings": null,
            "id": "l91194lhci",
            "minimum_compression_size": "",
            "name": "accounting-copilot-api",
            "parameters": null,
            "policy": "",
            "put_rest_api_mode": null,
            "root_resource_id": "90b7vqmvei",
            "tags": {
              "Environment": "dev",
              "Project": "AccountingCopilot"
            },
            "tags_all": {
              "Environment": "dev",
              "ManagedBy": "Terraform",
              "Project": "AccountingCopilot"
            }
          },
          "sensitive_attributes": [],
          "identity_schema_version": 0,
          "private": "bnVsbA==",
          "create_before_destroy": true
        }
      ]
    },
    {
      "mode": "managed",
      "type": "aws_api_gateway_stage",
      "name": "main",
      "provider": "provider[\"registry.terraform.io/hashicorp/aws\"]",
      "instances": [
        {
          "schema_version": 0,
          "attributes": {
            "access_log_settings": [
              {
                "destination_arn": "arn:aws:logs:eu-west-1:280250685594:log-group:/aws/apigateway/accounting-copilot",
                "format": "{\"caller\":\"$context.identity.caller\",\"httpMethod\":\"$context.httpMethod\",\"ip\":\"$context.identity.sourceIp\",\"protocol\":\"$context.protocol\",\"requestId\":\"$context.requestId\",\"requestTime\":\"$context.requestTime\",\"resourcePath\":\"$context.resourcePath\",\"responseLength\":\"$context.responseLength\",\"status\":\"$context.status\",\"user\":\"$context.identity.user\"}"
              }
            ],
            "arn": "arn:aws:apigateway:eu-west-1::/restapis/l91194lhci/stages/dev",
            "cache_cluster_enabled": false,
            "cache_cluster_size": "",
            "canary_settings": [],
            "client_certificate_id": "",
            "deployment_id": "aficbe",
            "description": "",
            "documentation_version": "",
            "execution_arn": "arn:aws:execute-api:eu-west-1:280250685594:l91194lhci/dev",
            "id": "ags-l91194lhci-dev",
            "invoke_url": "https://l91194lhci.execute-api.eu-west-1.amazonaws.com/dev",
            "rest_api_id": "l91194lhci",
            "stage_name": "dev",
            "tags": {
              "Environment": "dev",
              "Project": "AccountingCopilot"
            },
            "tags_all": {
              "Environment": "dev",
              "ManagedBy": "Terraform",
              "Project": "AccountingCopilot"
            },
            "variables": {},
            "web_acl_arn": "",
            "xray_tracing_enabled": true
          },
          "sensitive_attributes": [],
          "identity_schema_version": 0,
          "private": "bnVsbA==",
          "dependencies": [
            "aws_api_gateway_authorizer.cognito",
            "aws_api_gateway_deployment.main",
            "aws_api_gateway_integration.approvals_get",
            "aws_api_gateway_integration.approvals_post",
            "aws_api_gateway_integration.assistant_post",
            "aws_api_gateway_integration.audit_get",
            "aws_api_gateway_integration.cors_options",
            "aws_api_gateway_integration.dashboard_summary",
            "aws_api_gateway_integration.documents_get",
            "aws_api_gateway_integration.documents_post",
            "aws_api_gateway_integration.transactions_get",
            "aws_api_gateway_integration.transactions_post",
            "aws_api_gateway_integration_response.cors_options",
            "aws_api_gateway_method.approvals_get",
            "aws_api_gateway_method.approvals_post",
            "aws_api_gateway_method.assistant_post",
            "aws_api_gateway_method.audit_get",
            "aws_api_gateway_method.cors_options",
            "aws_api_gateway_method.dashboard_summary_get",
            "aws_api_gateway_method.documents_get",
            "aws_api_gateway_method.documents_post",
            "aws_api_gateway_method.transactions_get",
            "aws_api_gateway_method.transactions_post",
            "aws_api_gateway_method_response.cors_options",
            "aws_api_gateway_resource.approvals",
            "aws_api_gateway_resource.assistant",
            "aws_api_gateway_resource.audit",
            "aws_api_gateway_resource.dashboard",
            "aws_api_gateway_resource.dashboard_summary",
            "aws_api_gateway_resource.documents",
            "aws_api_gateway_resource.documents_upload",
            "aws_api_gateway_resource.transactions",
            "aws_api_gateway_rest_api.main",
            "aws_cloudwatch_log_group.api_gateway",
            "aws_cognito_user_pool.main",
            "aws_dynamodb_table.main",
            "aws_iam_role.lambda_execution",
            "aws_lambda_function.approval_manager",
            "aws_lambda_function.audit_trail_api",
            "aws_lambda_function.dashboard_api",
            "aws_lambda_function.document_api",
            "aws_lambda_function.financial_assistant",
            "aws_lambda_function.transaction_api",
            "aws_s3_bucket.documents",
            "aws_sns_topic.pending_approvals",
            "data.aws_caller_identity.current"
          ]
        }
      ]
    },
    {
      "mode": "managed",
      "type": "aws_cloudwatch_dashboard",
      "name": "main",
      "provider": "provider[\"registry.terraform.io/hashicorp/aws\"]",
      "instances": [
        {
          "schema_version": 0,
          "attributes": {
            "dashboard_arn": "arn:aws:cloudwatch::280250685594:dashboard/accounting-copilot-dashboard",
            "dashboard_body": "{\"widgets\":[{\"properties\":{\"metrics\":[[\"AWS/Lambda\",\"Errors\",{\"label\":\"Lambda Errors\",\"stat\":\"Sum\"}],[\".\",\"Invocations\",{\"label\":\"Lambda Invocations\",\"stat\":\"Sum\"}],[\".\",\"Duration\",{\"label\":\"Avg Duration (ms)\",\"stat\":\"Average\"}],[\".\",\"Throttles\",{\"label\":\"Lambda Throttles\",\"stat\":\"Sum\"}]],\"period\":300,\"region\":\"eu-west-1\",\"stat\":\"Average\",\"title\":\"Lambda Metrics\",\"yAxis\":{\"left\":{\"min\":0}}},\"type\":\"metric\"},{\"properties\":{\"metrics\":[[\"AWS/ApiGateway\",\"5XXError\",{\"label\":\"5XX Errors\",\"stat\":\"Sum\"}],[\".\",\"4XXError\",{\"label\":\"4XX Errors\",\"stat\":\"Sum\"}],[\".\",\"Count\",{\"label\":\"Total Requests\",\"stat\":\"Sum\"}],[\".\",\"Latency\",{\"label\":\"Avg Latency (ms)\",\"stat\":\"Average\"}]],\"period\":300,\"region\":\"eu-west-1\",\"stat\":\"Average\",\"title\":\"API Gateway Metrics\",\"yAxis\":{\"left\":{\"min\":0}}},\"type\":\"metric\"},{\"properties\":{\"metrics\":[[\"AWS/DynamoDB\",\"ConsumedReadCapacityUnits\",{\"label\":\"Read Capacity\",\"stat\":\"Sum\"}],[\".\",\"ConsumedWriteCapacityUnits\",{\"label\":\"Write Capacity\",\"stat\":\"Sum\"}],[\".\",\"UserErrors\",{\"label\":\"User Errors (Throttles)\",\"stat\":\"Sum\"}],[\".\",\"SystemErrors\",{\"label\":\"System Errors\",\"stat\":\"Sum\"}]],\"period\":300,\"region\":\"eu-west-1\",\"stat\":\"Average\",\"title\":\"DynamoDB Metrics\",\"yAxis\":{\"left\":{\"min\":0}}},\"type\":\"metric\"},{\"properties\":{\"metrics\":[[\"AWS/States\",\"ExecutionsStarted\",{\"label\":\"Executions Started\",\"stat\":\"Sum\"}],[\".\",\"ExecutionsSucceeded\",{\"label\":\"Executions Succeeded\",\"stat\":\"Sum\"}],[\".\",\"ExecutionsFailed\",{\"label\":\"Executions Failed\",\"stat\":\"Sum\"}],[\".\",\"ExecutionTime\",{\"label\":\"Avg Execution Time (ms)\",\"stat\":\"Average\"}]],\"period\":300,\"region\":\"eu-west-1\",\"stat\":\"Average\",\"title\":\"Step Functions Metrics\",\"yAxis\":{\"left\":{\"min\":0}}},\"type\":\"metric\"},{\"properties\":{\"metrics\":[[\"AWS/Textract\",\"ResponseTime\",{\"label\":\"Avg Response Time (ms)\",\"stat\":\"Average\"}],[\".\",\"UserErrorCount\",{\"label\":\"User Errors\",\"stat\":\"Sum\"}],[\".\",\"ServerErrorCount\",{\"label\":\"Server Errors\",\"stat\":\"Sum\"}],[\".\",\"SuccessfulRequestCount\",{\"label\":\"Successful Requests\",\"stat\":\"Sum\"}]],\"period\":300,\"region\":\"eu-west-1\",\"stat\":\"Average\",\"title\":\"Textract Metrics\",\"yAxis\":{\"left\":{\"min\":0}}},\"type\":\"metric\"},{\"properties\":{\"query\":\"SOURCE '/aws/lambda/accounting-copilot-document-upload-handler' | SOURCE '/aws/lambda/accounting-copilot-ocr-processor' | SOURCE '/aws/lambda/accounting-copilot-transaction-classifier' | fields @timestamp, @message | filter @message like /ERROR/ | sort @timestamp desc | limit 20\",\"region\":\"eu-west-1\",\"stacked\":false,\"title\":\"Recent Errors\"},\"type\":\"log\"}]}",
            "dashboard_name": "accounting-copilot-dashboard",
            "id": "accounting-copilot-dashboard"
          },
          "sensitive_attributes": [],
          "identity_schema_version": 0,
          "private": "bnVsbA==",
          "dependencies": [
            "aws_cloudwatch_log_group.audit_logger",
            "aws_cloudwatch_log_group.dashboard_api",
            "aws_cloudwatch_log_group.data_validator",
            "aws_cloudwatch_log_group.document_upload_handler",
            "aws_cloudwatch_log_group.financial_assistant",
            "aws_cloudwatch_log_group.ocr_processor",
            "aws_cloudwatch_log_group.reconciliation_engine",
            "aws_cloudwatch_log_group.transaction_classifier"
          ]
        }
      ]
    },
    {
      "mode": "managed",
      "type": "aws_cloudwatch_log_group",
      "name": "api_gateway",
      "provider": "provider[\"registry.terraform.io/hashicorp/aws\"]",
      "instances": [
        {
          "schema_version": 0,
          "attributes": {
            "arn": "arn:aws:logs:eu-west-1:280250685594:log-group:/aws/apigateway/accounting-copilot",
            "id": "/aws/apigateway/accounting-copilot",
            "kms_key_id": "",
            "log_group_class": "STANDARD",
            "name": "/aws/apigateway/accounting-copilot",
            "name_prefix": "",
            "retention_in_days": 30,
            "skip_destroy": false,
            "tags": {
              "Environment": "dev",
              "Project": "AccountingCopilot"
            },
            "tags_all": {
              "Environment": "dev",
              "ManagedBy": "Terraform",
              "Project": "AccountingCopilot"
            }
          },
          "sensitive_attributes": [],
          "identity_schema_version": 0,
          "private": "bnVsbA=="
        }
      ]
    },
    {
      "mode": "managed",
      "type": "aws_cloudwatch_log_group",
      "name": "audit_logger",
      "provider": "provider[\"registry.terraform.io/hashicorp/aws\"]",
      "instances": [
        {
          "schema_version": 0,
          "attributes": {
            "arn": "arn:aws:logs:eu-west-1:280250685594:log-group:/aws/lambda/accounting-copilot-audit-logger",
            "id": "/aws/lambda/accounting-copilot-audit-logger",
            "kms_key_id": "",
            "log_group_class": "STANDARD",
            "name": "/aws/lambda/accounting-copilot-audit-logger",
            "name_prefix": "",
            "retention_in_days": 90,
            "skip_destroy": false,
            "tags": {
              "Environment": "dev",
              "Project": "AccountingCopilot"
            },
            "tags_all": {
              "Environment": "dev",
              "ManagedBy": "Terraform",
              "Project": "AccountingCopilot"
            }
          },
          "sensitive_attributes": [],
          "identity_schema_version": 0,
          "private": "bnVsbA=="
        }
      ]
    },
    {
      "mode": "managed",
      "type": "aws_cloudwatch_log_group",
      "name": "dashboard_api",
      "provider": "provider[\"registry.terraform.io/hashicorp/aws\"]",
      "instances": [
        {
          "schema_version": 0,
          "attributes": {
            "arn": "arn:aws:logs:eu-west-1:280250685594:log-group:/aws/lambda/accounting-copilot-dashboard-api",
            "id": "/aws/lambda/accounting-copilot-dashboard-api",
            "kms_key_id": "",
            "log_group_class": "STANDARD",
            "name": "/aws/lambda/accounting-copilot-dashboard-api",
            "name_prefix": "",
            "retention_in_days": 30,
            "skip_destroy": false,
            "tags": {
              "Environment": "dev",
              "Project": "AccountingCopilot"
            },
            "tags_all": {
              "Environment": "dev",
              "ManagedBy": "Terraform",
              "Project": "AccountingCopilot"
            }
          },
          "sensitive_attributes": [],
          "identity_schema_version": 0,
          "private": "bnVsbA=="
        }
      ]
    },
    {
      "mode": "managed",
      "type": "aws_cloudwatch_log_group",
      "name": "data_validator",
      "provider": "provider[\"registry.terraform.io/hashicorp/aws\"]",
      "instances": [
        {
          "schema_version": 0,
          "attributes": {
            "arn": "arn:aws:logs:eu-west-1:280250685594:log-group:/aws/lambda/accounting-copilot-data-validator",
            "id": "/aws/lambda/accounting-copilot-data-validator",
            "kms_key_id": "",
            "log_group_class": "STANDARD",
            "name": "/aws/lambda/accounting-copilot-data-validator",
            "name_prefix": "",
            "retention_in_days": 30,
            "skip_destroy": false,
            "tags": {
              "Environment": "dev",
              "Project": "AccountingCopilot"
            },
            "tags_all": {
              "Environment": "dev",
              "ManagedBy": "Terraform",
              "Project": "AccountingCopilot"
            }
          },
          "sensitive_attributes": [],
          "identity_schema_version": 0,
          "private": "bnVsbA=="
        }
      ]
    },
    {
      "mode": "managed",
      "type": "aws_cloudwatch_log_group",
      "name": "document_upload_handler",
      "provider": "provider[\"registry.terraform.io/hashicorp/aws\"]",
      "instances": [
        {
          "schema_version": 0,
          "attributes": {
            "arn": "arn:aws:logs:eu-west-1:280250685594:log-group:/aws/lambda/accounting-copilot-document-upload-handler",
            "id": "/aws/lambda/accounting-copilot-document-upload-handler",
            "kms_key_id": "",
            "log_group_class": "STANDARD",
            "name": "/aws/lambda/accounting-copilot-document-upload-handler",
            "name_prefix": "",
            "retention_in_days": 30,
            "skip_destroy": false,
            "tags": {
              "Environment": "dev",
              "Project": "AccountingCopilot"
            },
            "tags_all": {
              "Environment": "dev",
              "ManagedBy": "Terraform",
              "Project": "AccountingCopilot"
            }
          },
          "sensitive_attributes": [],
          "identity_schema_version": 0,
          "private": "bnVsbA=="
        }
      ]
    },
    {
      "mode": "managed",
      "type": "aws_cloudwatch_log_group",
      "name": "financial_assistant",
      "provider": "provider[\"registry.terraform.io/hashicorp/aws\"]",
      "instances": [
        {
          "schema_version": 0,
          "attributes": {
            "arn": "arn:aws:logs:eu-west-1:280250685594:log-group:/aws/lambda/accounting-copilot-financial-assistant",
            "id": "/aws/lambda/accounting-copilot-financial-assistant",
            "kms_key_id": "",
            "log_group_class": "STANDARD",
            "name": "/aws/lambda/accounting-copilot-financial-assistant",
            "name_prefix": "",
            "retention_in_days": 30,
            "skip_destroy": false,
            "tags": {
              "Environment": "dev",
              "Project": "AccountingCopilot"
            },
            "tags_all": {
              "Environment": "dev",
              "ManagedBy": "Terraform",
              "Project": "AccountingCopilot"
            }
          },
          "sensitive_attributes": [],
          "identity_schema_version": 0,
          "private": "bnVsbA=="
        }
      ]
    },
    {
      "mode": "managed",
      "type": "aws_cloudwatch_log_group",
      "name": "ocr_processor",
      "provider": "provider[\"registry.terraform.io/hashicorp/aws\"]",
      "instances": [
        {
          "schema_version": 0,
          "attributes": {
            "arn": "arn:aws:logs:eu-west-1:280250685594:log-group:/aws/lambda/accounting-copilot-ocr-processor",
            "id": "/aws/lambda/accounting-copilot-ocr-processor",
            "kms_key_id": "",
            "log_group_class": "STANDARD",
            "name": "/aws/lambda/accounting-copilot-ocr-processor",
            "name_prefix": "",
            "retention_in_days": 30,
            "skip_destroy": false,
            "tags": {
              "Environment": "dev",
              "Project": "AccountingCopilot"
            },
            "tags_all": {
              "Environment": "dev",
              "ManagedBy": "Terraform",
              "Project": "AccountingCopilot"
            }
          },
          "sensitive_attributes": [],
          "identity_schema_version": 0,
          "private": "bnVsbA=="
        }
      ]
    },
    {
      "mode": "managed",
      "type": "aws_cloudwatch_log_group",
      "name": "reconciliation_engine",
      "provider": "provider[\"registry.terraform.io/hashicorp/aws\"]",
      "instances": [
        {
          "schema_version": 0,
          "attributes": {
            "arn": "arn:aws:logs:eu-west-1:280250685594:log-group:/aws/lambda/accounting-copilot-reconciliation-engine",
            "id": "/aws/lambda/accounting-copilot-reconciliation-engine",
            "kms_key_id": "",
            "log_group_class": "STANDARD",
            "name": "/aws/lambda/accounting-copilot-reconciliation-engine",
            "name_prefix": "",
            "retention_in_days": 30,
            "skip_destroy": false,
            "tags": {
              "Environment": "dev",
              "Project": "AccountingCopilot"
            },
            "tags_all": {
              "Environment": "dev",
              "ManagedBy": "Terraform",
              "Project": "AccountingCopilot"
            }
          },
          "sensitive_attributes": [],
          "identity_schema_version": 0,
          "private": "bnVsbA=="
        }
      ]
    },
    {
      "mode": "managed",
      "type": "aws_cloudwatch_log_group",
      "name": "step_functions",
      "provider": "provider[\"registry.terraform.io/hashicorp/aws\"]",
      "instances": [
        {
          "schema_version": 0,
          "attributes": {
            "arn": "arn:aws:logs:eu-west-1:280250685594:log-group:/aws/vendedlogs/states/accounting-copilot-document-processing",
            "id": "/aws/vendedlogs/states/accounting-copilot-document-processing",
            "kms_key_id": "",
            "log_group_class": "STANDARD",
            "name": "/aws/vendedlogs/states/accounting-copilot-document-processing",
            "name_prefix": "",
            "retention_in_days": 30,
            "skip_destroy": false,
            "tags": {
              "Environment": "dev",
              "Project": "AccountingCopilot"
            },
            "tags_all": {
              "Environment": "dev",
              "ManagedBy": "Terraform",
              "Project": "AccountingCopilot"
            }
          },
          "sensitive_attributes": [],
          "identity_schema_version": 0,
          "private": "bnVsbA=="
        }
      ]
    },
    {
      "mode": "managed",
      "type": "aws_cloudwatch_log_group",
      "name": "transaction_classifier",
      "provider": "provider[\"registry.terraform.io/hashicorp/aws\"]",
      "instances": [
        {
          "schema_version": 0,
          "attributes": {
            "arn": "arn:aws:logs:eu-west-1:280250685594:log-group:/aws/lambda/accounting-copilot-transaction-classifier",
            "id": "/aws/lambda/accounting-copilot-transaction-classifier",
            "kms_key_id": "",
            "log_group_class": "STANDARD",
            "name": "/aws/lambda/accounting-copilot-transaction-classifier",
            "name_prefix": "",
            "retention_in_days": 30,
            "skip_destroy": false,
            "tags": {
              "Environment": "dev",
              "Project": "AccountingCopilot"
            },
            "tags_all": {
              "Environment": "dev",
              "ManagedBy": "Terraform",
              "Project": "AccountingCopilot"
            }
          },
          "sensitive_attributes": [],
          "identity_schema_version": 0,
          "private": "bnVsbA=="
        }
      ]
    },
    {
      "mode": "managed",
      "type": "aws_cloudwatch_metric_alarm",
      "name": "api_gateway_5xx",
      "provider": "provider[\"registry.terraform.io/hashicorp/aws\"]",
      "instances": [
        {
          "schema_version": 1,
          "attributes": {
            "actions_enabled": true,
            "alarm_actions": [
              "arn:aws:sns:eu-west-1:280250685594:accounting-copilot-pending-approvals"
            ],
            "alarm_description": "API Gateway 5xx errors exceed 10 per minute",
            "alarm_name": "accounting-copilot-api-5xx-errors",
            "arn": "arn:aws:cloudwatch:eu-west-1:280250685594:alarm:accounting-copilot-api-5xx-errors",
            "comparison_operator": "GreaterThanThreshold",
            "datapoints_to_alarm": 0,
            "dimensions": {
              "ApiName": "accounting-copilot-api"
            },
            "evaluate_low_sample_count_percentiles": "",
            "evaluation_periods": 2,
            "extended_statistic": "",
            "id": "accounting-copilot-api-5xx-errors",
            "insufficient_data_actions": [],
            "metric_name": "5XXError",
            "metric_query": [],
            "namespace": "AWS/ApiGateway",
            "ok_actions": [],
            "period": 60,
            "statistic": "Sum",
            "tags": {
              "Environment": "dev",
              "Project": "AccountingCopilot"
            },
            "tags_all": {
              "Environment": "dev",
              "ManagedBy": "Terraform",
              "Project": "AccountingCopilot"
            },
            "threshold": 10,
            "threshold_metric_id": "",
            "treat_missing_data": "notBreaching",
            "unit": ""
          },
          "sensitive_attributes": [],
          "identity_schema_version": 0,
          "private": "eyJzY2hlbWFfdmVyc2lvbiI6IjEifQ==",
          "dependencies": [
            "aws_sns_topic.pending_approvals"
          ]
        }
      ]
    },
    {
      "mode": "managed",
      "type": "aws_cloudwatch_metric_alarm",
      "name": "dynamodb_throttles",
      "provider": "provider[\"registry.terraform.io/hashicorp/aws\"]",
      "instances": [
        {
          "schema_version": 1,
          "attributes": {
            "actions_enabled": true,
            "alarm_actions": [
              "arn:aws:sns:eu-west-1:280250685594:accounting-copilot-pending-approvals"
            ],
            "alarm_description": "DynamoDB throttling detected",
            "alarm_name": "accounting-copilot-dynamodb-throttles",
            "arn": "arn:aws:cloudwatch:eu-west-1:280250685594:alarm:accounting-copilot-dynamodb-throttles",
            "comparison_operator": "GreaterThanThreshold",
            "datapoints_to_alarm": 0,
            "dimensions": {
              "TableName": "AccountingCopilot"
            },
            "evaluate_low_sample_count_percentiles": "",
            "evaluation_periods": 1,
            "extended_statistic": "",
            "id": "accounting-copilot-dynamodb-throttles",
            "insufficient_data_actions": [],
            "metric_name": "UserErrors",
            "metric_query": [],
            "namespace": "AWS/DynamoDB",
            "ok_actions": [],
            "period": 300,
            "statistic": "Sum",
            "tags": {
              "Environment": "dev",
              "Project": "AccountingCopilot"
            },
            "tags_all": {
              "Environment": "dev",
              "ManagedBy": "Terraform",
              "Project": "AccountingCopilot"
            },
            "threshold": 0,
            "threshold_metric_id": "",
            "treat_missing_data": "notBreaching",
            "unit": ""
          },
          "sensitive_attributes": [],
          "identity_schema_version": 0,
          "private": "eyJzY2hlbWFfdmVyc2lvbiI6IjEifQ==",
          "dependencies": [
            "aws_dynamodb_table.main",
            "aws_sns_topic.pending_approvals"
          ]
        }
      ]
    },
    {
      "mode": "managed",
      "type": "aws_cloudwatch_metric_alarm",
      "name": "lambda_errors",
      "provider": "provider[\"registry.terraform.io/hashicorp/aws\"]",
      "instances": [
        {
          "schema_version": 1,
          "attributes": {
            "actions_enabled": true,
            "alarm_actions": [
              "arn:aws:sns:eu-west-1:280250685594:accounting-copilot-pending-approvals"
            ],
            "alarm_description": "Lambda error rate exceeds 5%",
            "alarm_name": "accounting-copilot-lambda-error-rate",
            "arn": "arn:aws:cloudwatch:eu-west-1:280250685594:alarm:accounting-copilot-lambda-error-rate",
            "comparison_operator": "GreaterThanThreshold",
            "datapoints_to_alarm": 0,
            "dimensions": {},
            "evaluate_low_sample_count_percentiles": "",
            "evaluation_periods": 2,
            "extended_statistic": "",
            "id": "accounting-copilot-lambda-error-rate",
            "insufficient_data_actions": [],
            "metric_name": "Errors",
            "metric_query": [],
            "namespace": "AWS/Lambda",
            "ok_actions": [],
            "period": 300,
            "statistic": "Sum",
            "tags": {
              "Environment": "dev",
              "Project": "AccountingCopilot"
            },
            "tags_all": {
              "Environment": "dev",
              "ManagedBy": "Terraform",
              "Project": "AccountingCopilot"
            },
            "threshold": 5,
            "threshold_metric_id": "",
            "treat_missing_data": "notBreaching",
            "unit": ""
          },
          "sensitive_attributes": [],
          "identity_schema_version": 0,
          "private": "eyJzY2hlbWFfdmVyc2lvbiI6IjEifQ==",
          "dependencies": [
            "aws_sns_topic.pending_approvals"
          ]
        }
      ]
    },
    {
      "mode": "managed",
      "type": "aws_cloudwatch_metric_alarm",
      "name": "step_functions_failures",
      "provider": "provider[\"registry.terraform.io/hashicorp/aws\"]",
      "instances": [
        {
          "schema_version": 1,
          "attributes": {
            "actions_enabled": true,
            "alarm_actions": [
              "arn:aws:sns:eu-west-1:280250685594:accounting-copilot-pending-approvals"
            ],
            "alarm_description": "Step Functions execution failures exceed 5 per hour",
            "alarm_name": "accounting-copilot-step-functions-failures",
            "arn": "arn:aws:cloudwatch:eu-west-1:280250685594:alarm:accounting-copilot-step-functions-failures",
            "comparison_operator": "GreaterThanThreshold",
            "datapoints_to_alarm": 0,
            "dimensions": {
              "StateMachineArn": "arn:aws:states:eu-west-1:280250685594:stateMachine:accounting-copilot-document-processing"
            },
            "evaluate_low_sample_count_percentiles": "",
            "evaluation_periods": 1,
            "extended_statistic": "",
            "id": "accounting-copilot-step-functions-failures",
            "insufficient_data_actions": [],
            "metric_name": "ExecutionsFailed",
            "metric_query": [],
            "namespace": "AWS/States",
            "ok_actions": [],
            "period": 3600,
            "statistic": "Sum",
            "tags": {
              "Environment": "dev",
              "Project": "AccountingCopilot"
            },
            "tags_all": {
              "Environment": "dev",
              "ManagedBy": "Terraform",
              "Project": "AccountingCopilot"
            },
            "threshold": 5,
            "threshold_metric_id": "",
            "treat_missing_data": "notBreaching",
            "unit": ""
          },
          "sensitive_attributes": [],
          "identity_schema_version": 0,
          "private": "eyJzY2hlbWFfdmVyc2lvbiI6IjEifQ==",
          "dependencies": [
            "aws_cloudwatch_log_group.step_functions",
            "aws_iam_role.step_functions",
            "aws_sfn_state_machine.document_processing",
            "aws_sns_topic.ocr_failures",
            "aws_sns_topic.pending_approvals"
          ]
        }
      ]
    },
    {
      "mode": "managed",
      "type": "aws_cloudwatch_metric_alarm",
      "name": "textract_failures",
      "provider": "provider[\"registry.terraform.io/hashicorp/aws\"]",
      "instances": [
        {
          "schema_version": 1,
          "attributes": {
            "actions_enabled": true,
            "alarm_actions": [
              "arn:aws:sns:eu-west-1:280250685594:accounting-copilot-pending-approvals"
            ],
            "alarm_description": "Textract failure rate exceeds 20%",
            "alarm_name": "accounting-copilot-textract-failure-rate",
            "arn": "arn:aws:cloudwatch:eu-west-1:280250685594:alarm:accounting-copilot-textract-failure-rate",
            "comparison_operator": "GreaterThanThreshold",
            "datapoints_to_alarm": 0,
            "dimensions": {},
            "evaluate_low_sample_count_percentiles": "",
            "evaluation_periods": 2,
            "extended_statistic": "",
            "id": "accounting-copilot-textract-failure-rate",
            "insufficient_data_actions": [],
            "metric_name": "UserErrorCount",
            "metric_query": [],
            "namespace": "AWS/Textract",
            "ok_actions": [],
            "period": 300,
            "statistic": "Sum",
            "tags": {
              "Environment": "dev",
              "Project": "AccountingCopilot"
            },
            "tags_all": {
              "Environment": "dev",
              "ManagedBy": "Terraform",
              "Project": "AccountingCopilot"
            },
            "threshold": 5,
            "threshold_metric_id": "",
            "treat_missing_data": "notBreaching",
            "unit": ""
          },
          "sensitive_attributes": [],
          "identity_schema_version": 0,
          "private": "eyJzY2hlbWFfdmVyc2lvbiI6IjEifQ==",
          "dependencies": [
            "aws_sns_topic.pending_approvals"
          ]
        }
      ]
    },
    {
      "mode": "managed",
      "type": "aws_cognito_user_pool",
      "name": "main",
      "provider": "provider[\"registry.terraform.io/hashicorp/aws\"]",
      "instances": [
        {
          "schema_version": 0,
          "attributes": {
            "account_recovery_setting": [
              {
                "recovery_mechanism": [
                  {
                    "name": "verified_email",
                    "priority": 1
                  }
                ]
              }
            ],
            "admin_create_user_config": [
              {
                "allow_admin_create_user_only": false,
                "invite_message_template": []
              }
            ],
            "alias_attributes": null,
            "arn": "arn:aws:cognito-idp:eu-west-1:280250685594:userpool/eu-west-1_dRl4wmfEE",
            "auto_verified_attributes": [
              "email"
            ],
            "creation_date": "2026-03-08T15:23:36Z",
            "custom_domain": "",
            "deletion_protection": "INACTIVE",
            "device_configuration": [],
            "domain": "accounting-copilot-280250685594",
            "email_configuration": [
              {
                "configuration_set": "",
                "email_sending_account": "COGNITO_DEFAULT",
                "from_email_address": "",
                "reply_to_email_address": "",
                "source_arn": ""
              }
            ],
            "email_mfa_configuration": [],
            "email_verification_message": "",
            "email_verification_subject": "",
            "endpoint": "cognito-idp.eu-west-1.amazonaws.com/eu-west-1_dRl4wmfEE",
            "estimated_number_of_users": 1,
            "id": "eu-west-1_dRl4wmfEE",
            "lambda_config": [],
            "last_modified_date": "2026-03-08T15:23:36Z",
            "mfa_configuration": "OFF",
            "name": "accounting-copilot-users",
            "password_policy": [
              {
                "minimum_length": 8,
                "password_history_size": 0,
                "require_lowercase": true,
                "require_numbers": true,
                "require_symbols": true,
                "require_uppercase": true,
                "temporary_password_validity_days": 7
              }
            ],
            "schema": [
              {
                "attribute_data_type": "String",
                "developer_only_attribute": false,
                "mutable": false,
                "name": "email",
                "number_attribute_constraints": [],
                "required": true,
                "string_attribute_constraints": [
                  {
                    "max_length": "256",
                    "min_length": "1"
                  }
                ]
              },
              {
                "attribute_data_type": "String",
                "developer_only_attribute": false,
                "mutable": true,
                "name": "business_name",
                "number_attribute_constraints": [],
                "required": false,
                "string_attribute_constraints": [
                  {
                    "max_length": "256",
                    "min_length": "1"
                  }
                ]
              }
            ],
            "sign_in_policy": [
              {
                "allowed_first_auth_factors": [
                  "PASSWORD"
                ]
              }
            ],
            "sms_authentication_message": "",
            "sms_configuration": [],
            "sms_verification_message": "",
            "software_token_mfa_configuration": [],
            "tags": {
              "Environment": "dev",
              "Project": "AccountingCopilot"
            },
            "tags_all": {
              "Environment": "dev",
              "ManagedBy": "Terraform",
              "Project": "AccountingCopilot"
            },
            "user_attribute_update_settings": [],
            "user_pool_add_ons": [],
            "user_pool_tier": "ESSENTIALS",
            "username_attributes": [
              "email"
            ],
            "username_configuration": [],
            "verification_message_template": [
              {
                "default_email_option": "CONFIRM_WITH_CODE",
                "email_message": "",
                "email_message_by_link": "",
                "email_subject": "",
                "email_subject_by_link": "",
                "sms_message": ""
              }
            ],
            "web_authn_configuration": []
          },
          "sensitive_attributes": [],
          "identity_schema_version": 0,
          "private": "bnVsbA==",
          "create_before_destroy": true
        }
      ]
    },
    {
      "mode": "managed",
      "type": "aws_cognito_user_pool_client",
      "name": "web",
      "provider": "provider[\"registry.terraform.io/hashicorp/aws\"]",
      "instances": [
        {
          "schema_version": 0,
          "attributes": {
            "access_token_validity": 1,
            "allowed_oauth_flows": [
              "code",
              "implicit"
            ],
            "allowed_oauth_flows_user_pool_client": true,
            "allowed_oauth_scopes": [
              "email",
              "openid",
              "profile"
            ],
            "analytics_configuration": [],
            "auth_session_validity": 3,
            "callback_urls": [
              "http://localhost:3000/callback",
              "https://accounting-copilot-web-280250685594.s3-website-eu-west-1.amazonaws.com/callback"
            ],
            "client_secret": "",
            "default_redirect_uri": "",
            "enable_propagate_additional_user_context_data": false,
            "enable_token_revocation": true,
            "explicit_auth_flows": [
              "ALLOW_REFRESH_TOKEN_AUTH",
              "ALLOW_USER_PASSWORD_AUTH",
              "ALLOW_USER_SRP_AUTH"
            ],
            "generate_secret": false,
            "id": "61u3hub5dftsntsh9o4tasis75",
            "id_token_validity": 1,
            "logout_urls": [
              "http://localhost:3000",
              "https://accounting-copilot-web-280250685594.s3-website-eu-west-1.amazonaws.com"
            ],
            "name": "accounting-copilot-web-client",
            "prevent_user_existence_errors": "",
            "read_attributes": [],
            "refresh_token_rotation": [],
            "refresh_token_validity": 30,
            "supported_identity_providers": [
              "COGNITO"
            ],
            "token_validity_units": [
              {
                "access_token": "hours",
                "id_token": "hours",
                "refresh_token": "days"
              }
            ],
            "user_pool_id": "eu-west-1_dRl4wmfEE",
            "write_attributes": []
          },
          "sensitive_attributes": [
            [
              {
                "type": "get_attr",
                "value": "client_secret"
              }
            ]
          ],
          "identity_schema_version": 0,
          "dependencies": [
            "aws_cognito_user_pool.main",
            "aws_s3_bucket.website",
            "data.aws_caller_identity.current",
            "data.aws_region.current"
          ]
        }
      ]
    },
    {
      "mode": "managed",
      "type": "aws_cognito_user_pool_domain",
      "name": "main",
      "provider": "provider[\"registry.terraform.io/hashicorp/aws\"]",
      "instances": [
        {
          "schema_version": 0,
          "attributes": {
            "aws_account_id": "280250685594",
            "certificate_arn": "",
            "cloudfront_distribution": "d2uqej7bo24sqa.cloudfront.net",
            "cloudfront_distribution_arn": "d2uqej7bo24sqa.cloudfront.net",
            "cloudfront_distribution_zone_id": "Z2FDTNDATAQYW2",
            "domain": "accounting-copilot-280250685594",
            "id": "accounting-copilot-280250685594",
            "managed_login_version": 1,
            "s3_bucket": "aws-cognito-prod-dub-assets",
            "user_pool_id": "eu-west-1_dRl4wmfEE",
            "version": "20260308152337"
          },
          "sensitive_attributes": [],
          "identity_schema_version": 0,
          "private": "bnVsbA==",
          "dependencies": [
            "aws_cognito_user_pool.main",
            "data.aws_caller_identity.current"
          ]
        }
      ]
    },
    {
      "mode": "managed",
      "type": "aws_dynamodb_table",
      "name": "main",
      "provider": "provider[\"registry.terraform.io/hashicorp/aws\"]",
      "instances": [
        {
          "schema_version": 1,
          "attributes": {
            "arn": "arn:aws:dynamodb:eu-west-1:280250685594:table/AccountingCopilot",
            "attribute": [
              {
                "name": "GSI1PK",
                "type": "S"
              },
              {
                "name": "GSI1SK",
                "type": "S"
              },
              {
                "name": "GSI2PK",
                "type": "S"
              },
              {
                "name": "GSI2SK",
                "type": "S"
              },
              {
                "name": "PK",
                "type": "S"
              },
              {
                "name": "SK",
                "type": "S"
              }
            ],
            "billing_mode": "PAY_PER_REQUEST",
            "deletion_protection_enabled": false,
            "global_secondary_index": [
              {
                "hash_key": "GSI1PK",
                "name": "GSI1",
                "non_key_attributes": [],
                "on_demand_throughput": [],
                "projection_type": "ALL",
                "range_key": "GSI1SK",
                "read_capacity": 0,
                "write_capacity": 0
              },
              {
                "hash_key": "GSI2PK",
                "name": "GSI2",
                "non_key_attributes": [],
                "on_demand_throughput": [],
                "projection_type": "ALL",
                "range_key": "GSI2SK",
                "read_capacity": 0,
                "write_capacity": 0
              }
            ],
            "hash_key": "PK",
            "id": "AccountingCopilot",
            "import_table": [],
            "local_secondary_index": [],
            "name": "AccountingCopilot",
            "on_demand_throughput": [],
            "point_in_time_recovery": [
              {
                "enabled": true,
                "recovery_period_in_days": 35
              }
            ],
            "range_key": "SK",
            "read_capacity": 0,
            "replica": [],
            "restore_date_time": null,
            "restore_source_name": null,
            "restore_source_table_arn": null,
            "restore_to_latest_time": null,
            "server_side_encryption": [
              {
                "enabled": true,
                "kms_key_arn": "arn:aws:kms:eu-west-1:280250685594:key/91adf859-21ad-40e6-ba89-668b1d7de8e7"
              }
            ],
            "stream_arn": "",
            "stream_enabled": false,
            "stream_label": "",
            "stream_view_type": "",
            "table_class": "STANDARD",
            "tags": {
              "Environment": "dev",
              "Name": "AccountingCopilot-Main-Table",
              "Project": "AccountingCopilot"
            },
            "tags_all": {
              "Environment": "dev",
              "ManagedBy": "Terraform",
              "Name": "AccountingCopilot-Main-Table",
              "Project": "AccountingCopilot"
            },
            "timeouts": null,
            "ttl": [
              {
                "attribute_name": "",
                "enabled": false
              }
            ],
            "write_capacity": 0
          },
          "sensitive_attributes": [],
          "identity_schema_version": 0,
          "private": "eyJlMmJmYjczMC1lY2FhLTExZTYtOGY4OC0zNDM2M2JjN2M0YzAiOnsiY3JlYXRlIjoxODAwMDAwMDAwMDAwLCJkZWxldGUiOjYwMDAwMDAwMDAwMCwidXBkYXRlIjozNjAwMDAwMDAwMDAwfSwic2NoZW1hX3ZlcnNpb24iOiIxIn0=",
          "create_before_destroy": true
        }
      ]
    },
    {
      "mode": "managed",
      "type": "aws_iam_role",
      "name": "api_gateway_cloudwatch",
      "provider": "provider[\"registry.terraform.io/hashicorp/aws\"]",
      "instances": [
        {
          "schema_version": 0,
          "attributes": {
            "arn": "arn:aws:iam::280250685594:role/accounting-copilot-api-gateway-cloudwatch",
            "assume_role_policy": "{\"Statement\":[{\"Action\":\"sts:AssumeRole\",\"Effect\":\"Allow\",\"Principal\":{\"Service\":\"apigateway.amazonaws.com\"}}],\"Version\":\"2012-10-17\"}",
            "create_date": "2026-03-08T15:13:31Z",
            "description": "",
            "force_detach_policies": false,
            "id": "accounting-copilot-api-gateway-cloudwatch",
            "inline_policy": [],
            "managed_policy_arns": [
              "arn:aws:iam::aws:policy/service-role/AmazonAPIGatewayPushToCloudWatchLogs"
            ],
            "max_session_duration": 3600,
            "name": "accounting-copilot-api-gateway-cloudwatch",
            "name_prefix": "",
            "path": "/",
            "permissions_boundary": "",
            "tags": {
              "Environment": "dev",
              "Project": "AccountingCopilot"
            },
            "tags_all": {
              "Environment": "dev",
              "ManagedBy": "Terraform",
              "Project": "AccountingCopilot"
            },
            "unique_id": "AROAUCQB6DCNH3YA4S4GJ"
          },
          "sensitive_attributes": [],
          "identity_schema_version": 0,
          "private": "bnVsbA=="
        }
      ]
    },
    {
      "mode": "managed",
      "type": "aws_iam_role",
      "name": "lambda_execution",
      "provider": "provider[\"registry.terraform.io/hashicorp/aws\"]",
      "instances": [
        {
          "schema_version": 0,
          "attributes": {
            "arn": "arn:aws:iam::280250685594:role/accounting-copilot-lambda-execution",
            "assume_role_policy": "{\"Statement\":[{\"Action\":\"sts:AssumeRole\",\"Effect\":\"Allow\",\"Principal\":{\"Service\":\"lambda.amazonaws.com\"}}],\"Version\":\"2012-10-17\"}",
            "create_date": "2026-03-08T15:13:32Z",
            "description": "",
            "force_detach_policies": false,
            "id": "accounting-copilot-lambda-execution",
            "inline_policy": [
              {
                "name": "accounting-copilot-lambda-execution-policy",
                "policy": "{\"Version\":\"2012-10-17\",\"Statement\":[{\"Action\":[\"logs:CreateLogGroup\",\"logs:CreateLogStream\",\"logs:PutLogEvents\"],\"Effect\":\"Allow\",\"Resource\":\"arn:aws:logs:*:*:*\"},{\"Action\":[\"dynamodb:GetItem\",\"dynamodb:PutItem\",\"dynamodb:UpdateItem\",\"dynamodb:DeleteItem\",\"dynamodb:Query\",\"dynamodb:Scan\",\"dynamodb:BatchGetItem\",\"dynamodb:BatchWriteItem\"],\"Effect\":\"Allow\",\"Resource\":[\"arn:aws:dynamodb:eu-west-1:280250685594:table/AccountingCopilot\",\"arn:aws:dynamodb:eu-west-1:280250685594:table/AccountingCopilot/index/*\"]},{\"Action\":[\"s3:GetObject\",\"s3:PutObject\",\"s3:DeleteObject\"],\"Effect\":\"Allow\",\"Resource\":\"arn:aws:s3:::accounting-copilot-documents-280250685594/*\"},{\"Action\":[\"s3:ListBucket\"],\"Effect\":\"Allow\",\"Resource\":\"arn:aws:s3:::accounting-copilot-documents-280250685594\"},{\"Action\":[\"textract:DetectDocumentText\"],\"Effect\":\"Allow\",\"Resource\":\"*\"},{\"Action\":[\"bedrock:InvokeModel\"],\"Effect\":\"Allow\",\"Resource\":\"arn:aws:bedrock:*::foundation-model/anthropic.claude-3-haiku-*\"},{\"Action\":[\"sns:Publish\"],\"Effect\":\"Allow\",\"Resource\":[\"arn:aws:sns:eu-west-1:280250685594:accounting-copilot-pending-approvals\",\"arn:aws:sns:eu-west-1:280250685594:accounting-copilot-ocr-failures\",\"arn:aws:sns:eu-west-1:280250685594:accounting-copilot-unmatched-transactions\",\"arn:aws:sns:eu-west-1:280250685594:accounting-copilot-approval-reminders\"]},{\"Action\":[\"states:StartExecution\"],\"Effect\":\"Allow\",\"Resource\":\"arn:aws:states:eu-west-1:280250685594:stateMachine:accounting-copilot-document-processing\"},{\"Action\":[\"xray:PutTraceSegments\",\"xray:PutTelemetryRecords\"],\"Effect\":\"Allow\",\"Resource\":\"*\"}]}"
              }
            ],
            "managed_policy_arns": [],
            "max_session_duration": 3600,
            "name": "accounting-copilot-lambda-execution",
            "name_prefix": "",
            "path": "/",
            "permissions_boundary": "",
            "tags": {
              "Environment": "dev",
              "Project": "AccountingCopilot"
            },
            "tags_all": {
              "Environment": "dev",
              "ManagedBy": "Terraform",
              "Project": "AccountingCopilot"
            },
            "unique_id": "AROAUCQB6DCNDBSGB7KN6"
          },
          "sensitive_attributes": [],
          "identity_schema_version": 0,
          "private": "bnVsbA==",
          "create_before_destroy": true
        }
      ]
    },
    {
      "mode": "managed",
      "type": "aws_iam_role",
      "name": "step_functions",
      "provider": "provider[\"registry.terraform.io/hashicorp/aws\"]",
      "instances": [
        {
          "schema_version": 0,
          "attributes": {
            "arn": "arn:aws:iam::280250685594:role/accounting-copilot-step-functions",
            "assume_role_policy": "{\"Statement\":[{\"Action\":\"sts:AssumeRole\",\"Effect\":\"Allow\",\"Principal\":{\"Service\":\"states.amazonaws.com\"}}],\"Version\":\"2012-10-17\"}",
            "create_date": "2026-03-08T15:13:33Z",
            "description": "",
            "force_detach_policies": false,
            "id": "accounting-copilot-step-functions",
            "inline_policy": [
              {
                "name": "accounting-copilot-step-functions-policy",
                "policy": "{\"Version\":\"2012-10-17\",\"Statement\":[{\"Action\":[\"lambda:InvokeFunction\"],\"Effect\":\"Allow\",\"Resource\":\"arn:aws:lambda:eu-west-1:280250685594:function:accounting-copilot-*\"},{\"Action\":[\"sns:Publish\"],\"Effect\":\"Allow\",\"Resource\":[\"arn:aws:sns:eu-west-1:280250685594:accounting-copilot-pending-approvals\",\"arn:aws:sns:eu-west-1:280250685594:accounting-copilot-ocr-failures\",\"arn:aws:sns:eu-west-1:280250685594:accounting-copilot-unmatched-transactions\",\"arn:aws:sns:eu-west-1:280250685594:accounting-copilot-approval-reminders\"]},{\"Action\":[\"logs:CreateLogDelivery\",\"logs:GetLogDelivery\",\"logs:UpdateLogDelivery\",\"logs:DeleteLogDelivery\",\"logs:ListLogDeliveries\",\"logs:PutResourcePolicy\",\"logs:DescribeResourcePolicies\",\"logs:DescribeLogGroups\"],\"Effect\":\"Allow\",\"Resource\":\"*\"}]}"
              }
            ],
            "managed_policy_arns": [],
            "max_session_duration": 3600,
            "name": "accounting-copilot-step-functions",
            "name_prefix": "",
            "path": "/",
            "permissions_boundary": "",
            "tags": {
              "Environment": "dev",
              "Project": "AccountingCopilot"
            },
            "tags_all": {
              "Environment": "dev",
              "ManagedBy": "Terraform",
              "Project": "AccountingCopilot"
            },
            "unique_id": "AROAUCQB6DCNCDF7FNQRC"
          },
          "sensitive_attributes": [],
          "identity_schema_version": 0,
          "private": "bnVsbA=="
        }
      ]
    },
    {
      "mode": "managed",
      "type": "aws_iam_role_policy",
      "name": "lambda_execution",
      "provider": "provider[\"registry.terraform.io/hashicorp/aws\"]",
      "instances": [
        {
          "schema_version": 0,
          "attributes": {
            "id": "accounting-copilot-lambda-execution:accounting-copilot-lambda-execution-policy",
            "name": "accounting-copilot-lambda-execution-policy",
            "name_prefix": "",
            "policy": "{\"Version\":\"2012-10-17\",\"Statement\":[{\"Action\":[\"logs:CreateLogGroup\",\"logs:CreateLogStream\",\"logs:PutLogEvents\"],\"Effect\":\"Allow\",\"Resource\":\"arn:aws:logs:*:*:*\"},{\"Action\":[\"dynamodb:GetItem\",\"dynamodb:PutItem\",\"dynamodb:UpdateItem\",\"dynamodb:DeleteItem\",\"dynamodb:Query\",\"dynamodb:Scan\",\"dynamodb:BatchGetItem\",\"dynamodb:BatchWriteItem\"],\"Effect\":\"Allow\",\"Resource\":[\"arn:aws:dynamodb:eu-west-1:280250685594:table/AccountingCopilot\",\"arn:aws:dynamodb:eu-west-1:280250685594:table/AccountingCopilot/index/*\"]},{\"Action\":[\"s3:GetObject\",\"s3:PutObject\",\"s3:DeleteObject\"],\"Effect\":\"Allow\",\"Resource\":\"arn:aws:s3:::accounting-copilot-documents-280250685594/*\"},{\"Action\":[\"s3:ListBucket\"],\"Effect\":\"Allow\",\"Resource\":\"arn:aws:s3:::accounting-copilot-documents-280250685594\"},{\"Action\":[\"textract:DetectDocumentText\"],\"Effect\":\"Allow\",\"Resource\":\"*\"},{\"Action\":[\"bedrock:InvokeModel\"],\"Effect\":\"Allow\",\"Resource\":\"arn:aws:bedrock:*::foundation-model/anthropic.claude-3-haiku-*\"},{\"Action\":[\"sns:Publish\"],\"Effect\":\"Allow\",\"Resource\":[\"arn:aws:sns:eu-west-1:280250685594:accounting-copilot-pending-approvals\",\"arn:aws:sns:eu-west-1:280250685594:accounting-copilot-ocr-failures\",\"arn:aws:sns:eu-west-1:280250685594:accounting-copilot-unmatched-transactions\",\"arn:aws:sns:eu-west-1:280250685594:accounting-copilot-approval-reminders\"]},{\"Action\":[\"states:StartExecution\"],\"Effect\":\"Allow\",\"Resource\":\"arn:aws:states:eu-west-1:280250685594:stateMachine:accounting-copilot-document-processing\"},{\"Action\":[\"xray:PutTraceSegments\",\"xray:PutTelemetryRecords\"],\"Effect\":\"Allow\",\"Resource\":\"*\"}]}",
            "role": "accounting-copilot-lambda-execution"
          },
          "sensitive_attributes": [],
          "identity_schema_version": 0,
          "private": "bnVsbA==",
          "dependencies": [
            "aws_cloudwatch_log_group.step_functions",
            "aws_dynamodb_table.main",
            "aws_iam_role.lambda_execution",
            "aws_iam_role.step_functions",
            "aws_s3_bucket.documents",
            "aws_sfn_state_machine.document_processing",
            "aws_sns_topic.approval_reminders",
            "aws_sns_topic.ocr_failures",
            "aws_sns_topic.pending_approvals",
            "aws_sns_topic.unmatched_transactions",
            "data.aws_caller_identity.current"
          ]
        }
      ]
    },
    {
      "mode": "managed",
      "type": "aws_iam_role_policy",
      "name": "step_functions",
      "provider": "provider[\"registry.terraform.io/hashicorp/aws\"]",
      "instances": [
        {
          "schema_version": 0,
          "attributes": {
            "id": "accounting-copilot-step-functions:accounting-copilot-step-functions-policy",
            "name": "accounting-copilot-step-functions-policy",
            "name_prefix": "",
            "policy": "{\"Version\":\"2012-10-17\",\"Statement\":[{\"Action\":[\"lambda:InvokeFunction\"],\"Effect\":\"Allow\",\"Resource\":\"arn:aws:lambda:eu-west-1:280250685594:function:accounting-copilot-*\"},{\"Action\":[\"sns:Publish\"],\"Effect\":\"Allow\",\"Resource\":[\"arn:aws:sns:eu-west-1:280250685594:accounting-copilot-pending-approvals\",\"arn:aws:sns:eu-west-1:280250685594:accounting-copilot-ocr-failures\",\"arn:aws:sns:eu-west-1:280250685594:accounting-copilot-unmatched-transactions\",\"arn:aws:sns:eu-west-1:280250685594:accounting-copilot-approval-reminders\"]},{\"Action\":[\"logs:CreateLogDelivery\",\"logs:GetLogDelivery\",\"logs:UpdateLogDelivery\",\"logs:DeleteLogDelivery\",\"logs:ListLogDeliveries\",\"logs:PutResourcePolicy\",\"logs:DescribeResourcePolicies\",\"logs:DescribeLogGroups\"],\"Effect\":\"Allow\",\"Resource\":\"*\"}]}",
            "role": "accounting-copilot-step-functions"
          },
          "sensitive_attributes": [],
          "identity_schema_version": 0,
          "private": "bnVsbA==",
          "dependencies": [
            "aws_iam_role.step_functions",
            "aws_sns_topic.approval_reminders",
            "aws_sns_topic.ocr_failures",
            "aws_sns_topic.pending_approvals",
            "aws_sns_topic.unmatched_transactions",
            "data.aws_caller_identity.current",
            "data.aws_region.current"
          ]
        }
      ]
    },
    {
      "mode": "managed",
      "type": "aws_iam_role_policy_attachment",
      "name": "api_gateway_cloudwatch",
      "provider": "provider[\"registry.terraform.io/hashicorp/aws\"]",
      "instances": [
        {
          "schema_version": 0,
          "attributes": {
            "id": "accounting-copilot-api-gateway-cloudwatch-20260308151333775800000001",
            "policy_arn": "arn:aws:iam::aws:policy/service-role/AmazonAPIGatewayPushToCloudWatchLogs",
            "role": "accounting-copilot-api-gateway-cloudwatch"
          },
          "sensitive_attributes": [],
          "identity_schema_version": 0,
          "private": "bnVsbA==",
          "dependencies": [
            "aws_iam_role.api_gateway_cloudwatch"
          ]
        }
      ]
    },
    {
      "mode": "managed",
      "type": "aws_lambda_function",
      "name": "approval_manager",
      "provider": "provider[\"registry.terraform.io/hashicorp/aws\"]",
      "instances": [
        {
          "schema_version": 0,
          "attributes": {
            "architectures": [
              "x86_64"
            ],
            "arn": "arn:aws:lambda:eu-west-1:280250685594:function:accounting-copilot-approval-manager",
            "code_sha256": "jaFt3mRJ29voWGq0JDztGnC9SBqI0FmpymYnq1IFJAc=",
            "code_signing_config_arn": "",
            "dead_letter_config": [],
            "description": "",
            "environment": [
              {
                "variables": {
                  "DYNAMODB_TABLE": "AccountingCopilot",
                  "LOG_LEVEL": "INFO",
                  "SNS_PENDING_APPROVALS": "arn:aws:sns:eu-west-1:280250685594:accounting-copilot-pending-approvals",
                  "XRAY_ENABLED": "true"
                }
              }
            ],
            "ephemeral_storage": [
              {
                "size": 512
              }
            ],
            "file_system_config": [],
            "filename": "lambda_placeholder.zip",
            "function_name": "accounting-copilot-approval-manager",
            "handler": "handler.lambda_handler",
            "id": "accounting-copilot-approval-manager",
            "image_config": [],
            "image_uri": "",
            "invoke_arn": "arn:aws:apigateway:eu-west-1:lambda:path/2015-03-31/functions/arn:aws:lambda:eu-west-1:280250685594:function:accounting-copilot-approval-manager/invocations",
            "kms_key_arn": "",
            "last_modified": "2026-03-08T20:51:50.000+0000",
            "layers": [],
            "logging_config": [
              {
                "application_log_level": "",
                "log_format": "Text",
                "log_group": "/aws/lambda/accounting-copilot-approval-manager",
                "system_log_level": ""
              }
            ],
            "memory_size": 512,
            "package_type": "Zip",
            "publish": false,
            "qualified_arn": "arn:aws:lambda:eu-west-1:280250685594:function:accounting-copilot-approval-manager:$LATEST",
            "qualified_invoke_arn": "arn:aws:apigateway:eu-west-1:lambda:path/2015-03-31/functions/arn:aws:lambda:eu-west-1:280250685594:function:accounting-copilot-approval-manager:$LATEST/invocations",
            "replace_security_groups_on_destroy": null,
            "replacement_security_group_ids": null,
            "reserved_concurrent_executions": -1,
            "role": "arn:aws:iam::280250685594:role/accounting-copilot-lambda-execution",
            "runtime": "python3.11",
            "s3_bucket": null,
            "s3_key": null,
            "s3_object_version": null,
            "signing_job_arn": "",
            "signing_profile_version_arn": "",
            "skip_destroy": false,
            "snap_start": [],
            "source_code_hash": "oIyOgamvdlTyXjF4R022O49L8Aw0//ritjLV2frvPIY=",
            "source_code_size": 18988101,
            "tags": {
              "Environment": "dev",
              "Project": "AccountingCopilot"
            },
            "tags_all": {
              "Environment": "dev",
              "ManagedBy": "Terraform",
              "Project": "AccountingCopilot"
            },
            "timeout": 10,
            "timeouts": null,
            "tracing_config": [
              {
                "mode": "Active"
              }
            ],
            "version": "$LATEST",
            "vpc_config": []
          },
          "sensitive_attributes": [],
          "identity_schema_version": 0,
          "private": "eyJlMmJmYjczMC1lY2FhLTExZTYtOGY4OC0zNDM2M2JjN2M0YzAiOnsiY3JlYXRlIjo2MDAwMDAwMDAwMDAsImRlbGV0ZSI6NjAwMDAwMDAwMDAwLCJ1cGRhdGUiOjYwMDAwMDAwMDAwMH19",
          "dependencies": [
            "aws_dynamodb_table.main",
            "aws_iam_role.lambda_execution",
            "aws_sns_topic.pending_approvals"
          ],
          "create_before_destroy": true
        }
      ]
    },
    {
      "mode": "managed",
      "type": "aws_lambda_function",
      "name": "audit_logger",
      "provider": "provider[\"registry.terraform.io/hashicorp/aws\"]",
      "instances": [
        {
          "schema_version": 0,
          "attributes": {
            "architectures": [
              "x86_64"
            ],
            "arn": "arn:aws:lambda:eu-west-1:280250685594:function:accounting-copilot-audit-logger",
            "code_sha256": "N+MOH+ZrhC2BSkqaUq+rQSRh0XIBM8Rzc1+8ir2Dh9o=",
            "code_signing_config_arn": "",
            "dead_letter_config": [],
            "description": "",
            "environment": [
              {
                "variables": {
                  "DYNAMODB_TABLE": "AccountingCopilot",
                  "LOG_LEVEL": "INFO",
                  "XRAY_ENABLED": "true"
                }
              }
            ],
            "ephemeral_storage": [
              {
                "size": 512
              }
            ],
            "file_system_config": [],
            "filename": "lambda_placeholder.zip",
            "function_name": "accounting-copilot-audit-logger",
            "handler": "handler.lambda_handler",
            "id": "accounting-copilot-audit-logger",
            "image_config": [],
            "image_uri": "",
            "invoke_arn": "arn:aws:apigateway:eu-west-1:lambda:path/2015-03-31/functions/arn:aws:lambda:eu-west-1:280250685594:function:accounting-copilot-audit-logger/invocations",
            "kms_key_arn": "",
            "last_modified": "2026-03-08T20:51:50.000+0000",
            "layers": [],
            "logging_config": [
              {
                "application_log_level": "",
                "log_format": "Text",
                "log_group": "/aws/lambda/accounting-copilot-audit-logger",
                "system_log_level": ""
              }
            ],
            "memory_size": 256,
            "package_type": "Zip",
            "publish": false,
            "qualified_arn": "arn:aws:lambda:eu-west-1:280250685594:function:accounting-copilot-audit-logger:$LATEST",
            "qualified_invoke_arn": "arn:aws:apigateway:eu-west-1:lambda:path/2015-03-31/functions/arn:aws:lambda:eu-west-1:280250685594:function:accounting-copilot-audit-logger:$LATEST/invocations",
            "replace_security_groups_on_destroy": null,
            "replacement_security_group_ids": null,
            "reserved_concurrent_executions": -1,
            "role": "arn:aws:iam::280250685594:role/accounting-copilot-lambda-execution",
            "runtime": "python3.11",
            "s3_bucket": null,
            "s3_key": null,
            "s3_object_version": null,
            "signing_job_arn": "",
            "signing_profile_version_arn": "",
            "skip_destroy": false,
            "snap_start": [],
            "source_code_hash": "oIyOgamvdlTyXjF4R022O49L8Aw0//ritjLV2frvPIY=",
            "source_code_size": 18984404,
            "tags": {
              "Environment": "dev",
              "Project": "AccountingCopilot"
            },
            "tags_all": {
              "Environment": "dev",
              "ManagedBy": "Terraform",
              "Project": "AccountingCopilot"
            },
            "timeout": 5,
            "timeouts": null,
            "tracing_config": [
              {
                "mode": "Active"
              }
            ],
            "version": "$LATEST",
            "vpc_config": []
          },
          "sensitive_attributes": [],
          "identity_schema_version": 0,
          "private": "eyJlMmJmYjczMC1lY2FhLTExZTYtOGY4OC0zNDM2M2JjN2M0YzAiOnsiY3JlYXRlIjo2MDAwMDAwMDAwMDAsImRlbGV0ZSI6NjAwMDAwMDAwMDAwLCJ1cGRhdGUiOjYwMDAwMDAwMDAwMH19",
          "dependencies": [
            "aws_dynamodb_table.main",
            "aws_iam_role.lambda_execution"
          ]
        }
      ]
    },
    {
      "mode": "managed",
      "type": "aws_lambda_function",
      "name": "audit_trail_api",
      "provider": "provider[\"registry.terraform.io/hashicorp/aws\"]",
      "instances": [
        {
          "schema_version": 0,
          "attributes": {
            "architectures": [
              "x86_64"
            ],
            "arn": "arn:aws:lambda:eu-west-1:280250685594:function:accounting-copilot-audit-trail-api",
            "code_sha256": "+VGkzEo62Qa8QGU1xwmNMTS51WK7wN26S5O/OgVp6yM=",
            "code_signing_config_arn": "",
            "dead_letter_config": [],
            "description": "",
            "environment": [
              {
                "variables": {
                  "DYNAMODB_TABLE": "AccountingCopilot",
                  "LOG_LEVEL": "INFO",
                  "XRAY_ENABLED": "true"
                }
              }
            ],
            "ephemeral_storage": [
              {
                "size": 512
              }
            ],
            "file_system_config": [],
            "filename": "lambda_placeholder.zip",
            "function_name": "accounting-copilot-audit-trail-api",
            "handler": "handler.lambda_handler",
            "id": "accounting-copilot-audit-trail-api",
            "image_config": [],
            "image_uri": "",
            "invoke_arn": "arn:aws:apigateway:eu-west-1:lambda:path/2015-03-31/functions/arn:aws:lambda:eu-west-1:280250685594:function:accounting-copilot-audit-trail-api/invocations",
            "kms_key_arn": "",
            "last_modified": "2026-03-08T20:51:51.000+0000",
            "layers": [],
            "logging_config": [
              {
                "application_log_level": "",
                "log_format": "Text",
                "log_group": "/aws/lambda/accounting-copilot-audit-trail-api",
                "system_log_level": ""
              }
            ],
            "memory_size": 512,
            "package_type": "Zip",
            "publish": false,
            "qualified_arn": "arn:aws:lambda:eu-west-1:280250685594:function:accounting-copilot-audit-trail-api:$LATEST",
            "qualified_invoke_arn": "arn:aws:apigateway:eu-west-1:lambda:path/2015-03-31/functions/arn:aws:lambda:eu-west-1:280250685594:function:accounting-copilot-audit-trail-api:$LATEST/invocations",
            "replace_security_groups_on_destroy": null,
            "replacement_security_group_ids": null,
            "reserved_concurrent_executions": -1,
            "role": "arn:aws:iam::280250685594:role/accounting-copilot-lambda-execution",
            "runtime": "python3.11",
            "s3_bucket": null,
            "s3_key": null,
            "s3_object_version": null,
            "signing_job_arn": "",
            "signing_profile_version_arn": "",
            "skip_destroy": false,
            "snap_start": [],
            "source_code_hash": "oIyOgamvdlTyXjF4R022O49L8Aw0//ritjLV2frvPIY=",
            "source_code_size": 18985718,
            "tags": {
              "Environment": "dev",
              "Project": "AccountingCopilot"
            },
            "tags_all": {
              "Environment": "dev",
              "ManagedBy": "Terraform",
              "Project": "AccountingCopilot"
            },
            "timeout": 10,
            "timeouts": null,
            "tracing_config": [
              {
                "mode": "Active"
              }
            ],
            "version": "$LATEST",
            "vpc_config": []
          },
          "sensitive_attributes": [],
          "identity_schema_version": 0,
          "private": "eyJlMmJmYjczMC1lY2FhLTExZTYtOGY4OC0zNDM2M2JjN2M0YzAiOnsiY3JlYXRlIjo2MDAwMDAwMDAwMDAsImRlbGV0ZSI6NjAwMDAwMDAwMDAwLCJ1cGRhdGUiOjYwMDAwMDAwMDAwMH19",
          "dependencies": [
            "aws_dynamodb_table.main",
            "aws_iam_role.lambda_execution"
          ],
          "create_before_destroy": true
        }
      ]
    },
    {
      "mode": "managed",
      "type": "aws_lambda_function",
      "name": "dashboard_api",
      "provider": "provider[\"registry.terraform.io/hashicorp/aws\"]",
      "instances": [
        {
          "schema_version": 0,
          "attributes": {
            "architectures": [
              "x86_64"
            ],
            "arn": "arn:aws:lambda:eu-west-1:280250685594:function:accounting-copilot-dashboard-api",
            "code_sha256": "dMKrvJeQ3KVlK4RgFnXjptFVkF9X5oxyKBXJop4A7CM=",
            "code_signing_config_arn": "",
            "dead_letter_config": [],
            "description": "",
            "environment": [
              {
                "variables": {
                  "DYNAMODB_TABLE": "AccountingCopilot",
                  "LOG_LEVEL": "INFO",
                  "XRAY_ENABLED": "true"
                }
              }
            ],
            "ephemeral_storage": [
              {
                "size": 512
              }
            ],
            "file_system_config": [],
            "filename": "lambda_placeholder.zip",
            "function_name": "accounting-copilot-dashboard-api",
            "handler": "handler.lambda_handler",
            "id": "accounting-copilot-dashboard-api",
            "image_config": [],
            "image_uri": "",
            "invoke_arn": "arn:aws:apigateway:eu-west-1:lambda:path/2015-03-31/functions/arn:aws:lambda:eu-west-1:280250685594:function:accounting-copilot-dashboard-api/invocations",
            "kms_key_arn": "",
            "last_modified": "2026-03-08T20:51:50.000+0000",
            "layers": [],
            "logging_config": [
              {
                "application_log_level": "",
                "log_format": "Text",
                "log_group": "/aws/lambda/accounting-copilot-dashboard-api",
                "system_log_level": ""
              }
            ],
            "memory_size": 256,
            "package_type": "Zip",
            "publish": false,
            "qualified_arn": "arn:aws:lambda:eu-west-1:280250685594:function:accounting-copilot-dashboard-api:$LATEST",
            "qualified_invoke_arn": "arn:aws:apigateway:eu-west-1:lambda:path/2015-03-31/functions/arn:aws:lambda:eu-west-1:280250685594:function:accounting-copilot-dashboard-api:$LATEST/invocations",
            "replace_security_groups_on_destroy": null,
            "replacement_security_group_ids": null,
            "reserved_concurrent_executions": -1,
            "role": "arn:aws:iam::280250685594:role/accounting-copilot-lambda-execution",
            "runtime": "python3.11",
            "s3_bucket": null,
            "s3_key": null,
            "s3_object_version": null,
            "signing_job_arn": "",
            "signing_profile_version_arn": "",
            "skip_destroy": false,
            "snap_start": [],
            "source_code_hash": "oIyOgamvdlTyXjF4R022O49L8Aw0//ritjLV2frvPIY=",
            "source_code_size": 18984304,
            "tags": {
              "Environment": "dev",
              "Project": "AccountingCopilot"
            },
            "tags_all": {
              "Environment": "dev",
              "ManagedBy": "Terraform",
              "Project": "AccountingCopilot"
            },
            "timeout": 5,
            "timeouts": null,
            "tracing_config": [
              {
                "mode": "Active"
              }
            ],
            "version": "$LATEST",
            "vpc_config": []
          },
          "sensitive_attributes": [],
          "identity_schema_version": 0,
          "private": "eyJlMmJmYjczMC1lY2FhLTExZTYtOGY4OC0zNDM2M2JjN2M0YzAiOnsiY3JlYXRlIjo2MDAwMDAwMDAwMDAsImRlbGV0ZSI6NjAwMDAwMDAwMDAwLCJ1cGRhdGUiOjYwMDAwMDAwMDAwMH19",
          "dependencies": [
            "aws_dynamodb_table.main",
            "aws_iam_role.lambda_execution"
          ],
          "create_before_destroy": true
        }
      ]
    },
    {
      "mode": "managed",
      "type": "aws_lambda_function",
      "name": "data_validator",
      "provider": "provider[\"registry.terraform.io/hashicorp/aws\"]",
      "instances": [
        {
          "schema_version": 0,
          "attributes": {
            "architectures": [
              "x86_64"
            ],
            "arn": "arn:aws:lambda:eu-west-1:280250685594:function:accounting-copilot-data-validator",
            "code_sha256": "GfIeqXPd+QnaaLmH5JGyjjUBo2LL0HFXSMFXm/V07lw=",
            "code_signing_config_arn": "",
            "dead_letter_config": [],
            "description": "",
            "environment": [
              {
                "variables": {
                  "DYNAMODB_TABLE": "AccountingCopilot",
                  "LOG_LEVEL": "INFO",
                  "OUTLIER_STD_DEVIATION": "3",
                  "SNS_PENDING_APPROVALS": "arn:aws:sns:eu-west-1:280250685594:accounting-copilot-pending-approvals",
                  "XRAY_ENABLED": "true"
                }
              }
            ],
            "ephemeral_storage": [
              {
                "size": 512
              }
            ],
            "file_system_config": [],
            "filename": "lambda_placeholder.zip",
            "function_name": "accounting-copilot-data-validator",
            "handler": "handler.lambda_handler",
            "id": "accounting-copilot-data-validator",
            "image_config": [],
            "image_uri": "",
            "invoke_arn": "arn:aws:apigateway:eu-west-1:lambda:path/2015-03-31/functions/arn:aws:lambda:eu-west-1:280250685594:function:accounting-copilot-data-validator/invocations",
            "kms_key_arn": "",
            "last_modified": "2026-03-08T20:51:50.000+0000",
            "layers": [],
            "logging_config": [
              {
                "application_log_level": "",
                "log_format": "Text",
                "log_group": "/aws/lambda/accounting-copilot-data-validator",
                "system_log_level": ""
              }
            ],
            "memory_size": 512,
            "package_type": "Zip",
            "publish": false,
            "qualified_arn": "arn:aws:lambda:eu-west-1:280250685594:function:accounting-copilot-data-validator:$LATEST",
            "qualified_invoke_arn": "arn:aws:apigateway:eu-west-1:lambda:path/2015-03-31/functions/arn:aws:lambda:eu-west-1:280250685594:function:accounting-copilot-data-validator:$LATEST/invocations",
            "replace_security_groups_on_destroy": null,
            "replacement_security_group_ids": null,
            "reserved_concurrent_executions": -1,
            "role": "arn:aws:iam::280250685594:role/accounting-copilot-lambda-execution",
            "runtime": "python3.11",
            "s3_bucket": null,
            "s3_key": null,
            "s3_object_version": null,
            "signing_job_arn": "",
            "signing_profile_version_arn": "",
            "skip_destroy": false,
            "snap_start": [],
            "source_code_hash": "oIyOgamvdlTyXjF4R022O49L8Aw0//ritjLV2frvPIY=",
            "source_code_size": 18985895,
            "tags": {
              "Environment": "dev",
              "Project": "AccountingCopilot"
            },
            "tags_all": {
              "Environment": "dev",
              "ManagedBy": "Terraform",
              "Project": "AccountingCopilot"
            },
            "timeout": 10,
            "timeouts": null,
            "tracing_config": [
              {
                "mode": "Active"
              }
            ],
            "version": "$LATEST",
            "vpc_config": []
          },
          "sensitive_attributes": [],
          "identity_schema_version": 0,
          "private": "eyJlMmJmYjczMC1lY2FhLTExZTYtOGY4OC0zNDM2M2JjN2M0YzAiOnsiY3JlYXRlIjo2MDAwMDAwMDAwMDAsImRlbGV0ZSI6NjAwMDAwMDAwMDAwLCJ1cGRhdGUiOjYwMDAwMDAwMDAwMH19",
          "dependencies": [
            "aws_dynamodb_table.main",
            "aws_iam_role.lambda_execution",
            "aws_sns_topic.pending_approvals"
          ]
        }
      ]
    },
    {
      "mode": "managed",
      "type": "aws_lambda_function",
      "name": "document_api",
      "provider": "provider[\"registry.terraform.io/hashicorp/aws\"]",
      "instances": [
        {
          "schema_version": 0,
          "attributes": {
            "architectures": [
              "x86_64"
            ],
            "arn": "arn:aws:lambda:eu-west-1:280250685594:function:accounting-copilot-document-api",
            "code_sha256": "xbNmNQjMEyGQFI3cqs5DIB34KOnKkM6aJbpMkZyj3HU=",
            "code_signing_config_arn": "",
            "dead_letter_config": [],
            "description": "",
            "environment": [
              {
                "variables": {
                  "DOCUMENTS_BUCKET": "accounting-copilot-documents-280250685594",
                  "DYNAMODB_TABLE": "AccountingCopilot",
                  "LOG_LEVEL": "INFO",
                  "XRAY_ENABLED": "true"
                }
              }
            ],
            "ephemeral_storage": [
              {
                "size": 512
              }
            ],
            "file_system_config": [],
            "filename": "lambda_placeholder.zip",
            "function_name": "accounting-copilot-document-api",
            "handler": "handler.lambda_handler",
            "id": "accounting-copilot-document-api",
            "image_config": [],
            "image_uri": "",
            "invoke_arn": "arn:aws:apigateway:eu-west-1:lambda:path/2015-03-31/functions/arn:aws:lambda:eu-west-1:280250685594:function:accounting-copilot-document-api/invocations",
            "kms_key_arn": "",
            "last_modified": "2026-03-08T20:51:57.000+0000",
            "layers": [],
            "logging_config": [
              {
                "application_log_level": "",
                "log_format": "Text",
                "log_group": "/aws/lambda/accounting-copilot-document-api",
                "system_log_level": ""
              }
            ],
            "memory_size": 512,
            "package_type": "Zip",
            "publish": false,
            "qualified_arn": "arn:aws:lambda:eu-west-1:280250685594:function:accounting-copilot-document-api:$LATEST",
            "qualified_invoke_arn": "arn:aws:apigateway:eu-west-1:lambda:path/2015-03-31/functions/arn:aws:lambda:eu-west-1:280250685594:function:accounting-copilot-document-api:$LATEST/invocations",
            "replace_security_groups_on_destroy": null,
            "replacement_security_group_ids": null,
            "reserved_concurrent_executions": -1,
            "role": "arn:aws:iam::280250685594:role/accounting-copilot-lambda-execution",
            "runtime": "python3.11",
            "s3_bucket": null,
            "s3_key": null,
            "s3_object_version": null,
            "signing_job_arn": "",
            "signing_profile_version_arn": "",
            "skip_destroy": false,
            "snap_start": [],
            "source_code_hash": "oIyOgamvdlTyXjF4R022O49L8Aw0//ritjLV2frvPIY=",
            "source_code_size": 18984491,
            "tags": {
              "Environment": "dev",
              "Project": "AccountingCopilot"
            },
            "tags_all": {
              "Environment": "dev",
              "ManagedBy": "Terraform",
              "Project": "AccountingCopilot"
            },
            "timeout": 10,
            "timeouts": null,
            "tracing_config": [
              {
                "mode": "Active"
              }
            ],
            "version": "$LATEST",
            "vpc_config": []
          },
          "sensitive_attributes": [],
          "identity_schema_version": 0,
          "private": "eyJlMmJmYjczMC1lY2FhLTExZTYtOGY4OC0zNDM2M2JjN2M0YzAiOnsiY3JlYXRlIjo2MDAwMDAwMDAwMDAsImRlbGV0ZSI6NjAwMDAwMDAwMDAwLCJ1cGRhdGUiOjYwMDAwMDAwMDAwMH19",
          "dependencies": [
            "aws_dynamodb_table.main",
            "aws_iam_role.lambda_execution",
            "aws_s3_bucket.documents",
            "data.aws_caller_identity.current"
          ],
          "create_before_destroy": true
        }
      ]
    },
    {
      "mode": "managed",
      "type": "aws_lambda_function",
      "name": "document_upload_handler",
      "provider": "provider[\"registry.terraform.io/hashicorp/aws\"]",
      "instances": [
        {
          "schema_version": 0,
          "attributes": {
            "architectures": [
              "x86_64"
            ],
            "arn": "arn:aws:lambda:eu-west-1:280250685594:function:accounting-copilot-document-upload-handler",
            "code_sha256": "uEWOfyfF4wwAMFkbVM2joNlPbfiVB6yJA/rzic649SE=",
            "code_signing_config_arn": "",
            "dead_letter_config": [],
            "description": "",
            "environment": [
              {
                "variables": {
                  "DOCUMENTS_BUCKET": "accounting-copilot-documents-280250685594",
                  "DYNAMODB_TABLE": "AccountingCopilot",
                  "LOG_LEVEL": "INFO",
                  "WORKFLOW_ARN": "arn:aws:states:eu-west-1:280250685594:stateMachine:accounting-copilot-document-processing",
                  "XRAY_ENABLED": "true"
                }
              }
            ],
            "ephemeral_storage": [
              {
                "size": 512
              }
            ],
            "file_system_config": [],
            "filename": "lambda_placeholder.zip",
            "function_name": "accounting-copilot-document-upload-handler",
            "handler": "handler.lambda_handler",
            "id": "accounting-copilot-document-upload-handler",
            "image_config": [],
            "image_uri": "",
            "invoke_arn": "arn:aws:apigateway:eu-west-1:lambda:path/2015-03-31/functions/arn:aws:lambda:eu-west-1:280250685594:function:accounting-copilot-document-upload-handler/invocations",
            "kms_key_arn": "",
            "last_modified": "2026-03-08T20:51:50.000+0000",
            "layers": [],
            "logging_config": [
              {
                "application_log_level": "",
                "log_format": "Text",
                "log_group": "/aws/lambda/accounting-copilot-document-upload-handler",
                "system_log_level": ""
              }
            ],
            "memory_size": 512,
            "package_type": "Zip",
            "publish": false,
            "qualified_arn": "arn:aws:lambda:eu-west-1:280250685594:function:accounting-copilot-document-upload-handler:$LATEST",
            "qualified_invoke_arn": "arn:aws:apigateway:eu-west-1:lambda:path/2015-03-31/functions/arn:aws:lambda:eu-west-1:280250685594:function:accounting-copilot-document-upload-handler:$LATEST/invocations",
            "replace_security_groups_on_destroy": null,
            "replacement_security_group_ids": null,
            "reserved_concurrent_executions": -1,
            "role": "arn:aws:iam::280250685594:role/accounting-copilot-lambda-execution",
            "runtime": "python3.11",
            "s3_bucket": null,
            "s3_key": null,
            "s3_object_version": null,
            "signing_job_arn": "",
            "signing_profile_version_arn": "",
            "skip_destroy": false,
            "snap_start": [],
            "source_code_hash": "oIyOgamvdlTyXjF4R022O49L8Aw0//ritjLV2frvPIY=",
            "source_code_size": 18985607,
            "tags": {
              "Environment": "dev",
              "Project": "AccountingCopilot"
            },
            "tags_all": {
              "Environment": "dev",
              "ManagedBy": "Terraform",
              "Project": "AccountingCopilot"
            },
            "timeout": 30,
            "timeouts": null,
            "tracing_config": [
              {
                "mode": "Active"
              }
            ],
            "version": "$LATEST",
            "vpc_config": []
          },
          "sensitive_attributes": [],
          "identity_schema_version": 0,
          "private": "eyJlMmJmYjczMC1lY2FhLTExZTYtOGY4OC0zNDM2M2JjN2M0YzAiOnsiY3JlYXRlIjo2MDAwMDAwMDAwMDAsImRlbGV0ZSI6NjAwMDAwMDAwMDAwLCJ1cGRhdGUiOjYwMDAwMDAwMDAwMH19",
          "dependencies": [
            "aws_cloudwatch_log_group.step_functions",
            "aws_dynamodb_table.main",
            "aws_iam_role.lambda_execution",
            "aws_iam_role.step_functions",
            "aws_s3_bucket.documents",
            "aws_sfn_state_machine.document_processing",
            "aws_sns_topic.ocr_failures",
            "aws_sns_topic.pending_approvals",
            "data.aws_caller_identity.current"
          ]
        }
      ]
    },
    {
      "mode": "managed",
      "type": "aws_lambda_function",
      "name": "financial_assistant",
      "provider": "provider[\"registry.terraform.io/hashicorp/aws\"]",
      "instances": [
        {
          "schema_version": 0,
          "attributes": {
            "architectures": [
              "x86_64"
            ],
            "arn": "arn:aws:lambda:eu-west-1:280250685594:function:accounting-copilot-financial-assistant",
            "code_sha256": "xasHRYeXiRpjl+5qhPGGn49jryrGmkulk827kRPDP80=",
            "code_signing_config_arn": "",
            "dead_letter_config": [],
            "description": "",
            "environment": [
              {
                "variables": {
                  "BEDROCK_MODEL_ID": "anthropic.claude-3-haiku-20240307-v1:0",
                  "DYNAMODB_TABLE": "AccountingCopilot",
                  "LOG_LEVEL": "INFO",
                  "XRAY_ENABLED": "true"
                }
              }
            ],
            "ephemeral_storage": [
              {
                "size": 512
              }
            ],
            "file_system_config": [],
            "filename": "lambda_placeholder.zip",
            "function_name": "accounting-copilot-financial-assistant",
            "handler": "handler.lambda_handler",
            "id": "accounting-copilot-financial-assistant",
            "image_config": [],
            "image_uri": "",
            "invoke_arn": "arn:aws:apigateway:eu-west-1:lambda:path/2015-03-31/functions/arn:aws:lambda:eu-west-1:280250685594:function:accounting-copilot-financial-assistant/invocations",
            "kms_key_arn": "",
            "last_modified": "2026-03-08T20:51:50.000+0000",
            "layers": [],
            "logging_config": [
              {
                "application_log_level": "",
                "log_format": "Text",
                "log_group": "/aws/lambda/accounting-copilot-financial-assistant",
                "system_log_level": ""
              }
            ],
            "memory_size": 1024,
            "package_type": "Zip",
            "publish": false,
            "qualified_arn": "arn:aws:lambda:eu-west-1:280250685594:function:accounting-copilot-financial-assistant:$LATEST",
            "qualified_invoke_arn": "arn:aws:apigateway:eu-west-1:lambda:path/2015-03-31/functions/arn:aws:lambda:eu-west-1:280250685594:function:accounting-copilot-financial-assistant:$LATEST/invocations",
            "replace_security_groups_on_destroy": null,
            "replacement_security_group_ids": null,
            "reserved_concurrent_executions": -1,
            "role": "arn:aws:iam::280250685594:role/accounting-copilot-lambda-execution",
            "runtime": "python3.11",
            "s3_bucket": null,
            "s3_key": null,
            "s3_object_version": null,
            "signing_job_arn": "",
            "signing_profile_version_arn": "",
            "skip_destroy": false,
            "snap_start": [],
            "source_code_hash": "oIyOgamvdlTyXjF4R022O49L8Aw0//ritjLV2frvPIY=",
            "source_code_size": 18986950,
            "tags": {
              "Environment": "dev",
              "Project": "AccountingCopilot"
            },
            "tags_all": {
              "Environment": "dev",
              "ManagedBy": "Terraform",
              "Project": "AccountingCopilot"
            },
            "timeout": 30,
            "timeouts": null,
            "tracing_config": [
              {
                "mode": "Active"
              }
            ],
            "version": "$LATEST",
            "vpc_config": []
          },
          "sensitive_attributes": [],
          "identity_schema_version": 0,
          "private": "eyJlMmJmYjczMC1lY2FhLTExZTYtOGY4OC0zNDM2M2JjN2M0YzAiOnsiY3JlYXRlIjo2MDAwMDAwMDAwMDAsImRlbGV0ZSI6NjAwMDAwMDAwMDAwLCJ1cGRhdGUiOjYwMDAwMDAwMDAwMH19",
          "dependencies": [
            "aws_dynamodb_table.main",
            "aws_iam_role.lambda_execution"
          ],
          "create_before_destroy": true
        }
      ]
    },
    {
      "mode": "managed",
      "type": "aws_lambda_function",
      "name": "ocr_processor",
      "provider": "provider[\"registry.terraform.io/hashicorp/aws\"]",
      "instances": [
        {
          "schema_version": 0,
          "attributes": {
            "architectures": [
              "x86_64"
            ],
            "arn": "arn:aws:lambda:eu-west-1:280250685594:function:accounting-copilot-ocr-processor",
            "code_sha256": "QSAShh4ffd8fq4mpmY5j5XLkvgVlIEfL0J7JJpPIOGc=",
            "code_signing_config_arn": "",
            "dead_letter_config": [],
            "description": "",
            "environment": [
              {
                "variables": {
                  "DYNAMODB_TABLE": "AccountingCopilot",
                  "LOG_LEVEL": "INFO",
                  "SNS_OCR_FAILURES": "arn:aws:sns:eu-west-1:280250685594:accounting-copilot-ocr-failures",
                  "XRAY_ENABLED": "true"
                }
              }
            ],
            "ephemeral_storage": [
              {
                "size": 512
              }
            ],
            "file_system_config": [],
            "filename": "lambda_placeholder.zip",
            "function_name": "accounting-copilot-ocr-processor",
            "handler": "handler.lambda_handler",
            "id": "accounting-copilot-ocr-processor",
            "image_config": [],
            "image_uri": "",
            "invoke_arn": "arn:aws:apigateway:eu-west-1:lambda:path/2015-03-31/functions/arn:aws:lambda:eu-west-1:280250685594:function:accounting-copilot-ocr-processor/invocations",
            "kms_key_arn": "",
            "last_modified": "2026-03-08T20:51:50.000+0000",
            "layers": [],
            "logging_config": [
              {
                "application_log_level": "",
                "log_format": "Text",
                "log_group": "/aws/lambda/accounting-copilot-ocr-processor",
                "system_log_level": ""
              }
            ],
            "memory_size": 1024,
            "package_type": "Zip",
            "publish": false,
            "qualified_arn": "arn:aws:lambda:eu-west-1:280250685594:function:accounting-copilot-ocr-processor:$LATEST",
            "qualified_invoke_arn": "arn:aws:apigateway:eu-west-1:lambda:path/2015-03-31/functions/arn:aws:lambda:eu-west-1:280250685594:function:accounting-copilot-ocr-processor:$LATEST/invocations",
            "replace_security_groups_on_destroy": null,
            "replacement_security_group_ids": null,
            "reserved_concurrent_executions": -1,
            "role": "arn:aws:iam::280250685594:role/accounting-copilot-lambda-execution",
            "runtime": "python3.11",
            "s3_bucket": null,
            "s3_key": null,
            "s3_object_version": null,
            "signing_job_arn": "",
            "signing_profile_version_arn": "",
            "skip_destroy": false,
            "snap_start": [],
            "source_code_hash": "oIyOgamvdlTyXjF4R022O49L8Aw0//ritjLV2frvPIY=",
            "source_code_size": 18985486,
            "tags": {
              "Environment": "dev",
              "Project": "AccountingCopilot"
            },
            "tags_all": {
              "Environment": "dev",
              "ManagedBy": "Terraform",
              "Project": "AccountingCopilot"
            },
            "timeout": 60,
            "timeouts": null,
            "tracing_config": [
              {
                "mode": "Active"
              }
            ],
            "version": "$LATEST",
            "vpc_config": []
          },
          "sensitive_attributes": [],
          "identity_schema_version": 0,
          "private": "eyJlMmJmYjczMC1lY2FhLTExZTYtOGY4OC0zNDM2M2JjN2M0YzAiOnsiY3JlYXRlIjo2MDAwMDAwMDAwMDAsImRlbGV0ZSI6NjAwMDAwMDAwMDAwLCJ1cGRhdGUiOjYwMDAwMDAwMDAwMH19",
          "dependencies": [
            "aws_dynamodb_table.main",
            "aws_iam_role.lambda_execution",
            "aws_sns_topic.ocr_failures"
          ]
        }
      ]
    },
    {
      "mode": "managed",
      "type": "aws_lambda_function",
      "name": "reconciliation_engine",
      "provider": "provider[\"registry.terraform.io/hashicorp/aws\"]",
      "instances": [
        {
          "schema_version": 0,
          "attributes": {
            "architectures": [
              "x86_64"
            ],
            "arn": "arn:aws:lambda:eu-west-1:280250685594:function:accounting-copilot-reconciliation-engine",
            "code_sha256": "5up2oATohNuHdAtLHIpaSzgAm6ePESRSRyerKp2v8F0=",
            "code_signing_config_arn": "",
            "dead_letter_config": [],
            "description": "",
            "environment": [
              {
                "variables": {
                  "DYNAMODB_TABLE": "AccountingCopilot",
                  "LOG_LEVEL": "INFO",
                  "UNMATCHED_TRANSACTIONS_TOPIC_ARN": "arn:aws:sns:eu-west-1:280250685594:accounting-copilot-unmatched-transactions",
                  "XRAY_ENABLED": "true"
                }
              }
            ],
            "ephemeral_storage": [
              {
                "size": 512
              }
            ],
            "file_system_config": [],
            "filename": "lambda_placeholder.zip",
            "function_name": "accounting-copilot-reconciliation-engine",
            "handler": "handler.lambda_handler",
            "id": "accounting-copilot-reconciliation-engine",
            "image_config": [],
            "image_uri": "",
            "invoke_arn": "arn:aws:apigateway:eu-west-1:lambda:path/2015-03-31/functions/arn:aws:lambda:eu-west-1:280250685594:function:accounting-copilot-reconciliation-engine/invocations",
            "kms_key_arn": "",
            "last_modified": "2026-03-08T20:51:50.000+0000",
            "layers": [],
            "logging_config": [
              {
                "application_log_level": "",
                "log_format": "Text",
                "log_group": "/aws/lambda/accounting-copilot-reconciliation-engine",
                "system_log_level": ""
              }
            ],
            "memory_size": 512,
            "package_type": "Zip",
            "publish": false,
            "qualified_arn": "arn:aws:lambda:eu-west-1:280250685594:function:accounting-copilot-reconciliation-engine:$LATEST",
            "qualified_invoke_arn": "arn:aws:apigateway:eu-west-1:lambda:path/2015-03-31/functions/arn:aws:lambda:eu-west-1:280250685594:function:accounting-copilot-reconciliation-engine:$LATEST/invocations",
            "replace_security_groups_on_destroy": null,
            "replacement_security_group_ids": null,
            "reserved_concurrent_executions": -1,
            "role": "arn:aws:iam::280250685594:role/accounting-copilot-lambda-execution",
            "runtime": "python3.11",
            "s3_bucket": null,
            "s3_key": null,
            "s3_object_version": null,
            "signing_job_arn": "",
            "signing_profile_version_arn": "",
            "skip_destroy": false,
            "snap_start": [],
            "source_code_hash": "oIyOgamvdlTyXjF4R022O49L8Aw0//ritjLV2frvPIY=",
            "source_code_size": 18986714,
            "tags": {
              "Environment": "dev",
              "Project": "AccountingCopilot"
            },
            "tags_all": {
              "Environment": "dev",
              "ManagedBy": "Terraform",
              "Project": "AccountingCopilot"
            },
            "timeout": 60,
            "timeouts": null,
            "tracing_config": [
              {
                "mode": "Active"
              }
            ],
            "version": "$LATEST",
            "vpc_config": []
          },
          "sensitive_attributes": [],
          "identity_schema_version": 0,
          "private": "eyJlMmJmYjczMC1lY2FhLTExZTYtOGY4OC0zNDM2M2JjN2M0YzAiOnsiY3JlYXRlIjo2MDAwMDAwMDAwMDAsImRlbGV0ZSI6NjAwMDAwMDAwMDAwLCJ1cGRhdGUiOjYwMDAwMDAwMDAwMH19",
          "dependencies": [
            "aws_dynamodb_table.main",
            "aws_iam_role.lambda_execution",
            "aws_sns_topic.unmatched_transactions"
          ]
        }
      ]
    },
    {
      "mode": "managed",
      "type": "aws_lambda_function",
      "name": "transaction_api",
      "provider": "provider[\"registry.terraform.io/hashicorp/aws\"]",
      "instances": [
        {
          "schema_version": 0,
          "attributes": {
            "architectures": [
              "x86_64"
            ],
            "arn": "arn:aws:lambda:eu-west-1:280250685594:function:accounting-copilot-transaction-api",
            "code_sha256": "SXuDu5Z+MIn6M3a3uIQFJzpeTJRY1oQc7APcxZYWnTU=",
            "code_signing_config_arn": "",
            "dead_letter_config": [],
            "description": "",
            "environment": [
              {
                "variables": {
                  "DYNAMODB_TABLE": "AccountingCopilot",
                  "LOG_LEVEL": "INFO",
                  "XRAY_ENABLED": "true"
                }
              }
            ],
            "ephemeral_storage": [
              {
                "size": 512
              }
            ],
            "file_system_config": [],
            "filename": "lambda_placeholder.zip",
            "function_name": "accounting-copilot-transaction-api",
            "handler": "handler.lambda_handler",
            "id": "accounting-copilot-transaction-api",
            "image_config": [],
            "image_uri": "",
            "invoke_arn": "arn:aws:apigateway:eu-west-1:lambda:path/2015-03-31/functions/arn:aws:lambda:eu-west-1:280250685594:function:accounting-copilot-transaction-api/invocations",
            "kms_key_arn": "",
            "last_modified": "2026-03-08T20:51:57.000+0000",
            "layers": [],
            "logging_config": [
              {
                "application_log_level": "",
                "log_format": "Text",
                "log_group": "/aws/lambda/accounting-copilot-transaction-api",
                "system_log_level": ""
              }
            ],
            "memory_size": 512,
            "package_type": "Zip",
            "publish": false,
            "qualified_arn": "arn:aws:lambda:eu-west-1:280250685594:function:accounting-copilot-transaction-api:$LATEST",
            "qualified_invoke_arn": "arn:aws:apigateway:eu-west-1:lambda:path/2015-03-31/functions/arn:aws:lambda:eu-west-1:280250685594:function:accounting-copilot-transaction-api:$LATEST/invocations",
            "replace_security_groups_on_destroy": null,
            "replacement_security_group_ids": null,
            "reserved_concurrent_executions": -1,
            "role": "arn:aws:iam::280250685594:role/accounting-copilot-lambda-execution",
            "runtime": "python3.11",
            "s3_bucket": null,
            "s3_key": null,
            "s3_object_version": null,
            "signing_job_arn": "",
            "signing_profile_version_arn": "",
            "skip_destroy": false,
            "snap_start": [],
            "source_code_hash": "oIyOgamvdlTyXjF4R022O49L8Aw0//ritjLV2frvPIY=",
            "source_code_size": 18987539,
            "tags": {
              "Environment": "dev",
              "Project": "AccountingCopilot"
            },
            "tags_all": {
              "Environment": "dev",
              "ManagedBy": "Terraform",
              "Project": "AccountingCopilot"
            },
            "timeout": 10,
            "timeouts": null,
            "tracing_config": [
              {
                "mode": "Active"
              }
            ],
            "version": "$LATEST",
            "vpc_config": []
          },
          "sensitive_attributes": [],
          "identity_schema_version": 0,
          "private": "eyJlMmJmYjczMC1lY2FhLTExZTYtOGY4OC0zNDM2M2JjN2M0YzAiOnsiY3JlYXRlIjo2MDAwMDAwMDAwMDAsImRlbGV0ZSI6NjAwMDAwMDAwMDAwLCJ1cGRhdGUiOjYwMDAwMDAwMDAwMH19",
          "dependencies": [
            "aws_dynamodb_table.main",
            "aws_iam_role.lambda_execution"
          ],
          "create_before_destroy": true
        }
      ]
    },
    {
      "mode": "managed",
      "type": "aws_lambda_function",
      "name": "transaction_classifier",
      "provider": "provider[\"registry.terraform.io/hashicorp/aws\"]",
      "instances": [
        {
          "schema_version": 0,
          "attributes": {
            "architectures": [
              "x86_64"
            ],
            "arn": "arn:aws:lambda:eu-west-1:280250685594:function:accounting-copilot-transaction-classifier",
            "code_sha256": "m1amiCTM/G1gA62BXyRlAp8ELO7PXKF+zne4mYB6C4U=",
            "code_signing_config_arn": "",
            "dead_letter_config": [],
            "description": "",
            "environment": [
              {
                "variables": {
                  "BEDROCK_MODEL_ID": "anthropic.claude-3-haiku-20240307-v1:0",
                  "CLASSIFICATION_CONFIDENCE_THRESHOLD": "0.7",
                  "DYNAMODB_TABLE": "AccountingCopilot",
                  "LOG_LEVEL": "INFO",
                  "XRAY_ENABLED": "true"
                }
              }
            ],
            "ephemeral_storage": [
              {
                "size": 512
              }
            ],
            "file_system_config": [],
            "filename": "lambda_placeholder.zip",
            "function_name": "accounting-copilot-transaction-classifier",
            "handler": "handler.lambda_handler",
            "id": "accounting-copilot-transaction-classifier",
            "image_config": [],
            "image_uri": "",
            "invoke_arn": "arn:aws:apigateway:eu-west-1:lambda:path/2015-03-31/functions/arn:aws:lambda:eu-west-1:280250685594:function:accounting-copilot-transaction-classifier/invocations",
            "kms_key_arn": "",
            "last_modified": "2026-03-08T20:51:51.000+0000",
            "layers": [],
            "logging_config": [
              {
                "application_log_level": "",
                "log_format": "Text",
                "log_group": "/aws/lambda/accounting-copilot-transaction-classifier",
                "system_log_level": ""
              }
            ],
            "memory_size": 512,
            "package_type": "Zip",
            "publish": false,
            "qualified_arn": "arn:aws:lambda:eu-west-1:280250685594:function:accounting-copilot-transaction-classifier:$LATEST",
            "qualified_invoke_arn": "arn:aws:apigateway:eu-west-1:lambda:path/2015-03-31/functions/arn:aws:lambda:eu-west-1:280250685594:function:accounting-copilot-transaction-classifier:$LATEST/invocations",
            "replace_security_groups_on_destroy": null,
            "replacement_security_group_ids": null,
            "reserved_concurrent_executions": -1,
            "role": "arn:aws:iam::280250685594:role/accounting-copilot-lambda-execution",
            "runtime": "python3.11",
            "s3_bucket": null,
            "s3_key": null,
            "s3_object_version": null,
            "signing_job_arn": "",
            "signing_profile_version_arn": "",
            "skip_destroy": false,
            "snap_start": [],
            "source_code_hash": "oIyOgamvdlTyXjF4R022O49L8Aw0//ritjLV2frvPIY=",
            "source_code_size": 18986507,
            "tags": {
              "Environment": "dev",
              "Project": "AccountingCopilot"
            },
            "tags_all": {
              "Environment": "dev",
              "ManagedBy": "Terraform",
              "Project": "AccountingCopilot"
            },
            "timeout": 10,
            "timeouts": null,
            "tracing_config": [
              {
                "mode": "Active"
              }
            ],
            "version": "$LATEST",
            "vpc_config": []
          },
          "sensitive_attributes": [],
          "identity_schema_version": 0,
          "private": "eyJlMmJmYjczMC1lY2FhLTExZTYtOGY4OC0zNDM2M2JjN2M0YzAiOnsiY3JlYXRlIjo2MDAwMDAwMDAwMDAsImRlbGV0ZSI6NjAwMDAwMDAwMDAwLCJ1cGRhdGUiOjYwMDAwMDAwMDAwMH19",
          "dependencies": [
            "aws_dynamodb_table.main",
            "aws_iam_role.lambda_execution"
          ]
        }
      ]
    },
    {
      "mode": "managed",
      "type": "aws_lambda_permission",
      "name": "approval_manager",
      "provider": "provider[\"registry.terraform.io/hashicorp/aws\"]",
      "instances": [
        {
          "schema_version": 0,
          "attributes": {
            "action": "lambda:InvokeFunction",
            "event_source_token": null,
            "function_name": "accounting-copilot-approval-manager",
            "function_url_auth_type": null,
            "id": "AllowAPIGatewayInvoke",
            "principal": "apigateway.amazonaws.com",
            "principal_org_id": null,
            "qualifier": "",
            "source_account": null,
            "source_arn": "arn:aws:execute-api:eu-west-1:280250685594:l91194lhci/*/*",
            "statement_id": "AllowAPIGatewayInvoke",
            "statement_id_prefix": ""
          },
          "sensitive_attributes": [],
          "identity_schema_version": 0,
          "private": "bnVsbA==",
          "dependencies": [
            "aws_api_gateway_rest_api.main",
            "aws_dynamodb_table.main",
            "aws_iam_role.lambda_execution",
            "aws_lambda_function.approval_manager",
            "aws_sns_topic.pending_approvals"
          ]
        }
      ]
    },
    {
      "mode": "managed",
      "type": "aws_lambda_permission",
      "name": "audit_trail_api",
      "provider": "provider[\"registry.terraform.io/hashicorp/aws\"]",
      "instances": [
        {
          "schema_version": 0,
          "attributes": {
            "action": "lambda:InvokeFunction",
            "event_source_token": null,
            "function_name": "accounting-copilot-audit-trail-api",
            "function_url_auth_type": null,
            "id": "AllowAPIGatewayInvoke",
            "principal": "apigateway.amazonaws.com",
            "principal_org_id": null,
            "qualifier": "",
            "source_account": null,
            "source_arn": "arn:aws:execute-api:eu-west-1:280250685594:l91194lhci/*/*",
            "statement_id": "AllowAPIGatewayInvoke",
            "statement_id_prefix": ""
          },
          "sensitive_attributes": [],
          "identity_schema_version": 0,
          "private": "bnVsbA==",
          "dependencies": [
            "aws_api_gateway_rest_api.main",
            "aws_dynamodb_table.main",
            "aws_iam_role.lambda_execution",
            "aws_lambda_function.audit_trail_api"
          ]
        }
      ]
    },
    {
      "mode": "managed",
      "type": "aws_lambda_permission",
      "name": "dashboard_api",
      "provider": "provider[\"registry.terraform.io/hashicorp/aws\"]",
      "instances": [
        {
          "schema_version": 0,
          "attributes": {
            "action": "lambda:InvokeFunction",
            "event_source_token": null,
            "function_name": "accounting-copilot-dashboard-api",
            "function_url_auth_type": null,
            "id": "AllowAPIGatewayInvoke",
            "principal": "apigateway.amazonaws.com",
            "principal_org_id": null,
            "qualifier": "",
            "source_account": null,
            "source_arn": "arn:aws:execute-api:eu-west-1:280250685594:l91194lhci/*/*",
            "statement_id": "AllowAPIGatewayInvoke",
            "statement_id_prefix": ""
          },
          "sensitive_attributes": [],
          "identity_schema_version": 0,
          "private": "bnVsbA==",
          "dependencies": [
            "aws_api_gateway_rest_api.main",
            "aws_dynamodb_table.main",
            "aws_iam_role.lambda_execution",
            "aws_lambda_function.dashboard_api"
          ]
        }
      ]
    },
    {
      "mode": "managed",
      "type": "aws_lambda_permission",
      "name": "document_api",
      "provider": "provider[\"registry.terraform.io/hashicorp/aws\"]",
      "instances": [
        {
          "schema_version": 0,
          "attributes": {
            "action": "lambda:InvokeFunction",
            "event_source_token": null,
            "function_name": "accounting-copilot-document-api",
            "function_url_auth_type": null,
            "id": "AllowAPIGatewayInvoke",
            "principal": "apigateway.amazonaws.com",
            "principal_org_id": null,
            "qualifier": "",
            "source_account": null,
            "source_arn": "arn:aws:execute-api:eu-west-1:280250685594:l91194lhci/*/*",
            "statement_id": "AllowAPIGatewayInvoke",
            "statement_id_prefix": ""
          },
          "sensitive_attributes": [],
          "identity_schema_version": 0,
          "private": "bnVsbA==",
          "dependencies": [
            "aws_api_gateway_rest_api.main",
            "aws_dynamodb_table.main",
            "aws_iam_role.lambda_execution",
            "aws_lambda_function.document_api",
            "aws_s3_bucket.documents",
            "data.aws_caller_identity.current"
          ]
        }
      ]
    },
    {
      "mode": "managed",
      "type": "aws_lambda_permission",
      "name": "document_upload_handler",
      "provider": "provider[\"registry.terraform.io/hashicorp/aws\"]",
      "instances": [
        {
          "schema_version": 0,
          "attributes": {
            "action": "lambda:InvokeFunction",
            "event_source_token": null,
            "function_name": "accounting-copilot-document-upload-handler",
            "function_url_auth_type": null,
            "id": "AllowAPIGatewayInvoke",
            "principal": "apigateway.amazonaws.com",
            "principal_org_id": null,
            "qualifier": "",
            "source_account": null,
            "source_arn": "arn:aws:execute-api:eu-west-1:280250685594:l91194lhci/*/*",
            "statement_id": "AllowAPIGatewayInvoke",
            "statement_id_prefix": ""
          },
          "sensitive_attributes": [],
          "identity_schema_version": 0,
          "private": "bnVsbA==",
          "dependencies": [
            "aws_api_gateway_rest_api.main",
            "aws_cloudwatch_log_group.step_functions",
            "aws_dynamodb_table.main",
            "aws_iam_role.lambda_execution",
            "aws_iam_role.step_functions",
            "aws_lambda_function.document_upload_handler",
            "aws_s3_bucket.documents",
            "aws_sfn_state_machine.document_processing",
            "aws_sns_topic.ocr_failures",
            "aws_sns_topic.pending_approvals",
            "data.aws_caller_identity.current"
          ]
        }
      ]
    },
    {
      "mode": "managed",
      "type": "aws_lambda_permission",
      "name": "financial_assistant",
      "provider": "provider[\"registry.terraform.io/hashicorp/aws\"]",
      "instances": [
        {
          "schema_version": 0,
          "attributes": {
            "action": "lambda:InvokeFunction",
            "event_source_token": null,
            "function_name": "accounting-copilot-financial-assistant",
            "function_url_auth_type": null,
            "id": "AllowAPIGatewayInvoke",
            "principal": "apigateway.amazonaws.com",
            "principal_org_id": null,
            "qualifier": "",
            "source_account": null,
            "source_arn": "arn:aws:execute-api:eu-west-1:280250685594:l91194lhci/*/*",
            "statement_id": "AllowAPIGatewayInvoke",
            "statement_id_prefix": ""
          },
          "sensitive_attributes": [],
          "identity_schema_version": 0,
          "private": "bnVsbA==",
          "dependencies": [
            "aws_api_gateway_rest_api.main",
            "aws_dynamodb_table.main",
            "aws_iam_role.lambda_execution",
            "aws_lambda_function.financial_assistant"
          ]
        }
      ]
    },
    {
      "mode": "managed",
      "type": "aws_lambda_permission",
      "name": "transaction_api",
      "provider": "provider[\"registry.terraform.io/hashicorp/aws\"]",
      "instances": [
        {
          "schema_version": 0,
          "attributes": {
            "action": "lambda:InvokeFunction",
            "event_source_token": null,
            "function_name": "accounting-copilot-transaction-api",
            "function_url_auth_type": null,
            "id": "AllowAPIGatewayInvoke",
            "principal": "apigateway.amazonaws.com",
            "principal_org_id": null,
            "qualifier": "",
            "source_account": null,
            "source_arn": "arn:aws:execute-api:eu-west-1:280250685594:l91194lhci/*/*",
            "statement_id": "AllowAPIGatewayInvoke",
            "statement_id_prefix": ""
          },
          "sensitive_attributes": [],
          "identity_schema_version": 0,
          "private": "bnVsbA==",
          "dependencies": [
            "aws_api_gateway_rest_api.main",
            "aws_dynamodb_table.main",
            "aws_iam_role.lambda_execution",
            "aws_lambda_function.transaction_api"
          ]
        }
      ]
    },
    {
      "mode": "managed",
      "type": "aws_s3_bucket",
      "name": "documents",
      "provider": "provider[\"registry.terraform.io/hashicorp/aws\"]",
      "instances": [
        {
          "schema_version": 0,
          "attributes": {
            "acceleration_status": "",
            "acl": null,
            "arn": "arn:aws:s3:::accounting-copilot-documents-280250685594",
            "bucket": "accounting-copilot-documents-280250685594",
            "bucket_domain_name": "accounting-copilot-documents-280250685594.s3.amazonaws.com",
            "bucket_prefix": "",
            "bucket_regional_domain_name": "accounting-copilot-documents-280250685594.s3.eu-west-1.amazonaws.com",
            "cors_rule": [
              {
                "allowed_headers": [
                  "*"
                ],
                "allowed_methods": [
                  "POST",
                  "PUT"
                ],
                "allowed_origins": [
                  "*"
                ],
                "expose_headers": [
                  "ETag"
                ],
                "max_age_seconds": 3000
              }
            ],
            "force_destroy": false,
            "grant": [
              {
                "id": "3e818b72e4e489a9a4afde99b22714ddb66cae6f25ca43188eb72158a8058009",
                "permissions": [
                  "FULL_CONTROL"
                ],
                "type": "CanonicalUser",
                "uri": ""
              }
            ],
            "hosted_zone_id": "Z1BKCTXD74EZPE",
            "id": "accounting-copilot-documents-280250685594",
            "lifecycle_rule": [
              {
                "abort_incomplete_multipart_upload_days": 0,
                "enabled": true,
                "expiration": [
                  {
                    "date": "",
                    "days": 2555,
                    "expired_object_delete_marker": false
                  }
                ],
                "id": "archive-old-documents",
                "noncurrent_version_expiration": [],
                "noncurrent_version_transition": [],
                "prefix": "",
                "tags": {},
                "transition": [
                  {
                    "date": "",
                    "days": 365,
                    "storage_class": "GLACIER"
                  }
                ]
              }
            ],
            "logging": [],
            "object_lock_configuration": [],
            "object_lock_enabled": false,
            "policy": "",
            "region": "eu-west-1",
            "replication_configuration": [],
            "request_payer": "BucketOwner",
            "server_side_encryption_configuration": [
              {
                "rule": [
                  {
                    "apply_server_side_encryption_by_default": [
                      {
                        "kms_master_key_id": "",
                        "sse_algorithm": "AES256"
                      }
                    ],
                    "bucket_key_enabled": false
                  }
                ]
              }
            ],
            "tags": {},
            "tags_all": {
              "Environment": "dev",
              "ManagedBy": "Terraform",
              "Project": "AccountingCopilot"
            },
            "timeouts": null,
            "versioning": [
              {
                "enabled": true,
                "mfa_delete": false
              }
            ],
            "website": [],
            "website_domain": null,
            "website_endpoint": null
          },
          "sensitive_attributes": [],
          "identity_schema_version": 0,
          "private": "eyJlMmJmYjczMC1lY2FhLTExZTYtOGY4OC0zNDM2M2JjN2M0YzAiOnsiY3JlYXRlIjoxMjAwMDAwMDAwMDAwLCJkZWxldGUiOjM2MDAwMDAwMDAwMDAsInJlYWQiOjEyMDAwMDAwMDAwMDAsInVwZGF0ZSI6MTIwMDAwMDAwMDAwMH19",
          "dependencies": [
            "data.aws_caller_identity.current"
          ],
          "create_before_destroy": true
        }
      ]
    },
    {
      "mode": "managed",
      "type": "aws_s3_bucket",
      "name": "website",
      "provider": "provider[\"registry.terraform.io/hashicorp/aws\"]",
      "instances": [
        {
          "schema_version": 0,
          "attributes": {
            "acceleration_status": "",
            "acl": null,
            "arn": "arn:aws:s3:::accounting-copilot-web-280250685594",
            "bucket": "accounting-copilot-web-280250685594",
            "bucket_domain_name": "accounting-copilot-web-280250685594.s3.amazonaws.com",
            "bucket_prefix": "",
            "bucket_regional_domain_name": "accounting-copilot-web-280250685594.s3.eu-west-1.amazonaws.com",
            "cors_rule": [],
            "force_destroy": false,
            "grant": [
              {
                "id": "3e818b72e4e489a9a4afde99b22714ddb66cae6f25ca43188eb72158a8058009",
                "permissions": [
                  "FULL_CONTROL"
                ],
                "type": "CanonicalUser",
                "uri": ""
              }
            ],
            "hosted_zone_id": "Z1BKCTXD74EZPE",
            "id": "accounting-copilot-web-280250685594",
            "lifecycle_rule": [],
            "logging": [],
            "object_lock_configuration": [],
            "object_lock_enabled": false,
            "policy": "{\"Statement\":[{\"Action\":\"s3:GetObject\",\"Effect\":\"Allow\",\"Principal\":\"*\",\"Resource\":\"arn:aws:s3:::accounting-copilot-web-280250685594/*\",\"Sid\":\"PublicReadGetObject\"}],\"Version\":\"2012-10-17\"}",
            "region": "eu-west-1",
            "replication_configuration": [],
            "request_payer": "BucketOwner",
            "server_side_encryption_configuration": [
              {
                "rule": [
                  {
                    "apply_server_side_encryption_by_default": [
                      {
                        "kms_master_key_id": "",
                        "sse_algorithm": "AES256"
                      }
                    ],
                    "bucket_key_enabled": false
                  }
                ]
              }
            ],
            "tags": {},
            "tags_all": {
              "Environment": "dev",
              "ManagedBy": "Terraform",
              "Project": "AccountingCopilot"
            },
            "timeouts": null,
            "versioning": [
              {
                "enabled": false,
                "mfa_delete": false
              }
            ],
            "website": [
              {
                "error_document": "index.html",
                "index_document": "index.html",
                "redirect_all_requests_to": "",
                "routing_rules": ""
              }
            ],
            "website_domain": "s3-website-eu-west-1.amazonaws.com",
            "website_endpoint": "accounting-copilot-web-280250685594.s3-website-eu-west-1.amazonaws.com"
          },
          "sensitive_attributes": [],
          "identity_schema_version": 0,
          "private": "eyJlMmJmYjczMC1lY2FhLTExZTYtOGY4OC0zNDM2M2JjN2M0YzAiOnsiY3JlYXRlIjoxMjAwMDAwMDAwMDAwLCJkZWxldGUiOjM2MDAwMDAwMDAwMDAsInJlYWQiOjEyMDAwMDAwMDAwMDAsInVwZGF0ZSI6MTIwMDAwMDAwMDAwMH19",
          "dependencies": [
            "data.aws_caller_identity.current"
          ]
        }
      ]
    },
    {
      "mode": "managed",
      "type": "aws_s3_bucket_cors_configuration",
      "name": "documents",
      "provider": "provider[\"registry.terraform.io/hashicorp/aws\"]",
      "instances": [
        {
          "schema_version": 0,
          "attributes": {
            "bucket": "accounting-copilot-documents-280250685594",
            "cors_rule": [
              {
                "allowed_headers": [
                  "*"
                ],
                "allowed_methods": [
                  "POST",
                  "PUT"
                ],
                "allowed_origins": [
                  "*"
                ],
                "expose_headers": [
                  "ETag"
                ],
                "id": "",
                "max_age_seconds": 3000
              }
            ],
            "expected_bucket_owner": "",
            "id": "accounting-copilot-documents-280250685594"
          },
          "sensitive_attributes": [],
          "identity_schema_version": 0,
          "private": "bnVsbA==",
          "dependencies": [
            "aws_s3_bucket.documents",
            "data.aws_caller_identity.current"
          ]
        }
      ]
    },
    {
      "mode": "managed",
      "type": "aws_s3_bucket_lifecycle_configuration",
      "name": "documents",
      "provider": "provider[\"registry.terraform.io/hashicorp/aws\"]",
      "instances": [
        {
          "schema_version": 1,
          "attributes": {
            "bucket": "accounting-copilot-documents-280250685594",
            "expected_bucket_owner": "",
            "id": "accounting-copilot-documents-280250685594",
            "rule": [
              {
                "abort_incomplete_multipart_upload": [],
                "expiration": [
                  {
                    "date": null,
                    "days": 2555,
                    "expired_object_delete_marker": false
                  }
                ],
                "filter": [
                  {
                    "and": [],
                    "object_size_greater_than": null,
                    "object_size_less_than": null,
                    "prefix": "",
                    "tag": []
                  }
                ],
                "id": "archive-old-documents",
                "noncurrent_version_expiration": [],
                "noncurrent_version_transition": [],
                "prefix": "",
                "status": "Enabled",
                "transition": [
                  {
                    "date": null,
                    "days": 365,
                    "storage_class": "GLACIER"
                  }
                ]
              }
            ],
            "timeouts": null,
            "transition_default_minimum_object_size": "all_storage_classes_128K"
          },
          "sensitive_attributes": [],
          "identity_schema_version": 0,
          "dependencies": [
            "aws_s3_bucket.documents",
            "data.aws_caller_identity.current"
          ]
        }
      ]
    },
    {
      "mode": "managed",
      "type": "aws_s3_bucket_policy",
      "name": "website",
      "provider": "provider[\"registry.terraform.io/hashicorp/aws\"]",
      "instances": [
        {
          "schema_version": 0,
          "attributes": {
            "bucket": "accounting-copilot-web-280250685594",
            "id": "accounting-copilot-web-280250685594",
            "policy": "{\"Statement\":[{\"Action\":\"s3:GetObject\",\"Effect\":\"Allow\",\"Principal\":\"*\",\"Resource\":\"arn:aws:s3:::accounting-copilot-web-280250685594/*\",\"Sid\":\"PublicReadGetObject\"}],\"Version\":\"2012-10-17\"}"
          },
          "sensitive_attributes": [],
          "identity_schema_version": 0,
          "private": "bnVsbA==",
          "dependencies": [
            "aws_s3_bucket.website",
            "data.aws_caller_identity.current"
          ]
        }
      ]
    },
    {
      "mode": "managed",
      "type": "aws_s3_bucket_public_access_block",
      "name": "documents",
      "provider": "provider[\"registry.terraform.io/hashicorp/aws\"]",
      "instances": [
        {
          "schema_version": 0,
          "attributes": {
            "block_public_acls": true,
            "block_public_policy": true,
            "bucket": "accounting-copilot-documents-280250685594",
            "id": "accounting-copilot-documents-280250685594",
            "ignore_public_acls": true,
            "restrict_public_buckets": true
          },
          "sensitive_attributes": [],
          "identity_schema_version": 0,
          "private": "bnVsbA==",
          "dependencies": [
            "aws_s3_bucket.documents",
            "data.aws_caller_identity.current"
          ]
        }
      ]
    },
    {
      "mode": "managed",
      "type": "aws_s3_bucket_public_access_block",
      "name": "website",
      "provider": "provider[\"registry.terraform.io/hashicorp/aws\"]",
      "instances": [
        {
          "schema_version": 0,
          "attributes": {
            "block_public_acls": false,
            "block_public_policy": false,
            "bucket": "accounting-copilot-web-280250685594",
            "id": "accounting-copilot-web-280250685594",
            "ignore_public_acls": false,
            "restrict_public_buckets": false
          },
          "sensitive_attributes": [],
          "identity_schema_version": 0,
          "private": "bnVsbA==",
          "dependencies": [
            "aws_s3_bucket.website",
            "data.aws_caller_identity.current"
          ]
        }
      ]
    },
    {
      "mode": "managed",
      "type": "aws_s3_bucket_server_side_encryption_configuration",
      "name": "documents",
      "provider": "provider[\"registry.terraform.io/hashicorp/aws\"]",
      "instances": [
        {
          "schema_version": 0,
          "attributes": {
            "bucket": "accounting-copilot-documents-280250685594",
            "expected_bucket_owner": "",
            "id": "accounting-copilot-documents-280250685594",
            "rule": [
              {
                "apply_server_side_encryption_by_default": [
                  {
                    "kms_master_key_id": "",
                    "sse_algorithm": "AES256"
                  }
                ],
                "bucket_key_enabled": false
              }
            ]
          },
          "sensitive_attributes": [],
          "identity_schema_version": 0,
          "private": "bnVsbA==",
          "dependencies": [
            "aws_s3_bucket.documents",
            "data.aws_caller_identity.current"
          ]
        }
      ]
    },
    {
      "mode": "managed",
      "type": "aws_s3_bucket_versioning",
      "name": "documents",
      "provider": "provider[\"registry.terraform.io/hashicorp/aws\"]",
      "instances": [
        {
          "schema_version": 0,
          "attributes": {
            "bucket": "accounting-copilot-documents-280250685594",
            "expected_bucket_owner": "",
            "id": "accounting-copilot-documents-280250685594",
            "mfa": null,
            "versioning_configuration": [
              {
                "mfa_delete": "",
                "status": "Enabled"
              }
            ]
          },
          "sensitive_attributes": [],
          "identity_schema_version": 0,
          "private": "bnVsbA==",
          "dependencies": [
            "aws_s3_bucket.documents",
            "data.aws_caller_identity.current"
          ]
        }
      ]
    },
    {
      "mode": "managed",
      "type": "aws_s3_bucket_website_configuration",
      "name": "website",
      "provider": "provider[\"registry.terraform.io/hashicorp/aws\"]",
      "instances": [
        {
          "schema_version": 0,
          "attributes": {
            "bucket": "accounting-copilot-web-280250685594",
            "error_document": [
              {
                "key": "index.html"
              }
            ],
            "expected_bucket_owner": "",
            "id": "accounting-copilot-web-280250685594",
            "index_document": [
              {
                "suffix": "index.html"
              }
            ],
            "redirect_all_requests_to": [],
            "routing_rule": [],
            "routing_rules": "",
            "website_domain": "s3-website-eu-west-1.amazonaws.com",
            "website_endpoint": "accounting-copilot-web-280250685594.s3-website-eu-west-1.amazonaws.com"
          },
          "sensitive_attributes": [],
          "identity_schema_version": 0,
          "private": "bnVsbA==",
          "dependencies": [
            "aws_s3_bucket.website",
            "data.aws_caller_identity.current"
          ]
        }
      ]
    },
    {
      "mode": "managed",
      "type": "aws_sfn_state_machine",
      "name": "document_processing",
      "provider": "provider[\"registry.terraform.io/hashicorp/aws\"]",
      "instances": [
        {
          "schema_version": 0,
          "attributes": {
            "arn": "arn:aws:states:eu-west-1:280250685594:stateMachine:accounting-copilot-document-processing",
            "creation_date": "2026-03-08T15:25:07Z",
            "definition": "{\"Comment\":\"Process uploaded financial document\",\"StartAt\":\"ExtractText\",\"States\":{\"CheckConfidence\":{\"Choices\":[{\"Next\":\"ReconcileReceipts\",\"NumericGreaterThanEquals\":0.7,\"Variable\":\"$.classification_result.Payload.confidence\"}],\"Default\":\"FlagForReview\",\"Type\":\"Choice\"},\"ClassifyTransaction\":{\"Next\":\"ValidateData\",\"Parameters\":{\"FunctionName\":\"accounting-copilot-transaction-classifier\",\"Payload\":{\"document_id.$\":\"$.document_id\",\"extracted_data.$\":\"$.ocr_result.Payload\",\"user_id.$\":\"$.user_id\"}},\"Resource\":\"arn:aws:states:::lambda:invoke\",\"ResultPath\":\"$.classification_result\",\"Retry\":[{\"BackoffRate\":2,\"ErrorEquals\":[\"States.TaskFailed\"],\"IntervalSeconds\":2,\"MaxAttempts\":3}],\"Type\":\"Task\"},\"ExtractText\":{\"Catch\":[{\"ErrorEquals\":[\"OCRFailure\",\"States.TaskFailed\"],\"Next\":\"NotifyOCRFailure\",\"ResultPath\":\"$.error\"}],\"Next\":\"ClassifyTransaction\",\"Parameters\":{\"FunctionName\":\"accounting-copilot-ocr-processor\",\"Payload\":{\"document_id.$\":\"$.document_id\",\"s3_bucket.$\":\"$.s3_bucket\",\"s3_key.$\":\"$.s3_key\",\"user_id.$\":\"$.user_id\"}},\"Resource\":\"arn:aws:states:::lambda:invoke\",\"ResultPath\":\"$.ocr_result\",\"Type\":\"Task\"},\"FlagForReview\":{\"Next\":\"NotifyPendingApproval\",\"Parameters\":{\"ExpressionAttributeNames\":{\"#status\":\"status\"},\"ExpressionAttributeValues\":{\":flagged\":{\"BOOL\":true},\":status\":{\"S\":\"pending_review\"}},\"Key\":{\"PK\":{\"S.$\":\"States.Format('USER#{}', $.user_id)\"},\"SK\":{\"S.$\":\"States.Format('TXN#{}', $.classification_result.Payload.transaction_id)\"}},\"TableName\":\"AccountingCopilot\",\"UpdateExpression\":\"SET #status = :status, flagged_for_review = :flagged\"},\"Resource\":\"arn:aws:states:::dynamodb:updateItem\",\"ResultPath\":\"$.flag_result\",\"Type\":\"Task\"},\"LogAuditTrail\":{\"End\":true,\"Parameters\":{\"FunctionName\":\"accounting-copilot-audit-logger\",\"Payload\":{\"action_type\":\"document_processing\",\"document_id.$\":\"$.document_id\",\"transaction_id.$\":\"$.classification_result.Payload.transaction_id\",\"user_id.$\":\"$.user_id\",\"workflow_result\":{\"classification.$\":\"$.classification_result.Payload\",\"ocr_status.$\":\"$.ocr_result.Payload.status\",\"reconciliation.$\":\"$.reconciliation_result.Payload\",\"validation.$\":\"$.validation_result.Payload\"}}},\"Resource\":\"arn:aws:states:::lambda:invoke\",\"ResultPath\":\"$.audit_result\",\"Type\":\"Task\"},\"NotifyOCRFailure\":{\"End\":true,\"Parameters\":{\"Message\":{\"default.$\":\"States.Format('OCR processing failed for document {}. Manual entry required.', $.document_id)\"},\"Subject\":\"OCR Processing Failed\",\"TopicArn\":\"arn:aws:sns:eu-west-1:280250685594:accounting-copilot-ocr-failures\"},\"Resource\":\"arn:aws:states:::sns:publish\",\"Type\":\"Task\"},\"NotifyPendingApproval\":{\"Next\":\"ReconcileReceipts\",\"Parameters\":{\"Message\":{\"default.$\":\"States.Format('Transaction {} requires review. Confidence: {}', $.classification_result.Payload.transaction_id, $.classification_result.Payload.confidence)\"},\"Subject\":\"Transaction Pending Review\",\"TopicArn\":\"arn:aws:sns:eu-west-1:280250685594:accounting-copilot-pending-approvals\"},\"Resource\":\"arn:aws:states:::sns:publish\",\"ResultPath\":\"$.notification_result\",\"Type\":\"Task\"},\"ReconcileReceipts\":{\"Next\":\"LogAuditTrail\",\"Parameters\":{\"FunctionName\":\"accounting-copilot-reconciliation-engine\",\"Payload\":{\"transaction_id.$\":\"$.classification_result.Payload.transaction_id\",\"user_id.$\":\"$.user_id\"}},\"Resource\":\"arn:aws:states:::lambda:invoke\",\"ResultPath\":\"$.reconciliation_result\",\"Type\":\"Task\"},\"ValidateData\":{\"Next\":\"CheckConfidence\",\"Parameters\":{\"FunctionName\":\"accounting-copilot-data-validator\",\"Payload\":{\"transaction_id.$\":\"$.classification_result.Payload.transaction_id\",\"user_id.$\":\"$.user_id\"}},\"Resource\":\"arn:aws:states:::lambda:invoke\",\"ResultPath\":\"$.validation_result\",\"Type\":\"Task\"}}}",
            "description": "",
            "encryption_configuration": [
              {
                "kms_data_key_reuse_period_seconds": 0,
                "kms_key_id": "",
                "type": "AWS_OWNED_KEY"
              }
            ],
            "id": "arn:aws:states:eu-west-1:280250685594:stateMachine:accounting-copilot-document-processing",
            "logging_configuration": [
              {
                "include_execution_data": true,
                "level": "ALL",
                "log_destination": "arn:aws:logs:eu-west-1:280250685594:log-group:/aws/vendedlogs/states/accounting-copilot-document-processing:*"
              }
            ],
            "name": "accounting-copilot-document-processing",
            "name_prefix": "",
            "publish": false,
            "revision_id": "",
            "role_arn": "arn:aws:iam::280250685594:role/accounting-copilot-step-functions",
            "state_machine_version_arn": "",
            "status": "ACTIVE",
            "tags": {
              "Environment": "dev",
              "Project": "AccountingCopilot"
            },
            "tags_all": {
              "Environment": "dev",
              "ManagedBy": "Terraform",
              "Project": "AccountingCopilot"
            },
            "timeouts": null,
            "tracing_configuration": [
              {
                "enabled": true
              }
            ],
            "type": "STANDARD",
            "version_description": null
          },
          "sensitive_attributes": [],
          "identity_schema_version": 0,
          "private": "eyJlMmJmYjczMC1lY2FhLTExZTYtOGY4OC0zNDM2M2JjN2M0YzAiOnsiY3JlYXRlIjozMDAwMDAwMDAwMDAsImRlbGV0ZSI6MzAwMDAwMDAwMDAwLCJ1cGRhdGUiOjYwMDAwMDAwMDAwfX0=",
          "dependencies": [
            "aws_cloudwatch_log_group.step_functions",
            "aws_iam_role.step_functions",
            "aws_sns_topic.ocr_failures",
            "aws_sns_topic.pending_approvals"
          ]
        }
      ]
    },
    {
      "mode": "managed",
      "type": "aws_sns_topic",
      "name": "approval_reminders",
      "provider": "provider[\"registry.terraform.io/hashicorp/aws\"]",
      "instances": [
        {
          "schema_version": 0,
          "attributes": {
            "application_failure_feedback_role_arn": "",
            "application_success_feedback_role_arn": "",
            "application_success_feedback_sample_rate": 0,
            "archive_policy": "",
            "arn": "arn:aws:sns:eu-west-1:280250685594:accounting-copilot-approval-reminders",
            "beginning_archive_time": "",
            "content_based_deduplication": false,
            "delivery_policy": "",
            "display_name": "Accounting Copilot - Approval Reminders",
            "fifo_throughput_scope": "",
            "fifo_topic": false,
            "firehose_failure_feedback_role_arn": "",
            "firehose_success_feedback_role_arn": "",
            "firehose_success_feedback_sample_rate": 0,
            "http_failure_feedback_role_arn": "",
            "http_success_feedback_role_arn": "",
            "http_success_feedback_sample_rate": 0,
            "id": "arn:aws:sns:eu-west-1:280250685594:accounting-copilot-approval-reminders",
            "kms_master_key_id": "alias/aws/sns",
            "lambda_failure_feedback_role_arn": "",
            "lambda_success_feedback_role_arn": "",
            "lambda_success_feedback_sample_rate": 0,
            "name": "accounting-copilot-approval-reminders",
            "name_prefix": "",
            "owner": "280250685594",
            "policy": "{\"Id\":\"__default_policy_ID\",\"Statement\":[{\"Action\":[\"SNS:GetTopicAttributes\",\"SNS:SetTopicAttributes\",\"SNS:AddPermission\",\"SNS:RemovePermission\",\"SNS:DeleteTopic\",\"SNS:Subscribe\",\"SNS:ListSubscriptionsByTopic\",\"SNS:Publish\"],\"Condition\":{\"StringEquals\":{\"AWS:SourceOwner\":\"280250685594\"}},\"Effect\":\"Allow\",\"Principal\":{\"AWS\":\"*\"},\"Resource\":\"arn:aws:sns:eu-west-1:280250685594:accounting-copilot-approval-reminders\",\"Sid\":\"__default_statement_ID\"}],\"Version\":\"2008-10-17\"}",
            "signature_version": 0,
            "sqs_failure_feedback_role_arn": "",
            "sqs_success_feedback_role_arn": "",
            "sqs_success_feedback_sample_rate": 0,
            "tags": {
              "Environment": "dev",
              "Project": "AccountingCopilot"
            },
            "tags_all": {
              "Environment": "dev",
              "ManagedBy": "Terraform",
              "Project": "AccountingCopilot"
            },
            "tracing_config": ""
          },
          "sensitive_attributes": [],
          "identity_schema_version": 0,
          "private": "bnVsbA=="
        }
      ]
    },
    {
      "mode": "managed",
      "type": "aws_sns_topic",
      "name": "ocr_failures",
      "provider": "provider[\"registry.terraform.io/hashicorp/aws\"]",
      "instances": [
        {
          "schema_version": 0,
          "attributes": {
            "application_failure_feedback_role_arn": "",
            "application_success_feedback_role_arn": "",
            "application_success_feedback_sample_rate": 0,
            "archive_policy": "",
            "arn": "arn:aws:sns:eu-west-1:280250685594:accounting-copilot-ocr-failures",
            "beginning_archive_time": "",
            "content_based_deduplication": false,
            "delivery_policy": "",
            "display_name": "Accounting Copilot - OCR Failures",
            "fifo_throughput_scope": "",
            "fifo_topic": false,
            "firehose_failure_feedback_role_arn": "",
            "firehose_success_feedback_role_arn": "",
            "firehose_success_feedback_sample_rate": 0,
            "http_failure_feedback_role_arn": "",
            "http_success_feedback_role_arn": "",
            "http_success_feedback_sample_rate": 0,
            "id": "arn:aws:sns:eu-west-1:280250685594:accounting-copilot-ocr-failures",
            "kms_master_key_id": "alias/aws/sns",
            "lambda_failure_feedback_role_arn": "",
            "lambda_success_feedback_role_arn": "",
            "lambda_success_feedback_sample_rate": 0,
            "name": "accounting-copilot-ocr-failures",
            "name_prefix": "",
            "owner": "280250685594",
            "policy": "{\"Id\":\"__default_policy_ID\",\"Statement\":[{\"Action\":[\"SNS:GetTopicAttributes\",\"SNS:SetTopicAttributes\",\"SNS:AddPermission\",\"SNS:RemovePermission\",\"SNS:DeleteTopic\",\"SNS:Subscribe\",\"SNS:ListSubscriptionsByTopic\",\"SNS:Publish\"],\"Condition\":{\"StringEquals\":{\"AWS:SourceOwner\":\"280250685594\"}},\"Effect\":\"Allow\",\"Principal\":{\"AWS\":\"*\"},\"Resource\":\"arn:aws:sns:eu-west-1:280250685594:accounting-copilot-ocr-failures\",\"Sid\":\"__default_statement_ID\"}],\"Version\":\"2008-10-17\"}",
            "signature_version": 0,
            "sqs_failure_feedback_role_arn": "",
            "sqs_success_feedback_role_arn": "",
            "sqs_success_feedback_sample_rate": 0,
            "tags": {
              "Environment": "dev",
              "Project": "AccountingCopilot"
            },
            "tags_all": {
              "Environment": "dev",
              "ManagedBy": "Terraform",
              "Project": "AccountingCopilot"
            },
            "tracing_config": ""
          },
          "sensitive_attributes": [],
          "identity_schema_version": 0,
          "private": "bnVsbA=="
        }
      ]
    },
    {
      "mode": "managed",
      "type": "aws_sns_topic",
      "name": "pending_approvals",
      "provider": "provider[\"registry.terraform.io/hashicorp/aws\"]",
      "instances": [
        {
          "schema_version": 0,
          "attributes": {
            "application_failure_feedback_role_arn": "",
            "application_success_feedback_role_arn": "",
            "application_success_feedback_sample_rate": 0,
            "archive_policy": "",
            "arn": "arn:aws:sns:eu-west-1:280250685594:accounting-copilot-pending-approvals",
            "beginning_archive_time": "",
            "content_based_deduplication": false,
            "delivery_policy": "",
            "display_name": "Accounting Copilot - Pending Approvals",
            "fifo_throughput_scope": "",
            "fifo_topic": false,
            "firehose_failure_feedback_role_arn": "",
            "firehose_success_feedback_role_arn": "",
            "firehose_success_feedback_sample_rate": 0,
            "http_failure_feedback_role_arn": "",
            "http_success_feedback_role_arn": "",
            "http_success_feedback_sample_rate": 0,
            "id": "arn:aws:sns:eu-west-1:280250685594:accounting-copilot-pending-approvals",
            "kms_master_key_id": "alias/aws/sns",
            "lambda_failure_feedback_role_arn": "",
            "lambda_success_feedback_role_arn": "",
            "lambda_success_feedback_sample_rate": 0,
            "name": "accounting-copilot-pending-approvals",
            "name_prefix": "",
            "owner": "280250685594",
            "policy": "{\"Id\":\"__default_policy_ID\",\"Statement\":[{\"Action\":[\"SNS:GetTopicAttributes\",\"SNS:SetTopicAttributes\",\"SNS:AddPermission\",\"SNS:RemovePermission\",\"SNS:DeleteTopic\",\"SNS:Subscribe\",\"SNS:ListSubscriptionsByTopic\",\"SNS:Publish\"],\"Condition\":{\"StringEquals\":{\"AWS:SourceOwner\":\"280250685594\"}},\"Effect\":\"Allow\",\"Principal\":{\"AWS\":\"*\"},\"Resource\":\"arn:aws:sns:eu-west-1:280250685594:accounting-copilot-pending-approvals\",\"Sid\":\"__default_statement_ID\"}],\"Version\":\"2008-10-17\"}",
            "signature_version": 0,
            "sqs_failure_feedback_role_arn": "",
            "sqs_success_feedback_role_arn": "",
            "sqs_success_feedback_sample_rate": 0,
            "tags": {
              "Environment": "dev",
              "Project": "AccountingCopilot"
            },
            "tags_all": {
              "Environment": "dev",
              "ManagedBy": "Terraform",
              "Project": "AccountingCopilot"
            },
            "tracing_config": ""
          },
          "sensitive_attributes": [],
          "identity_schema_version": 0,
          "private": "bnVsbA==",
          "create_before_destroy": true
        }
      ]
    },
    {
      "mode": "managed",
      "type": "aws_sns_topic",
      "name": "unmatched_transactions",
      "provider": "provider[\"registry.terraform.io/hashicorp/aws\"]",
      "instances": [
        {
          "schema_version": 0,
          "attributes": {
            "application_failure_feedback_role_arn": "",
            "application_success_feedback_role_arn": "",
            "application_success_feedback_sample_rate": 0,
            "archive_policy": "",
            "arn": "arn:aws:sns:eu-west-1:280250685594:accounting-copilot-unmatched-transactions",
            "beginning_archive_time": "",
            "content_based_deduplication": false,
            "delivery_policy": "",
            "display_name": "Accounting Copilot - Unmatched Transactions",
            "fifo_throughput_scope": "",
            "fifo_topic": false,
            "firehose_failure_feedback_role_arn": "",
            "firehose_success_feedback_role_arn": "",
            "firehose_success_feedback_sample_rate": 0,
            "http_failure_feedback_role_arn": "",
            "http_success_feedback_role_arn": "",
            "http_success_feedback_sample_rate": 0,
            "id": "arn:aws:sns:eu-west-1:280250685594:accounting-copilot-unmatched-transactions",
            "kms_master_key_id": "alias/aws/sns",
            "lambda_failure_feedback_role_arn": "",
            "lambda_success_feedback_role_arn": "",
            "lambda_success_feedback_sample_rate": 0,
            "name": "accounting-copilot-unmatched-transactions",
            "name_prefix": "",
            "owner": "280250685594",
            "policy": "{\"Id\":\"__default_policy_ID\",\"Statement\":[{\"Action\":[\"SNS:GetTopicAttributes\",\"SNS:SetTopicAttributes\",\"SNS:AddPermission\",\"SNS:RemovePermission\",\"SNS:DeleteTopic\",\"SNS:Subscribe\",\"SNS:ListSubscriptionsByTopic\",\"SNS:Publish\"],\"Condition\":{\"StringEquals\":{\"AWS:SourceOwner\":\"280250685594\"}},\"Effect\":\"Allow\",\"Principal\":{\"AWS\":\"*\"},\"Resource\":\"arn:aws:sns:eu-west-1:280250685594:accounting-copilot-unmatched-transactions\",\"Sid\":\"__default_statement_ID\"}],\"Version\":\"2008-10-17\"}",
            "signature_version": 0,
            "sqs_failure_feedback_role_arn": "",
            "sqs_success_feedback_role_arn": "",
            "sqs_success_feedback_sample_rate": 0,
            "tags": {
              "Environment": "dev",
              "Project": "AccountingCopilot"
            },
            "tags_all": {
              "Environment": "dev",
              "ManagedBy": "Terraform",
              "Project": "AccountingCopilot"
            },
            "tracing_config": ""
          },
          "sensitive_attributes": [],
          "identity_schema_version": 0,
          "private": "bnVsbA=="
        }
      ]
    }
  ],
  "check_results": null
}
